// !$*UTF8*$!
{
	archiveVersion = 1;
	classes = {
	};
	objectVersion = 54;
	objects = {

/* Begin PBXBuildFile section */
		D45E3CF6230C0E6B005BD885 /* FTNovelReaderMockBundle.bundle in Resources */ = {isa = PBXBuildFile; fileRef = DE81824C2084F8F6001316E5 /* FTNovelReaderMockBundle.bundle */; };
		D46B0A772CCCA72800329C3E /* AppTheming in Frameworks */ = {isa = PBXBuildFile; productRef = D46B0A762CCCA72800329C3E /* AppTheming */; };
		D46B0A792CCCA72800329C3E /* CoreComponents in Frameworks */ = {isa = PBXBuildFile; productRef = D46B0A782CCCA72800329C3E /* CoreComponents */; };
		D46B0A7B2CCCA72800329C3E /* CoreUtility in Frameworks */ = {isa = PBXBuildFile; productRef = D46B0A7A2CCCA72800329C3E /* CoreUtility */; };
		D46B0A7D2CCCA72800329C3E /* MobileTheming in Frameworks */ = {isa = PBXBuildFile; productRef = D46B0A7C2CCCA72800329C3E /* MobileTheming */; };
		D46B0A7F2CCCA72800329C3E /* NetworkLayer in Frameworks */ = {isa = PBXBuildFile; productRef = D46B0A7E2CCCA72800329C3E /* NetworkLayer */; };
		D49A63502CBB501F009684C9 /* AppTheming in Frameworks */ = {isa = PBXBuildFile; productRef = D49A634F2CBB501F009684C9 /* AppTheming */; };
		D49A63522CBB501F009684C9 /* CoreComponents in Frameworks */ = {isa = PBXBuildFile; productRef = D49A63512CBB501F009684C9 /* CoreComponents */; };
		D49A63542CBB501F009684C9 /* CoreUtility in Frameworks */ = {isa = PBXBuildFile; productRef = D49A63532CBB501F009684C9 /* CoreUtility */; };
		D49A63562CBB501F009684C9 /* NetworkLayer in Frameworks */ = {isa = PBXBuildFile; productRef = D49A63552CBB501F009684C9 /* NetworkLayer */; };
		D4E050602CCB31E70028D1CE /* MobileTheme in Frameworks */ = {isa = PBXBuildFile; productRef = D4E0505F2CCB31E70028D1CE /* MobileTheme */; };
		DE0173BD216148B7007F5546 /* CollectionViewController+Utility.swift in Sources */ = {isa = PBXBuildFile; fileRef = DE0173BC216148B7007F5546 /* CollectionViewController+Utility.swift */; };
		DE19ADC9217F80C400F58321 /* fetchChapter.json in Resources */ = {isa = PBXBuildFile; fileRef = DE19ADC7217F80C400F58321 /* fetchChapter.json */; };
		DE19ADCA217F80C400F58321 /* fetchNovelChapters.json in Resources */ = {isa = PBXBuildFile; fileRef = DE19ADC8217F80C400F58321 /* fetchNovelChapters.json */; };
		DE19ADCC217F837800F58321 /* SelectionCollectionViewCell.swift in Sources */ = {isa = PBXBuildFile; fileRef = DE19ADCB217F837800F58321 /* SelectionCollectionViewCell.swift */; };
		DE19ADCF217F864500F58321 /* SelectionCollectionViewCell.xib in Resources */ = {isa = PBXBuildFile; fileRef = DE19ADCE217F864500F58321 /* SelectionCollectionViewCell.xib */; };
		DE28567C20946CC2003153C6 /* fetchNovelList.json in Resources */ = {isa = PBXBuildFile; fileRef = DE28567B20946CC2003153C6 /* fetchNovelList.json */; };
		DE383478217253B100DD4B27 /* SearchBarHeaderView.swift in Sources */ = {isa = PBXBuildFile; fileRef = DE383477217253B100DD4B27 /* SearchBarHeaderView.swift */; };
		DE38347B2172545300DD4B27 /* SegmentCollectionHeaderView.swift in Sources */ = {isa = PBXBuildFile; fileRef = DE38347A2172545300DD4B27 /* SegmentCollectionHeaderView.swift */; };
		DE38347F217265A000DD4B27 /* SearchFilterViewController.swift in Sources */ = {isa = PBXBuildFile; fileRef = DE38347E217265A000DD4B27 /* SearchFilterViewController.swift */; };
		DE3834812172666C00DD4B27 /* ServiceSearchFilter.swift in Sources */ = {isa = PBXBuildFile; fileRef = DE3834802172666C00DD4B27 /* ServiceSearchFilter.swift */; };
		DE383484217266C000DD4B27 /* SearchFilterModel.swift in Sources */ = {isa = PBXBuildFile; fileRef = DE383483217266C000DD4B27 /* SearchFilterModel.swift */; };
		DE4AEA8A26872A4800C873AB /* ScollableSegmentControl.swift in Sources */ = {isa = PBXBuildFile; fileRef = DE4AEA8926872A4800C873AB /* ScollableSegmentControl.swift */; };
		DE4AEA992687AF9100C873AB /* NovelDetailsView.swift in Sources */ = {isa = PBXBuildFile; fileRef = DE4AEA972687AF9100C873AB /* NovelDetailsView.swift */; };
		DE4AEA9A2687AF9100C873AB /* NovelDetailsView.xib in Resources */ = {isa = PBXBuildFile; fileRef = DE4AEA982687AF9100C873AB /* NovelDetailsView.xib */; };
		DE4EBE662067B6F5008AC70B /* ServiceNovelList.swift in Sources */ = {isa = PBXBuildFile; fileRef = DE4EBE652067B6F5008AC70B /* ServiceNovelList.swift */; };
		DE4FAC9B21635B18006EF94B /* NovelCollectionViewModel.swift in Sources */ = {isa = PBXBuildFile; fileRef = DE4FAC9A21635B18006EF94B /* NovelCollectionViewModel.swift */; };
		DE5082322167D21400F3B26F /* ServiceSearchNovel.swift in Sources */ = {isa = PBXBuildFile; fileRef = DE5082312167D21400F3B26F /* ServiceSearchNovel.swift */; };
		DE6FEFD9259396C70041C8A2 /* View+Utility.swift in Sources */ = {isa = PBXBuildFile; fileRef = DE6FEFD8259396C70041C8A2 /* View+Utility.swift */; };
		DE818246208356BA001316E5 /* ServiceRecentUpdatesList.swift in Sources */ = {isa = PBXBuildFile; fileRef = DE818242208356BA001316E5 /* ServiceRecentUpdatesList.swift */; };
		DE8182592085020A001316E5 /* fetchRecentUpdatesList.json in Resources */ = {isa = PBXBuildFile; fileRef = DE8182562085020A001316E5 /* fetchRecentUpdatesList.json */; };
		DE84280A20558FE8006605C0 /* NovelModel.swift in Sources */ = {isa = PBXBuildFile; fileRef = DE84280520558FE7006605C0 /* NovelModel.swift */; };
		DE84280C20558FE8006605C0 /* NovelChapterModel.swift in Sources */ = {isa = PBXBuildFile; fileRef = DE84280620558FE7006605C0 /* NovelChapterModel.swift */; };
		DE88E7282180C2D7009433B8 /* SectionHeaderView.swift in Sources */ = {isa = PBXBuildFile; fileRef = DE88E7272180C2D7009433B8 /* SectionHeaderView.swift */; };
		DE88E72B2180C549009433B8 /* SectionHeaderView.xib in Resources */ = {isa = PBXBuildFile; fileRef = DE88E72A2180C549009433B8 /* SectionHeaderView.xib */; };
		DEA13C94217CBF5500C572E1 /* searchFilter.json in Resources */ = {isa = PBXBuildFile; fileRef = DEA13C93217CBF5500C572E1 /* searchFilter.json */; };
		DEA7E1441F496BAB0002C148 /* AppDelegate.swift in Sources */ = {isa = PBXBuildFile; fileRef = DEA7E1431F496BAB0002C148 /* AppDelegate.swift */; };
		DEA7E1501F496BAB0002C148 /* LaunchScreen.storyboard in Resources */ = {isa = PBXBuildFile; fileRef = DEA7E14E1F496BAB0002C148 /* LaunchScreen.storyboard */; };
		DEA7E1A31F497B5D0002C148 /* ViewController+Extension.swift in Sources */ = {isa = PBXBuildFile; fileRef = DEA7E1A01F497B5D0002C148 /* ViewController+Extension.swift */; };
		DEA7E1A41F497B5D0002C148 /* TabBarViewController.swift in Sources */ = {isa = PBXBuildFile; fileRef = DEA7E1A11F497B5D0002C148 /* TabBarViewController.swift */; };
		DEA7E1B11F4996A90002C148 /* NovelServiceProvider.swift in Sources */ = {isa = PBXBuildFile; fileRef = DEA7E1B01F4996A90002C148 /* NovelServiceProvider.swift */; };
		DEA7E1B71F49A67F0002C148 /* AppManager.swift in Sources */ = {isa = PBXBuildFile; fileRef = DEA7E1B61F49A67F0002C148 /* AppManager.swift */; };
		DEAD341F2058263C0064C46A /* Themes.json in Resources */ = {isa = PBXBuildFile; fileRef = DEAD34162058263C0064C46A /* Themes.json */; };
		DEAD3422205826660064C46A /* Bindings in Resources */ = {isa = PBXBuildFile; fileRef = DEAD3421205826660064C46A /* Bindings */; };
		DEBC650620970CB50057F649 /* ConfigureNovelCellProtocol.swift in Sources */ = {isa = PBXBuildFile; fileRef = DEBC650520970CB50057F649 /* ConfigureNovelCellProtocol.swift */; };
		DEBC65142097601A0057F649 /* Main.storyboard in Resources */ = {isa = PBXBuildFile; fileRef = DEBC65132097601A0057F649 /* Main.storyboard */; };
		DEBC6532209764790057F649 /* NovelReader.storyboard in Resources */ = {isa = PBXBuildFile; fileRef = DEBC6520209764790057F649 /* NovelReader.storyboard */; };
		DEBC6534209764790057F649 /* ReaderViewController.swift in Sources */ = {isa = PBXBuildFile; fileRef = DEBC6521209764790057F649 /* ReaderViewController.swift */; };
		DEBC6536209764790057F649 /* NovelCollectionViewController.swift in Sources */ = {isa = PBXBuildFile; fileRef = DEBC6522209764790057F649 /* NovelCollectionViewController.swift */; };
		DEBC6538209764790057F649 /* NovelCollectionViewCell.xib in Resources */ = {isa = PBXBuildFile; fileRef = DEBC6524209764790057F649 /* NovelCollectionViewCell.xib */; };
		DEBC653A209764790057F649 /* RecentNovelCollectionViewCell.xib in Resources */ = {isa = PBXBuildFile; fileRef = DEBC6525209764790057F649 /* RecentNovelCollectionViewCell.xib */; };
		DEBC6540209764790057F649 /* NovelDescriptionView.swift in Sources */ = {isa = PBXBuildFile; fileRef = DEBC6528209764790057F649 /* NovelDescriptionView.swift */; };
		DEBC6542209764790057F649 /* NovelDescriptionView.xib in Resources */ = {isa = PBXBuildFile; fileRef = DEBC6529209764790057F649 /* NovelDescriptionView.xib */; };
		DEBC6544209764790057F649 /* NovelChapterViewCell.swift in Sources */ = {isa = PBXBuildFile; fileRef = DEBC652A209764790057F649 /* NovelChapterViewCell.swift */; };
		DEBC6546209764790057F649 /* NovelCollectionViewCell.swift in Sources */ = {isa = PBXBuildFile; fileRef = DEBC652B209764790057F649 /* NovelCollectionViewCell.swift */; };
		DEBC654A209764790057F649 /* NovelChapterViewCell.xib in Resources */ = {isa = PBXBuildFile; fileRef = DEBC652D209764790057F649 /* NovelChapterViewCell.xib */; };
		DEBC654C209764790057F649 /* RecentNovelCollectionViewCell.swift in Sources */ = {isa = PBXBuildFile; fileRef = DEBC652E209764790057F649 /* RecentNovelCollectionViewCell.swift */; };
		DEBC654E209764790057F649 /* ChapterListViewController.swift in Sources */ = {isa = PBXBuildFile; fileRef = DEBC652F209764790057F649 /* ChapterListViewController.swift */; };
		DEBC6550209764790057F649 /* SearchStoryboard.storyboard in Resources */ = {isa = PBXBuildFile; fileRef = DEBC6531209764790057F649 /* SearchStoryboard.storyboard */; };
		DEBC65552097661F0057F649 /* SearchCollectionViewController.swift in Sources */ = {isa = PBXBuildFile; fileRef = DEBC65542097661F0057F649 /* SearchCollectionViewController.swift */; };
		DEC1D76E268C108300F452E1 /* DataSourceManager.swift in Sources */ = {isa = PBXBuildFile; fileRef = DEC1D76D268C108300F452E1 /* DataSourceManager.swift */; };
		DED7171126AB1F2C0098D16E /* FontPickerView.swift in Sources */ = {isa = PBXBuildFile; fileRef = DED7170E26AB1F2C0098D16E /* FontPickerView.swift */; };
		DED7171226AB1F2C0098D16E /* FontPickerViewController.swift in Sources */ = {isa = PBXBuildFile; fileRef = DED7170F26AB1F2C0098D16E /* FontPickerViewController.swift */; };
		DED7171326AB1F2C0098D16E /* FontPickerView.xib in Resources */ = {isa = PBXBuildFile; fileRef = DED7171026AB1F2C0098D16E /* FontPickerView.xib */; };
		DED79A00217DD6740021116A /* SearchFilterViewModel.swift in Sources */ = {isa = PBXBuildFile; fileRef = DED799FF217DD6740021116A /* SearchFilterViewModel.swift */; };
		DED97546259639D900B0EE72 /* AppManagerTests.swift in Sources */ = {isa = PBXBuildFile; fileRef = DED97545259639D900B0EE72 /* AppManagerTests.swift */; };
		DEDC0A2F2068BCC80013D84F /* NovelServiceRules.plist in Resources */ = {isa = PBXBuildFile; fileRef = DEDC0A2E2068BCC80013D84F /* NovelServiceRules.plist */; };
		DEDE27222069522300E4C992 /* NRRules_defaults.swift in Sources */ = {isa = PBXBuildFile; fileRef = DEDE271C2069522300E4C992 /* NRRules_defaults.swift */; };
		DEE935132094CDA000B10398 /* Assets.xcassets in Resources */ = {isa = PBXBuildFile; fileRef = DEE935122094CDA000B10398 /* Assets.xcassets */; };
		DEE9351620959E1D00B10398 /* ServiceNovelChapter.swift in Sources */ = {isa = PBXBuildFile; fileRef = DEE9351520959E1C00B10398 /* ServiceNovelChapter.swift */; };
		DEF2411C215E6DE400F7B0C6 /* Constants.swift in Sources */ = {isa = PBXBuildFile; fileRef = DEF2411B215E6DE400F7B0C6 /* Constants.swift */; };
		DEF76490208341DD00E6F614 /* ServiceNovelChapters.swift in Sources */ = {isa = PBXBuildFile; fileRef = DEF7648C208341DD00E6F614 /* ServiceNovelChapters.swift */; };
		DEF8D593206783B5001AFEC2 /* NovelListModel.swift in Sources */ = {isa = PBXBuildFile; fileRef = DEF8D58E20678310001AFEC2 /* NovelListModel.swift */; };
		DEFB28302171FEBB00B0E06B /* SearchNovelModel.swift in Sources */ = {isa = PBXBuildFile; fileRef = DEFB282F2171FEBB00B0E06B /* SearchNovelModel.swift */; };
		DEFB28362171FF6C00B0E06B /* SearchCollectionViewModel.swift in Sources */ = {isa = PBXBuildFile; fileRef = DEFB28352171FF6C00B0E06B /* SearchCollectionViewModel.swift */; };
/* End PBXBuildFile section */

/* Begin PBXContainerItemProxy section */
		D45E3CF4230C0E64005BD885 /* PBXContainerItemProxy */ = {
			isa = PBXContainerItemProxy;
			containerPortal = DEA7E1381F496BAB0002C148 /* Project object */;
			proxyType = 1;
			remoteGlobalIDString = DE81824B2084F8F6001316E5;
			remoteInfo = FTNovelReaderMockBundle;
		};
		DED97548259639D900B0EE72 /* PBXContainerItemProxy */ = {
			isa = PBXContainerItemProxy;
			containerPortal = DEA7E1381F496BAB0002C148 /* Project object */;
			proxyType = 1;
			remoteGlobalIDString = DEA7E13F1F496BAB0002C148;
			remoteInfo = NovelReader;
		};
/* End PBXContainerItemProxy section */

/* Begin PBXCopyFilesBuildPhase section */
		DEA7E19B1F4970400002C148 /* Embed Frameworks */ = {
			isa = PBXCopyFilesBuildPhase;
			buildActionMask = 8;
			dstPath = "";
			dstSubfolderSpec = 10;
			files = (
			);
			name = "Embed Frameworks";
			runOnlyForDeploymentPostprocessing = 1;
		};
/* End PBXCopyFilesBuildPhase section */

/* Begin PBXFileReference section */
		DE0173BC216148B7007F5546 /* CollectionViewController+Utility.swift */ = {isa = PBXFileReference; lastKnownFileType = sourcecode.swift; path = "CollectionViewController+Utility.swift"; sourceTree = "<group>"; };
		DE19ADC7217F80C400F58321 /* fetchChapter.json */ = {isa = PBXFileReference; fileEncoding = 4; lastKnownFileType = text.json; path = fetchChapter.json; sourceTree = "<group>"; };
		DE19ADC8217F80C400F58321 /* fetchNovelChapters.json */ = {isa = PBXFileReference; fileEncoding = 4; lastKnownFileType = text.json; path = fetchNovelChapters.json; sourceTree = "<group>"; };
		DE19ADCB217F837800F58321 /* SelectionCollectionViewCell.swift */ = {isa = PBXFileReference; lastKnownFileType = sourcecode.swift; path = SelectionCollectionViewCell.swift; sourceTree = "<group>"; };
		DE19ADCE217F864500F58321 /* SelectionCollectionViewCell.xib */ = {isa = PBXFileReference; lastKnownFileType = file.xib; path = SelectionCollectionViewCell.xib; sourceTree = "<group>"; };
		DE28567B20946CC2003153C6 /* fetchNovelList.json */ = {isa = PBXFileReference; fileEncoding = 4; lastKnownFileType = text.json; path = fetchNovelList.json; sourceTree = "<group>"; };
		DE383477217253B100DD4B27 /* SearchBarHeaderView.swift */ = {isa = PBXFileReference; lastKnownFileType = sourcecode.swift; path = SearchBarHeaderView.swift; sourceTree = "<group>"; };
		DE38347A2172545300DD4B27 /* SegmentCollectionHeaderView.swift */ = {isa = PBXFileReference; lastKnownFileType = sourcecode.swift; path = SegmentCollectionHeaderView.swift; sourceTree = "<group>"; };
		DE38347E217265A000DD4B27 /* SearchFilterViewController.swift */ = {isa = PBXFileReference; lastKnownFileType = sourcecode.swift; path = SearchFilterViewController.swift; sourceTree = "<group>"; };
		DE3834802172666C00DD4B27 /* ServiceSearchFilter.swift */ = {isa = PBXFileReference; lastKnownFileType = sourcecode.swift; path = ServiceSearchFilter.swift; sourceTree = "<group>"; };
		DE383483217266C000DD4B27 /* SearchFilterModel.swift */ = {isa = PBXFileReference; lastKnownFileType = sourcecode.swift; path = SearchFilterModel.swift; sourceTree = "<group>"; };
		DE4AEA8926872A4800C873AB /* ScollableSegmentControl.swift */ = {isa = PBXFileReference; lastKnownFileType = sourcecode.swift; path = ScollableSegmentControl.swift; sourceTree = "<group>"; };
		DE4AEA972687AF9100C873AB /* NovelDetailsView.swift */ = {isa = PBXFileReference; fileEncoding = 4; lastKnownFileType = sourcecode.swift; path = NovelDetailsView.swift; sourceTree = "<group>"; };
		DE4AEA982687AF9100C873AB /* NovelDetailsView.xib */ = {isa = PBXFileReference; fileEncoding = 4; lastKnownFileType = file.xib; path = NovelDetailsView.xib; sourceTree = "<group>"; };
		DE4EBE652067B6F5008AC70B /* ServiceNovelList.swift */ = {isa = PBXFileReference; fileEncoding = 4; lastKnownFileType = sourcecode.swift; path = ServiceNovelList.swift; sourceTree = "<group>"; };
		DE4FAC9A21635B18006EF94B /* NovelCollectionViewModel.swift */ = {isa = PBXFileReference; lastKnownFileType = sourcecode.swift; path = NovelCollectionViewModel.swift; sourceTree = "<group>"; };
		DE5082312167D21400F3B26F /* ServiceSearchNovel.swift */ = {isa = PBXFileReference; lastKnownFileType = sourcecode.swift; path = ServiceSearchNovel.swift; sourceTree = "<group>"; };
		DE6FEFD8259396C70041C8A2 /* View+Utility.swift */ = {isa = PBXFileReference; lastKnownFileType = sourcecode.swift; path = "View+Utility.swift"; sourceTree = "<group>"; };
		DE818242208356BA001316E5 /* ServiceRecentUpdatesList.swift */ = {isa = PBXFileReference; fileEncoding = 4; lastKnownFileType = sourcecode.swift; path = ServiceRecentUpdatesList.swift; sourceTree = "<group>"; };
		DE81824C2084F8F6001316E5 /* FTNovelReaderMockBundle.bundle */ = {isa = PBXFileReference; explicitFileType = wrapper.cfbundle; includeInIndex = 0; path = FTNovelReaderMockBundle.bundle; sourceTree = BUILT_PRODUCTS_DIR; };
		DE81824E2084F8F6001316E5 /* Info.plist */ = {isa = PBXFileReference; lastKnownFileType = text.plist.xml; path = Info.plist; sourceTree = "<group>"; };
		DE8182562085020A001316E5 /* fetchRecentUpdatesList.json */ = {isa = PBXFileReference; fileEncoding = 4; lastKnownFileType = text.json; path = fetchRecentUpdatesList.json; sourceTree = "<group>"; };
		DE84280520558FE7006605C0 /* NovelModel.swift */ = {isa = PBXFileReference; fileEncoding = 4; lastKnownFileType = sourcecode.swift; path = NovelModel.swift; sourceTree = "<group>"; };
		DE84280620558FE7006605C0 /* NovelChapterModel.swift */ = {isa = PBXFileReference; fileEncoding = 4; lastKnownFileType = sourcecode.swift; path = NovelChapterModel.swift; sourceTree = "<group>"; };
		DE88E7272180C2D7009433B8 /* SectionHeaderView.swift */ = {isa = PBXFileReference; lastKnownFileType = sourcecode.swift; path = SectionHeaderView.swift; sourceTree = "<group>"; };
		DE88E72A2180C549009433B8 /* SectionHeaderView.xib */ = {isa = PBXFileReference; lastKnownFileType = file.xib; path = SectionHeaderView.xib; sourceTree = "<group>"; };
		DEA13C93217CBF5500C572E1 /* searchFilter.json */ = {isa = PBXFileReference; lastKnownFileType = text.json; path = searchFilter.json; sourceTree = "<group>"; };
		DEA7E1401F496BAB0002C148 /* NovelReader.app */ = {isa = PBXFileReference; explicitFileType = wrapper.application; includeInIndex = 0; path = NovelReader.app; sourceTree = BUILT_PRODUCTS_DIR; };
		DEA7E1431F496BAB0002C148 /* AppDelegate.swift */ = {isa = PBXFileReference; lastKnownFileType = sourcecode.swift; path = AppDelegate.swift; sourceTree = "<group>"; };
		DEA7E14F1F496BAB0002C148 /* Base */ = {isa = PBXFileReference; lastKnownFileType = file.storyboard; name = Base; path = Base.lproj/LaunchScreen.storyboard; sourceTree = "<group>"; };
		DEA7E1801F496C1C0002C148 /* NovelReader-Bridging-Header.h */ = {isa = PBXFileReference; lastKnownFileType = sourcecode.c.h; path = "NovelReader-Bridging-Header.h"; sourceTree = "<group>"; };
		DEA7E1A01F497B5D0002C148 /* ViewController+Extension.swift */ = {isa = PBXFileReference; fileEncoding = 4; lastKnownFileType = sourcecode.swift; path = "ViewController+Extension.swift"; sourceTree = "<group>"; };
		DEA7E1A11F497B5D0002C148 /* TabBarViewController.swift */ = {isa = PBXFileReference; fileEncoding = 4; lastKnownFileType = sourcecode.swift; path = TabBarViewController.swift; sourceTree = "<group>"; };
		DEA7E1B01F4996A90002C148 /* NovelServiceProvider.swift */ = {isa = PBXFileReference; fileEncoding = 4; lastKnownFileType = sourcecode.swift; path = NovelServiceProvider.swift; sourceTree = "<group>"; };
		DEA7E1B61F49A67F0002C148 /* AppManager.swift */ = {isa = PBXFileReference; fileEncoding = 4; lastKnownFileType = sourcecode.swift; path = AppManager.swift; sourceTree = "<group>"; };
		DEAD34162058263C0064C46A /* Themes.json */ = {isa = PBXFileReference; fileEncoding = 4; lastKnownFileType = text.json; path = Themes.json; sourceTree = "<group>"; };
		DEAD3421205826660064C46A /* Bindings */ = {isa = PBXFileReference; lastKnownFileType = folder; path = Bindings; sourceTree = "<group>"; };
		DEBC650520970CB50057F649 /* ConfigureNovelCellProtocol.swift */ = {isa = PBXFileReference; lastKnownFileType = sourcecode.swift; path = ConfigureNovelCellProtocol.swift; sourceTree = "<group>"; };
		DEBC650D20970E1E0057F649 /* NRGoogleAuth.swift */ = {isa = PBXFileReference; lastKnownFileType = sourcecode.swift; path = NRGoogleAuth.swift; sourceTree = "<group>"; };
		DEBC65132097601A0057F649 /* Main.storyboard */ = {isa = PBXFileReference; lastKnownFileType = file.storyboard; path = Main.storyboard; sourceTree = "<group>"; };
		DEBC6520209764790057F649 /* NovelReader.storyboard */ = {isa = PBXFileReference; fileEncoding = 4; lastKnownFileType = file.storyboard; path = NovelReader.storyboard; sourceTree = "<group>"; };
		DEBC6521209764790057F649 /* ReaderViewController.swift */ = {isa = PBXFileReference; fileEncoding = 4; lastKnownFileType = sourcecode.swift; path = ReaderViewController.swift; sourceTree = "<group>"; };
		DEBC6522209764790057F649 /* NovelCollectionViewController.swift */ = {isa = PBXFileReference; fileEncoding = 4; lastKnownFileType = sourcecode.swift; path = NovelCollectionViewController.swift; sourceTree = "<group>"; };
		DEBC6524209764790057F649 /* NovelCollectionViewCell.xib */ = {isa = PBXFileReference; fileEncoding = 4; lastKnownFileType = file.xib; path = NovelCollectionViewCell.xib; sourceTree = "<group>"; };
		DEBC6525209764790057F649 /* RecentNovelCollectionViewCell.xib */ = {isa = PBXFileReference; fileEncoding = 4; lastKnownFileType = file.xib; path = RecentNovelCollectionViewCell.xib; sourceTree = "<group>"; };
		DEBC6528209764790057F649 /* NovelDescriptionView.swift */ = {isa = PBXFileReference; fileEncoding = 4; lastKnownFileType = sourcecode.swift; path = NovelDescriptionView.swift; sourceTree = "<group>"; };
		DEBC6529209764790057F649 /* NovelDescriptionView.xib */ = {isa = PBXFileReference; fileEncoding = 4; lastKnownFileType = file.xib; path = NovelDescriptionView.xib; sourceTree = "<group>"; };
		DEBC652A209764790057F649 /* NovelChapterViewCell.swift */ = {isa = PBXFileReference; fileEncoding = 4; lastKnownFileType = sourcecode.swift; path = NovelChapterViewCell.swift; sourceTree = "<group>"; };
		DEBC652B209764790057F649 /* NovelCollectionViewCell.swift */ = {isa = PBXFileReference; fileEncoding = 4; lastKnownFileType = sourcecode.swift; path = NovelCollectionViewCell.swift; sourceTree = "<group>"; };
		DEBC652D209764790057F649 /* NovelChapterViewCell.xib */ = {isa = PBXFileReference; fileEncoding = 4; lastKnownFileType = file.xib; path = NovelChapterViewCell.xib; sourceTree = "<group>"; };
		DEBC652E209764790057F649 /* RecentNovelCollectionViewCell.swift */ = {isa = PBXFileReference; fileEncoding = 4; lastKnownFileType = sourcecode.swift; path = RecentNovelCollectionViewCell.swift; sourceTree = "<group>"; };
		DEBC652F209764790057F649 /* ChapterListViewController.swift */ = {isa = PBXFileReference; fileEncoding = 4; lastKnownFileType = sourcecode.swift; path = ChapterListViewController.swift; sourceTree = "<group>"; };
		DEBC6531209764790057F649 /* SearchStoryboard.storyboard */ = {isa = PBXFileReference; fileEncoding = 4; lastKnownFileType = file.storyboard; path = SearchStoryboard.storyboard; sourceTree = "<group>"; };
		DEBC65532097649B0057F649 /* Info.plist */ = {isa = PBXFileReference; lastKnownFileType = text.plist.xml; path = Info.plist; sourceTree = "<group>"; };
		DEBC65542097661F0057F649 /* SearchCollectionViewController.swift */ = {isa = PBXFileReference; lastKnownFileType = sourcecode.swift; path = SearchCollectionViewController.swift; sourceTree = "<group>"; };
		DEC1D76D268C108300F452E1 /* DataSourceManager.swift */ = {isa = PBXFileReference; lastKnownFileType = sourcecode.swift; path = DataSourceManager.swift; sourceTree = "<group>"; };
		DED7170E26AB1F2C0098D16E /* FontPickerView.swift */ = {isa = PBXFileReference; fileEncoding = 4; lastKnownFileType = sourcecode.swift; path = FontPickerView.swift; sourceTree = "<group>"; };
		DED7170F26AB1F2C0098D16E /* FontPickerViewController.swift */ = {isa = PBXFileReference; fileEncoding = 4; lastKnownFileType = sourcecode.swift; path = FontPickerViewController.swift; sourceTree = "<group>"; };
		DED7171026AB1F2C0098D16E /* FontPickerView.xib */ = {isa = PBXFileReference; fileEncoding = 4; lastKnownFileType = file.xib; path = FontPickerView.xib; sourceTree = "<group>"; };
		DED799FF217DD6740021116A /* SearchFilterViewModel.swift */ = {isa = PBXFileReference; lastKnownFileType = sourcecode.swift; path = SearchFilterViewModel.swift; sourceTree = "<group>"; };
		DED97543259639D900B0EE72 /* NovelReaderTests.xctest */ = {isa = PBXFileReference; explicitFileType = wrapper.cfbundle; includeInIndex = 0; path = NovelReaderTests.xctest; sourceTree = BUILT_PRODUCTS_DIR; };
		DED97545259639D900B0EE72 /* AppManagerTests.swift */ = {isa = PBXFileReference; lastKnownFileType = sourcecode.swift; path = AppManagerTests.swift; sourceTree = "<group>"; };
		DED97547259639D900B0EE72 /* Info.plist */ = {isa = PBXFileReference; lastKnownFileType = text.plist.xml; path = Info.plist; sourceTree = "<group>"; };
		DED9756525963C9600B0EE72 /* NovelReader.entitlements */ = {isa = PBXFileReference; lastKnownFileType = text.plist.entitlements; path = NovelReader.entitlements; sourceTree = "<group>"; };
		DEDC0A2E2068BCC80013D84F /* NovelServiceRules.plist */ = {isa = PBXFileReference; lastKnownFileType = text.plist.xml; path = NovelServiceRules.plist; sourceTree = "<group>"; };
		DEDE271C2069522300E4C992 /* NRRules_defaults.swift */ = {isa = PBXFileReference; fileEncoding = 4; lastKnownFileType = sourcecode.swift; path = NRRules_defaults.swift; sourceTree = "<group>"; };
		DEE935122094CDA000B10398 /* Assets.xcassets */ = {isa = PBXFileReference; lastKnownFileType = folder.assetcatalog; path = Assets.xcassets; sourceTree = "<group>"; };
		DEE9351520959E1C00B10398 /* ServiceNovelChapter.swift */ = {isa = PBXFileReference; fileEncoding = 4; lastKnownFileType = sourcecode.swift; path = ServiceNovelChapter.swift; sourceTree = "<group>"; };
		DEF2411B215E6DE400F7B0C6 /* Constants.swift */ = {isa = PBXFileReference; lastKnownFileType = sourcecode.swift; path = Constants.swift; sourceTree = "<group>"; };
		DEF7648C208341DD00E6F614 /* ServiceNovelChapters.swift */ = {isa = PBXFileReference; fileEncoding = 4; lastKnownFileType = sourcecode.swift; path = ServiceNovelChapters.swift; sourceTree = "<group>"; };
		DEF8D58E20678310001AFEC2 /* NovelListModel.swift */ = {isa = PBXFileReference; fileEncoding = 4; lastKnownFileType = sourcecode.swift; path = NovelListModel.swift; sourceTree = "<group>"; };
		DEFB282F2171FEBB00B0E06B /* SearchNovelModel.swift */ = {isa = PBXFileReference; lastKnownFileType = sourcecode.swift; path = SearchNovelModel.swift; sourceTree = "<group>"; };
		DEFB28352171FF6C00B0E06B /* SearchCollectionViewModel.swift */ = {isa = PBXFileReference; lastKnownFileType = sourcecode.swift; path = SearchCollectionViewModel.swift; sourceTree = "<group>"; };
/* End PBXFileReference section */

/* Begin PBXFrameworksBuildPhase section */
		DE8182492084F8F6001316E5 /* Frameworks */ = {
			isa = PBXFrameworksBuildPhase;
			buildActionMask = 2147483647;
			files = (
			);
			runOnlyForDeploymentPostprocessing = 0;
		};
		DEA7E13D1F496BAB0002C148 /* Frameworks */ = {
			isa = PBXFrameworksBuildPhase;
			buildActionMask = 2147483647;
			files = (
				D46B0A7B2CCCA72800329C3E /* CoreUtility in Frameworks */,
				D49A63542CBB501F009684C9 /* CoreUtility in Frameworks */,
				D49A63502CBB501F009684C9 /* AppTheming in Frameworks */,
				D49A63522CBB501F009684C9 /* CoreComponents in Frameworks */,
				D4E050602CCB31E70028D1CE /* MobileTheme in Frameworks */,
				D46B0A7D2CCCA72800329C3E /* MobileTheming in Frameworks */,
				D49A63562CBB501F009684C9 /* NetworkLayer in Frameworks */,
				D46B0A7F2CCCA72800329C3E /* NetworkLayer in Frameworks */,
				D46B0A792CCCA72800329C3E /* CoreComponents in Frameworks */,
				D46B0A772CCCA72800329C3E /* AppTheming in Frameworks */,
			);
			runOnlyForDeploymentPostprocessing = 0;
		};
		DED97540259639D900B0EE72 /* Frameworks */ = {
			isa = PBXFrameworksBuildPhase;
			buildActionMask = 2147483647;
			files = (
			);
			runOnlyForDeploymentPostprocessing = 0;
		};
/* End PBXFrameworksBuildPhase section */

/* Begin PBXGroup section */
		DE3834732172538F00DD4B27 /* Views */ = {
			isa = PBXGroup;
			children = (
				DE383477217253B100DD4B27 /* SearchBarHeaderView.swift */,
				DE38347A2172545300DD4B27 /* SegmentCollectionHeaderView.swift */,
				DE19ADCB217F837800F58321 /* SelectionCollectionViewCell.swift */,
				DE19ADCE217F864500F58321 /* SelectionCollectionViewCell.xib */,
			);
			path = Views;
			sourceTree = "<group>";
		};
		DE4AEA9D2688406400C873AB /* ReaderView */ = {
			isa = PBXGroup;
			children = (
				DEBC6521209764790057F649 /* ReaderViewController.swift */,
			);
			path = ReaderView;
			sourceTree = "<group>";
		};
		DE4AEA9E2688408C00C873AB /* Dashboard */ = {
			isa = PBXGroup;
			children = (
				DE4FAC9A21635B18006EF94B /* NovelCollectionViewModel.swift */,
				DEBC6522209764790057F649 /* NovelCollectionViewController.swift */,
				DE6FEFDD2593AC100041C8A2 /* RecentUpdate */,
				DE6FEFDF2593AC5A0041C8A2 /* TopView */,
			);
			path = Dashboard;
			sourceTree = "<group>";
		};
		DE4EBE642067B6F5008AC70B /* ServiceModel */ = {
			isa = PBXGroup;
			children = (
				DE818242208356BA001316E5 /* ServiceRecentUpdatesList.swift */,
				DEE9351520959E1C00B10398 /* ServiceNovelChapter.swift */,
				DEF7648C208341DD00E6F614 /* ServiceNovelChapters.swift */,
				DE4EBE652067B6F5008AC70B /* ServiceNovelList.swift */,
				DE5082312167D21400F3B26F /* ServiceSearchNovel.swift */,
				DE3834802172666C00DD4B27 /* ServiceSearchFilter.swift */,
			);
			path = ServiceModel;
			sourceTree = "<group>";
		};
		DE6FEFDD2593AC100041C8A2 /* RecentUpdate */ = {
			isa = PBXGroup;
			children = (
				DEBC652E209764790057F649 /* RecentNovelCollectionViewCell.swift */,
				DEBC6525209764790057F649 /* RecentNovelCollectionViewCell.xib */,
			);
			path = RecentUpdate;
			sourceTree = "<group>";
		};
		DE6FEFDF2593AC5A0041C8A2 /* TopView */ = {
			isa = PBXGroup;
			children = (
				DEBC652B209764790057F649 /* NovelCollectionViewCell.swift */,
				DEBC6524209764790057F649 /* NovelCollectionViewCell.xib */,
			);
			path = TopView;
			sourceTree = "<group>";
		};
		DE6FEFE12593ACC80041C8A2 /* ChapterList */ = {
			isa = PBXGroup;
			children = (
				DEBC6523209764790057F649 /* Views */,
				DEBC652F209764790057F649 /* ChapterListViewController.swift */,
			);
			path = ChapterList;
			sourceTree = "<group>";
		};
		DE6FEFE22593AD3C0041C8A2 /* Manager */ = {
			isa = PBXGroup;
			children = (
				DEA7E1B61F49A67F0002C148 /* AppManager.swift */,
				DEBC650D20970E1E0057F649 /* NRGoogleAuth.swift */,
				DEC1D76D268C108300F452E1 /* DataSourceManager.swift */,
			);
			path = Manager;
			sourceTree = "<group>";
		};
		DE81824D2084F8F6001316E5 /* FTNovelReaderMockBundle */ = {
			isa = PBXGroup;
			children = (
				DE19ADC7217F80C400F58321 /* fetchChapter.json */,
				DE19ADC8217F80C400F58321 /* fetchNovelChapters.json */,
				DE8182562085020A001316E5 /* fetchRecentUpdatesList.json */,
				DE28567B20946CC2003153C6 /* fetchNovelList.json */,
				DEA13C93217CBF5500C572E1 /* searchFilter.json */,
				DE81824E2084F8F6001316E5 /* Info.plist */,
			);
			path = FTNovelReaderMockBundle;
			sourceTree = "<group>";
		};
		DE84280420558FE7006605C0 /* ModelObjects */ = {
			isa = PBXGroup;
			children = (
				DEF8D58E20678310001AFEC2 /* NovelListModel.swift */,
				DE84280520558FE7006605C0 /* NovelModel.swift */,
				DE84280620558FE7006605C0 /* NovelChapterModel.swift */,
				DEFB282F2171FEBB00B0E06B /* SearchNovelModel.swift */,
				DE383483217266C000DD4B27 /* SearchFilterModel.swift */,
			);
			path = ModelObjects;
			sourceTree = "<group>";
		};
		DEA7E1371F496BAB0002C148 = {
			isa = PBXGroup;
			children = (
				DE81824D2084F8F6001316E5 /* FTNovelReaderMockBundle */,
				DED97544259639D900B0EE72 /* NovelReaderTests */,
				DEA7E1421F496BAB0002C148 /* NovelReader */,
				DEA7E1411F496BAB0002C148 /* Products */,
			);
			sourceTree = "<group>";
		};
		DEA7E1411F496BAB0002C148 /* Products */ = {
			isa = PBXGroup;
			children = (
				DEA7E1401F496BAB0002C148 /* NovelReader.app */,
				DE81824C2084F8F6001316E5 /* FTNovelReaderMockBundle.bundle */,
				DED97543259639D900B0EE72 /* NovelReaderTests.xctest */,
			);
			name = Products;
			sourceTree = "<group>";
		};
		DEA7E1421F496BAB0002C148 /* NovelReader */ = {
			isa = PBXGroup;
			children = (
				DED9756525963C9600B0EE72 /* NovelReader.entitlements */,
				DEA7E1801F496C1C0002C148 /* NovelReader-Bridging-Header.h */,
				DEA7E1431F496BAB0002C148 /* AppDelegate.swift */,
				DEBC65132097601A0057F649 /* Main.storyboard */,
				DEA7E14E1F496BAB0002C148 /* LaunchScreen.storyboard */,
				DE6FEFE22593AD3C0041C8A2 /* Manager */,
				DEA7E19F1F497B5D0002C148 /* Utility+Components */,
				DEBC651E209764790057F649 /* Modules */,
				DEAD340C2058263C0064C46A /* Resources */,
				DEA7E1AF1F4996910002C148 /* Parser */,
			);
			path = NovelReader;
			sourceTree = "<group>";
		};
		DEA7E19F1F497B5D0002C148 /* Utility+Components */ = {
			isa = PBXGroup;
			children = (
				DE6FEFD8259396C70041C8A2 /* View+Utility.swift */,
				DEF2411B215E6DE400F7B0C6 /* Constants.swift */,
				DEA7E1A11F497B5D0002C148 /* TabBarViewController.swift */,
				DEA7E1A01F497B5D0002C148 /* ViewController+Extension.swift */,
				DEBC650520970CB50057F649 /* ConfigureNovelCellProtocol.swift */,
				DE0173BC216148B7007F5546 /* CollectionViewController+Utility.swift */,
				DEA7E1A21F497B5D0002C148 /* Views */,
				DE4AEA8926872A4800C873AB /* ScollableSegmentControl.swift */,
			);
			path = "Utility+Components";
			sourceTree = "<group>";
		};
		DEA7E1A21F497B5D0002C148 /* Views */ = {
			isa = PBXGroup;
			children = (
				DE88E7272180C2D7009433B8 /* SectionHeaderView.swift */,
				DE88E72A2180C549009433B8 /* SectionHeaderView.xib */,
			);
			path = Views;
			sourceTree = "<group>";
		};
		DEA7E1AF1F4996910002C148 /* Parser */ = {
			isa = PBXGroup;
			children = (
				DEA7E1B01F4996A90002C148 /* NovelServiceProvider.swift */,
				DEDE271A2069522300E4C992 /* Rules */,
				DE84280420558FE7006605C0 /* ModelObjects */,
				DE4EBE642067B6F5008AC70B /* ServiceModel */,
			);
			path = Parser;
			sourceTree = "<group>";
		};
		DEAD340C2058263C0064C46A /* Resources */ = {
			isa = PBXGroup;
			children = (
				DEDC0A2E2068BCC80013D84F /* NovelServiceRules.plist */,
				DEBC65522097649B0057F649 /* plist */,
				DEE935122094CDA000B10398 /* Assets.xcassets */,
				DEAD3421205826660064C46A /* Bindings */,
				DEAD34152058263C0064C46A /* Themes */,
			);
			path = Resources;
			sourceTree = "<group>";
		};
		DEAD34152058263C0064C46A /* Themes */ = {
			isa = PBXGroup;
			children = (
				DEAD34162058263C0064C46A /* Themes.json */,
			);
			path = Themes;
			sourceTree = "<group>";
		};
		DEBC651E209764790057F649 /* Modules */ = {
			isa = PBXGroup;
			children = (
				DED7170D26AB1F2C0098D16E /* FontPicker */,
				DE3834732172538F00DD4B27 /* Views */,
				DEBC651F209764790057F649 /* Reader */,
				DEBC6530209764790057F649 /* Search */,
			);
			path = Modules;
			sourceTree = "<group>";
		};
		DEBC651F209764790057F649 /* Reader */ = {
			isa = PBXGroup;
			children = (
				DEBC6520209764790057F649 /* NovelReader.storyboard */,
				DE4AEA9E2688408C00C873AB /* Dashboard */,
				DE4AEA9D2688406400C873AB /* ReaderView */,
				DE6FEFE12593ACC80041C8A2 /* ChapterList */,
			);
			path = Reader;
			sourceTree = "<group>";
		};
		DEBC6523209764790057F649 /* Views */ = {
			isa = PBXGroup;
			children = (
				DE4AEA972687AF9100C873AB /* NovelDetailsView.swift */,
				DE4AEA982687AF9100C873AB /* NovelDetailsView.xib */,
				DEBC6528209764790057F649 /* NovelDescriptionView.swift */,
				DEBC6529209764790057F649 /* NovelDescriptionView.xib */,
				DEBC652A209764790057F649 /* NovelChapterViewCell.swift */,
				DEBC652D209764790057F649 /* NovelChapterViewCell.xib */,
			);
			path = Views;
			sourceTree = "<group>";
		};
		DEBC6530209764790057F649 /* Search */ = {
			isa = PBXGroup;
			children = (
				DEBC6531209764790057F649 /* SearchStoryboard.storyboard */,
				DEBC65542097661F0057F649 /* SearchCollectionViewController.swift */,
				DEFB28352171FF6C00B0E06B /* SearchCollectionViewModel.swift */,
				DE38347E217265A000DD4B27 /* SearchFilterViewController.swift */,
				DED799FF217DD6740021116A /* SearchFilterViewModel.swift */,
			);
			path = Search;
			sourceTree = "<group>";
		};
		DEBC65522097649B0057F649 /* plist */ = {
			isa = PBXGroup;
			children = (
				DEBC65532097649B0057F649 /* Info.plist */,
			);
			path = plist;
			sourceTree = "<group>";
		};
		DED7170D26AB1F2C0098D16E /* FontPicker */ = {
			isa = PBXGroup;
			children = (
				DED7170E26AB1F2C0098D16E /* FontPickerView.swift */,
				DED7170F26AB1F2C0098D16E /* FontPickerViewController.swift */,
				DED7171026AB1F2C0098D16E /* FontPickerView.xib */,
			);
			path = FontPicker;
			sourceTree = "<group>";
		};
		DED97544259639D900B0EE72 /* NovelReaderTests */ = {
			isa = PBXGroup;
			children = (
				DED97545259639D900B0EE72 /* AppManagerTests.swift */,
				DED97547259639D900B0EE72 /* Info.plist */,
			);
			path = NovelReaderTests;
			sourceTree = "<group>";
		};
		DEDE271A2069522300E4C992 /* Rules */ = {
			isa = PBXGroup;
			children = (
				DEDE271C2069522300E4C992 /* NRRules_defaults.swift */,
			);
			path = Rules;
			sourceTree = "<group>";
		};
/* End PBXGroup section */

/* Begin PBXNativeTarget section */
		DE81824B2084F8F6001316E5 /* FTNovelReaderMockBundle */ = {
			isa = PBXNativeTarget;
			buildConfigurationList = DE81824F2084F8F6001316E5 /* Build configuration list for PBXNativeTarget "FTNovelReaderMockBundle" */;
			buildPhases = (
				DE8182482084F8F6001316E5 /* Sources */,
				DE8182492084F8F6001316E5 /* Frameworks */,
				DE81824A2084F8F6001316E5 /* Resources */,
			);
			buildRules = (
			);
			dependencies = (
			);
			name = FTNovelReaderMockBundle;
			productName = FTNovelReaderMockBundle;
			productReference = DE81824C2084F8F6001316E5 /* FTNovelReaderMockBundle.bundle */;
			productType = "com.apple.product-type.bundle";
		};
		DEA7E13F1F496BAB0002C148 /* NovelReader */ = {
			isa = PBXNativeTarget;
			buildConfigurationList = DEA7E16A1F496BAB0002C148 /* Build configuration list for PBXNativeTarget "NovelReader" */;
			buildPhases = (
				DEA7E13C1F496BAB0002C148 /* Sources */,
				DEA7E13D1F496BAB0002C148 /* Frameworks */,
				DEA7E13E1F496BAB0002C148 /* Resources */,
				DEA7E19B1F4970400002C148 /* Embed Frameworks */,
			);
			buildRules = (
			);
			dependencies = (
				D45E3CF5230C0E64005BD885 /* PBXTargetDependency */,
			);
			name = NovelReader;
			productName = NovelReader;
			productReference = DEA7E1401F496BAB0002C148 /* NovelReader.app */;
			productType = "com.apple.product-type.application";
		};
		DED97542259639D900B0EE72 /* NovelReaderTests */ = {
			isa = PBXNativeTarget;
			buildConfigurationList = DED9754A259639D900B0EE72 /* Build configuration list for PBXNativeTarget "NovelReaderTests" */;
			buildPhases = (
				DED9753F259639D900B0EE72 /* Sources */,
				DED97540259639D900B0EE72 /* Frameworks */,
				DED97541259639D900B0EE72 /* Resources */,
			);
			buildRules = (
			);
			dependencies = (
				DED97549259639D900B0EE72 /* PBXTargetDependency */,
			);
			name = NovelReaderTests;
			productName = NovelReaderTests;
			productReference = DED97543259639D900B0EE72 /* NovelReaderTests.xctest */;
			productType = "com.apple.product-type.bundle.unit-test";
		};
/* End PBXNativeTarget section */

/* Begin PBXProject section */
		DEA7E1381F496BAB0002C148 /* Project object */ = {
			isa = PBXProject;
			attributes = {
				BuildIndependentTargetsInParallel = YES;
				LastSwiftUpdateCheck = 1210;
				LastUpgradeCheck = 1610;
				ORGANIZATIONNAME = "Praveen Prabhakar";
				TargetAttributes = {
					DE81824B2084F8F6001316E5 = {
						CreatedOnToolsVersion = 9.3;
						ProvisioningStyle = Automatic;
					};
					DEA7E13F1F496BAB0002C148 = {
						CreatedOnToolsVersion = 8.3.2;
						DevelopmentTeam = W6W48SVQX7;
						LastSwiftMigration = 1030;
						ProvisioningStyle = Automatic;
					};
					DED97542259639D900B0EE72 = {
						CreatedOnToolsVersion = 12.1;
						ProvisioningStyle = Automatic;
						TestTargetID = DEA7E13F1F496BAB0002C148;
					};
				};
			};
			buildConfigurationList = DEA7E13B1F496BAB0002C148 /* Build configuration list for PBXProject "NovelReader" */;
			compatibilityVersion = "Xcode 3.2";
			developmentRegion = en;
			hasScannedForEncodings = 0;
			knownRegions = (
				en,
				Base,
			);
			mainGroup = DEA7E1371F496BAB0002C148;
			packageReferences = (
				D46B0A752CCCA72800329C3E /* XCRemoteSwiftPackageReference "MobileCore" */,
			);
			productRefGroup = DEA7E1411F496BAB0002C148 /* Products */;
			projectDirPath = "";
			projectRoot = "";
			targets = (
				DEA7E13F1F496BAB0002C148 /* NovelReader */,
				DE81824B2084F8F6001316E5 /* FTNovelReaderMockBundle */,
				DED97542259639D900B0EE72 /* NovelReaderTests */,
			);
		};
/* End PBXProject section */

/* Begin PBXResourcesBuildPhase section */
		DE81824A2084F8F6001316E5 /* Resources */ = {
			isa = PBXResourcesBuildPhase;
			buildActionMask = 2147483647;
			files = (
				DEA13C94217CBF5500C572E1 /* searchFilter.json in Resources */,
				DE19ADCA217F80C400F58321 /* fetchNovelChapters.json in Resources */,
				DE28567C20946CC2003153C6 /* fetchNovelList.json in Resources */,
				DE19ADC9217F80C400F58321 /* fetchChapter.json in Resources */,
				DE8182592085020A001316E5 /* fetchRecentUpdatesList.json in Resources */,
			);
			runOnlyForDeploymentPostprocessing = 0;
		};
		DEA7E13E1F496BAB0002C148 /* Resources */ = {
			isa = PBXResourcesBuildPhase;
			buildActionMask = 2147483647;
			files = (
				D45E3CF6230C0E6B005BD885 /* FTNovelReaderMockBundle.bundle in Resources */,
				DEA7E1501F496BAB0002C148 /* LaunchScreen.storyboard in Resources */,
				DEBC6538209764790057F649 /* NovelCollectionViewCell.xib in Resources */,
				DE19ADCF217F864500F58321 /* SelectionCollectionViewCell.xib in Resources */,
				DEE935132094CDA000B10398 /* Assets.xcassets in Resources */,
				DEBC654A209764790057F649 /* NovelChapterViewCell.xib in Resources */,
				DEAD3422205826660064C46A /* Bindings in Resources */,
				DED7171326AB1F2C0098D16E /* FontPickerView.xib in Resources */,
				DEBC6550209764790057F649 /* SearchStoryboard.storyboard in Resources */,
				DEDC0A2F2068BCC80013D84F /* NovelServiceRules.plist in Resources */,
				DEBC653A209764790057F649 /* RecentNovelCollectionViewCell.xib in Resources */,
				DE4AEA9A2687AF9100C873AB /* NovelDetailsView.xib in Resources */,
				DEBC6542209764790057F649 /* NovelDescriptionView.xib in Resources */,
				DEBC65142097601A0057F649 /* Main.storyboard in Resources */,
				DEBC6532209764790057F649 /* NovelReader.storyboard in Resources */,
				DEAD341F2058263C0064C46A /* Themes.json in Resources */,
				DE88E72B2180C549009433B8 /* SectionHeaderView.xib in Resources */,
			);
			runOnlyForDeploymentPostprocessing = 0;
		};
		DED97541259639D900B0EE72 /* Resources */ = {
			isa = PBXResourcesBuildPhase;
			buildActionMask = 2147483647;
			files = (
			);
			runOnlyForDeploymentPostprocessing = 0;
		};
/* End PBXResourcesBuildPhase section */

/* Begin PBXSourcesBuildPhase section */
		DE8182482084F8F6001316E5 /* Sources */ = {
			isa = PBXSourcesBuildPhase;
			buildActionMask = 2147483647;
			files = (
			);
			runOnlyForDeploymentPostprocessing = 0;
		};
		DEA7E13C1F496BAB0002C148 /* Sources */ = {
			isa = PBXSourcesBuildPhase;
			buildActionMask = 2147483647;
			files = (
				DE4FAC9B21635B18006EF94B /* NovelCollectionViewModel.swift in Sources */,
				DEA7E1B11F4996A90002C148 /* NovelServiceProvider.swift in Sources */,
				DEBC650620970CB50057F649 /* ConfigureNovelCellProtocol.swift in Sources */,
				DEBC6544209764790057F649 /* NovelChapterViewCell.swift in Sources */,
				DEE9351620959E1D00B10398 /* ServiceNovelChapter.swift in Sources */,
				DEA7E1A41F497B5D0002C148 /* TabBarViewController.swift in Sources */,
				DEA7E1441F496BAB0002C148 /* AppDelegate.swift in Sources */,
				DE6FEFD9259396C70041C8A2 /* View+Utility.swift in Sources */,
				DE818246208356BA001316E5 /* ServiceRecentUpdatesList.swift in Sources */,
				DEBC654E209764790057F649 /* ChapterListViewController.swift in Sources */,
				DE4EBE662067B6F5008AC70B /* ServiceNovelList.swift in Sources */,
				DED7171126AB1F2C0098D16E /* FontPickerView.swift in Sources */,
				DEA7E1A31F497B5D0002C148 /* ViewController+Extension.swift in Sources */,
				DEA7E1B71F49A67F0002C148 /* AppManager.swift in Sources */,
				DE84280A20558FE8006605C0 /* NovelModel.swift in Sources */,
				DEC1D76E268C108300F452E1 /* DataSourceManager.swift in Sources */,
				DE4AEA992687AF9100C873AB /* NovelDetailsView.swift in Sources */,
				DED7171226AB1F2C0098D16E /* FontPickerViewController.swift in Sources */,
				DEBC6534209764790057F649 /* ReaderViewController.swift in Sources */,
				DEBC65552097661F0057F649 /* SearchCollectionViewController.swift in Sources */,
				DEBC6536209764790057F649 /* NovelCollectionViewController.swift in Sources */,
				DEF8D593206783B5001AFEC2 /* NovelListModel.swift in Sources */,
				DE84280C20558FE8006605C0 /* NovelChapterModel.swift in Sources */,
				DE383484217266C000DD4B27 /* SearchFilterModel.swift in Sources */,
				DEFB28302171FEBB00B0E06B /* SearchNovelModel.swift in Sources */,
				DED79A00217DD6740021116A /* SearchFilterViewModel.swift in Sources */,
				DE38347B2172545300DD4B27 /* SegmentCollectionHeaderView.swift in Sources */,
				DEF2411C215E6DE400F7B0C6 /* Constants.swift in Sources */,
				DEFB28362171FF6C00B0E06B /* SearchCollectionViewModel.swift in Sources */,
				DE0173BD216148B7007F5546 /* CollectionViewController+Utility.swift in Sources */,
				DEBC6546209764790057F649 /* NovelCollectionViewCell.swift in Sources */,
				DEBC654C209764790057F649 /* RecentNovelCollectionViewCell.swift in Sources */,
				DE19ADCC217F837800F58321 /* SelectionCollectionViewCell.swift in Sources */,
				DE5082322167D21400F3B26F /* ServiceSearchNovel.swift in Sources */,
				DEF76490208341DD00E6F614 /* ServiceNovelChapters.swift in Sources */,
				DE3834812172666C00DD4B27 /* ServiceSearchFilter.swift in Sources */,
				DE38347F217265A000DD4B27 /* SearchFilterViewController.swift in Sources */,
				DE383478217253B100DD4B27 /* SearchBarHeaderView.swift in Sources */,
				DEBC6540209764790057F649 /* NovelDescriptionView.swift in Sources */,
				DE4AEA8A26872A4800C873AB /* ScollableSegmentControl.swift in Sources */,
				DEDE27222069522300E4C992 /* NRRules_defaults.swift in Sources */,
				DE88E7282180C2D7009433B8 /* SectionHeaderView.swift in Sources */,
			);
			runOnlyForDeploymentPostprocessing = 0;
		};
		DED9753F259639D900B0EE72 /* Sources */ = {
			isa = PBXSourcesBuildPhase;
			buildActionMask = 2147483647;
			files = (
				DED97546259639D900B0EE72 /* AppManagerTests.swift in Sources */,
			);
			runOnlyForDeploymentPostprocessing = 0;
		};
/* End PBXSourcesBuildPhase section */

/* Begin PBXTargetDependency section */
		D45E3CF5230C0E64005BD885 /* PBXTargetDependency */ = {
			isa = PBXTargetDependency;
			target = DE81824B2084F8F6001316E5 /* FTNovelReaderMockBundle */;
			targetProxy = D45E3CF4230C0E64005BD885 /* PBXContainerItemProxy */;
		};
		DED97549259639D900B0EE72 /* PBXTargetDependency */ = {
			isa = PBXTargetDependency;
			target = DEA7E13F1F496BAB0002C148 /* NovelReader */;
			targetProxy = DED97548259639D900B0EE72 /* PBXContainerItemProxy */;
		};
/* End PBXTargetDependency section */

/* Begin PBXVariantGroup section */
		DEA7E14E1F496BAB0002C148 /* LaunchScreen.storyboard */ = {
			isa = PBXVariantGroup;
			children = (
				DEA7E14F1F496BAB0002C148 /* Base */,
			);
			name = LaunchScreen.storyboard;
			sourceTree = "<group>";
		};
/* End PBXVariantGroup section */

/* Begin XCBuildConfiguration section */
		DE8182502084F8F6001316E5 /* Debug */ = {
			isa = XCBuildConfiguration;
			buildSettings = {
				CLANG_CXX_LANGUAGE_STANDARD = "gnu++14";
				CLANG_ENABLE_OBJC_WEAK = YES;
				CLANG_WARN_UNGUARDED_AVAILABILITY = YES_AGGRESSIVE;
				CODE_SIGN_IDENTITY = "iPhone Developer";
				CODE_SIGN_STYLE = Automatic;
				COMBINE_HIDPI_IMAGES = YES;
				DEVELOPMENT_TEAM = "";
				FRAMEWORK_SEARCH_PATHS = (
					"$(PROJECT_DIR)/Frameworks",
					"$(inherited)",
				);
				GCC_C_LANGUAGE_STANDARD = gnu11;
				INFOPLIST_FILE = FTNovelReaderMockBundle/Info.plist;
				INSTALL_PATH = "$(LOCAL_LIBRARY_DIR)/Bundles";
				IPHONEOS_DEPLOYMENT_TARGET = 16.6;
				ONLY_ACTIVE_ARCH = NO;
				PRODUCT_BUNDLE_IDENTIFIER = com.ft.FTNovelReaderMockBundle;
				PRODUCT_NAME = "$(TARGET_NAME)";
				PROVISIONING_PROFILE_SPECIFIER = "";
				SDKROOT = iphoneos;
				SKIP_INSTALL = YES;
				WRAPPER_EXTENSION = bundle;
			};
			name = Debug;
		};
		DE8182512084F8F6001316E5 /* Release */ = {
			isa = XCBuildConfiguration;
			buildSettings = {
				CLANG_CXX_LANGUAGE_STANDARD = "gnu++14";
				CLANG_ENABLE_OBJC_WEAK = YES;
				CLANG_WARN_UNGUARDED_AVAILABILITY = YES_AGGRESSIVE;
				CODE_SIGN_IDENTITY = "iPhone Developer";
				CODE_SIGN_STYLE = Automatic;
				COMBINE_HIDPI_IMAGES = YES;
				DEVELOPMENT_TEAM = "";
				FRAMEWORK_SEARCH_PATHS = (
					"$(PROJECT_DIR)/Frameworks",
					"$(inherited)",
				);
				GCC_C_LANGUAGE_STANDARD = gnu11;
				INFOPLIST_FILE = FTNovelReaderMockBundle/Info.plist;
				INSTALL_PATH = "$(LOCAL_LIBRARY_DIR)/Bundles";
				IPHONEOS_DEPLOYMENT_TARGET = 16.6;
				ONLY_ACTIVE_ARCH = NO;
				PRODUCT_BUNDLE_IDENTIFIER = com.ft.FTNovelReaderMockBundle;
				PRODUCT_NAME = "$(TARGET_NAME)";
				PROVISIONING_PROFILE_SPECIFIER = "";
				SDKROOT = iphoneos;
				SKIP_INSTALL = YES;
				WRAPPER_EXTENSION = bundle;
			};
			name = Release;
		};
		DEA7E1681F496BAB0002C148 /* Debug */ = {
			isa = XCBuildConfiguration;
			buildSettings = {
				ALWAYS_SEARCH_USER_PATHS = NO;
				CLANG_ANALYZER_LOCALIZABILITY_NONLOCALIZED = YES;
				CLANG_ANALYZER_NONNULL = YES;
				CLANG_ANALYZER_NUMBER_OBJECT_CONVERSION = YES_AGGRESSIVE;
				CLANG_CXX_LANGUAGE_STANDARD = "gnu++0x";
				CLANG_CXX_LIBRARY = "libc++";
				CLANG_ENABLE_MODULES = YES;
				CLANG_ENABLE_OBJC_ARC = YES;
				CLANG_WARN_BLOCK_CAPTURE_AUTORELEASING = YES;
				CLANG_WARN_BOOL_CONVERSION = YES;
				CLANG_WARN_COMMA = YES;
				CLANG_WARN_CONSTANT_CONVERSION = YES;
				CLANG_WARN_DEPRECATED_OBJC_IMPLEMENTATIONS = YES;
				CLANG_WARN_DIRECT_OBJC_ISA_USAGE = YES_ERROR;
				CLANG_WARN_DOCUMENTATION_COMMENTS = YES;
				CLANG_WARN_EMPTY_BODY = YES;
				CLANG_WARN_ENUM_CONVERSION = YES;
				CLANG_WARN_INFINITE_RECURSION = YES;
				CLANG_WARN_INT_CONVERSION = YES;
				CLANG_WARN_NON_LITERAL_NULL_CONVERSION = YES;
				CLANG_WARN_OBJC_IMPLICIT_RETAIN_SELF = YES;
				CLANG_WARN_OBJC_LITERAL_CONVERSION = YES;
				CLANG_WARN_OBJC_ROOT_CLASS = YES_ERROR;
				CLANG_WARN_QUOTED_INCLUDE_IN_FRAMEWORK_HEADER = YES;
				CLANG_WARN_RANGE_LOOP_ANALYSIS = YES;
				CLANG_WARN_STRICT_PROTOTYPES = YES;
				CLANG_WARN_SUSPICIOUS_MOVE = YES;
				CLANG_WARN_UNREACHABLE_CODE = YES;
				CLANG_WARN__DUPLICATE_METHOD_MATCH = YES;
				"CODE_SIGN_IDENTITY[sdk=iphoneos*]" = "iPhone Developer";
				COPY_PHASE_STRIP = NO;
				DEBUG_INFORMATION_FORMAT = dwarf;
				ENABLE_STRICT_OBJC_MSGSEND = YES;
				ENABLE_TESTABILITY = YES;
				ENABLE_USER_SCRIPT_SANDBOXING = YES;
				FRAMEWORK_SEARCH_PATHS = "";
				GCC_C_LANGUAGE_STANDARD = gnu99;
				GCC_DYNAMIC_NO_PIC = NO;
				GCC_NO_COMMON_BLOCKS = YES;
				GCC_OPTIMIZATION_LEVEL = 0;
				GCC_PREPROCESSOR_DEFINITIONS = (
					"DEBUG=1",
					"$(inherited)",
				);
				GCC_TREAT_WARNINGS_AS_ERRORS = NO;
				GCC_WARN_64_TO_32_BIT_CONVERSION = YES;
				GCC_WARN_ABOUT_RETURN_TYPE = YES_ERROR;
				GCC_WARN_SHADOW = YES;
				GCC_WARN_UNDECLARED_SELECTOR = YES;
				GCC_WARN_UNINITIALIZED_AUTOS = YES_AGGRESSIVE;
				GCC_WARN_UNUSED_FUNCTION = YES;
				GCC_WARN_UNUSED_VARIABLE = YES;
				IPHONEOS_DEPLOYMENT_TARGET = 16.6;
				MTL_ENABLE_DEBUG_INFO = YES;
				ONLY_ACTIVE_ARCH = YES;
				OTHER_LDFLAGS = "$(inherited)";
				SDKROOT = iphoneos;
				SWIFT_ACTIVE_COMPILATION_CONDITIONS = DEBUG;
				SWIFT_OPTIMIZATION_LEVEL = "-Onone";
				SWIFT_VERSION = 5.0;
				TARGETED_DEVICE_FAMILY = "1,2";
			};
			name = Debug;
		};
		DEA7E1691F496BAB0002C148 /* Release */ = {
			isa = XCBuildConfiguration;
			buildSettings = {
				ALWAYS_SEARCH_USER_PATHS = NO;
				CLANG_ANALYZER_LOCALIZABILITY_NONLOCALIZED = YES;
				CLANG_ANALYZER_NONNULL = YES;
				CLANG_ANALYZER_NUMBER_OBJECT_CONVERSION = YES_AGGRESSIVE;
				CLANG_CXX_LANGUAGE_STANDARD = "gnu++0x";
				CLANG_CXX_LIBRARY = "libc++";
				CLANG_ENABLE_MODULES = YES;
				CLANG_ENABLE_OBJC_ARC = YES;
				CLANG_WARN_BLOCK_CAPTURE_AUTORELEASING = YES;
				CLANG_WARN_BOOL_CONVERSION = YES;
				CLANG_WARN_COMMA = YES;
				CLANG_WARN_CONSTANT_CONVERSION = YES;
				CLANG_WARN_DEPRECATED_OBJC_IMPLEMENTATIONS = YES;
				CLANG_WARN_DIRECT_OBJC_ISA_USAGE = YES_ERROR;
				CLANG_WARN_DOCUMENTATION_COMMENTS = YES;
				CLANG_WARN_EMPTY_BODY = YES;
				CLANG_WARN_ENUM_CONVERSION = YES;
				CLANG_WARN_INFINITE_RECURSION = YES;
				CLANG_WARN_INT_CONVERSION = YES;
				CLANG_WARN_NON_LITERAL_NULL_CONVERSION = YES;
				CLANG_WARN_OBJC_IMPLICIT_RETAIN_SELF = YES;
				CLANG_WARN_OBJC_LITERAL_CONVERSION = YES;
				CLANG_WARN_OBJC_ROOT_CLASS = YES_ERROR;
				CLANG_WARN_QUOTED_INCLUDE_IN_FRAMEWORK_HEADER = YES;
				CLANG_WARN_RANGE_LOOP_ANALYSIS = YES;
				CLANG_WARN_STRICT_PROTOTYPES = YES;
				CLANG_WARN_SUSPICIOUS_MOVE = YES;
				CLANG_WARN_UNREACHABLE_CODE = YES;
				CLANG_WARN__DUPLICATE_METHOD_MATCH = YES;
				"CODE_SIGN_IDENTITY[sdk=iphoneos*]" = "iPhone Developer";
				COPY_PHASE_STRIP = NO;
				DEBUG_INFORMATION_FORMAT = "dwarf-with-dsym";
				ENABLE_NS_ASSERTIONS = NO;
				ENABLE_STRICT_OBJC_MSGSEND = YES;
				ENABLE_USER_SCRIPT_SANDBOXING = YES;
				FRAMEWORK_SEARCH_PATHS = "";
				GCC_C_LANGUAGE_STANDARD = gnu99;
				GCC_NO_COMMON_BLOCKS = YES;
				GCC_TREAT_WARNINGS_AS_ERRORS = NO;
				GCC_WARN_64_TO_32_BIT_CONVERSION = YES;
				GCC_WARN_ABOUT_RETURN_TYPE = YES_ERROR;
				GCC_WARN_SHADOW = YES;
				GCC_WARN_UNDECLARED_SELECTOR = YES;
				GCC_WARN_UNINITIALIZED_AUTOS = YES_AGGRESSIVE;
				GCC_WARN_UNUSED_FUNCTION = YES;
				GCC_WARN_UNUSED_VARIABLE = YES;
				IPHONEOS_DEPLOYMENT_TARGET = 16.6;
				MTL_ENABLE_DEBUG_INFO = NO;
				OTHER_LDFLAGS = "$(inherited)";
				SDKROOT = iphoneos;
				SWIFT_COMPILATION_MODE = wholemodule;
				SWIFT_OPTIMIZATION_LEVEL = "-O";
				SWIFT_VERSION = 5.0;
				TARGETED_DEVICE_FAMILY = "1,2";
				VALIDATE_PRODUCT = YES;
			};
			name = Release;
		};
		DEA7E16B1F496BAB0002C148 /* Debug */ = {
			isa = XCBuildConfiguration;
			buildSettings = {
				ASSETCATALOG_COMPILER_APPICON_NAME = AppIcon;
				CLANG_ENABLE_MODULES = YES;
				CODE_SIGN_ENTITLEMENTS = NovelReader/NovelReader.entitlements;
				CODE_SIGN_IDENTITY = "iPhone Developer";
				CODE_SIGN_STYLE = Automatic;
				DEVELOPMENT_TEAM = W6W48SVQX7;
				FRAMEWORK_SEARCH_PATHS = "$(inherited)";
				HEADER_SEARCH_PATHS = (
					"$(SDKROOT)/usr/include/libxml2",
					"$(inherited)",
				);
				INFOPLIST_FILE = "$(SRCROOT)/NovelReader/Resources/plist/Info.plist";
				INFOPLIST_KEY_LSApplicationCategoryType = "public.app-category.books";
				IPHONEOS_DEPLOYMENT_TARGET = 16.6;
				LD_RUNPATH_SEARCH_PATHS = (
					"$(inherited)",
					"@executable_path/Frameworks",
				);
				OTHER_LDFLAGS = "$(inherited)";
				PRODUCT_BUNDLE_IDENTIFIER = com.ft.NovelReader;
				PRODUCT_NAME = "$(TARGET_NAME)";
				PROVISIONING_PROFILE_SPECIFIER = "";
				SUPPORTS_MACCATALYST = NO;
				SWIFT_OBJC_BRIDGING_HEADER = "NovelReader/NovelReader-Bridging-Header.h";
				SWIFT_OPTIMIZATION_LEVEL = "-Onone";
				SWIFT_SWIFT3_OBJC_INFERENCE = Off;
				SWIFT_VERSION = 5.0;
				TARGETED_DEVICE_FAMILY = "1,2";
			};
			name = Debug;
		};
		DEA7E16C1F496BAB0002C148 /* Release */ = {
			isa = XCBuildConfiguration;
			buildSettings = {
				ASSETCATALOG_COMPILER_APPICON_NAME = AppIcon;
				CLANG_ENABLE_MODULES = YES;
				CODE_SIGN_ENTITLEMENTS = NovelReader/NovelReader.entitlements;
				CODE_SIGN_IDENTITY = "iPhone Developer";
				"CODE_SIGN_IDENTITY[sdk=iphoneos*]" = "";
				CODE_SIGN_STYLE = Automatic;
				DEVELOPMENT_TEAM = W6W48SVQX7;
				FRAMEWORK_SEARCH_PATHS = "$(inherited)";
				HEADER_SEARCH_PATHS = (
					"$(SDKROOT)/usr/include/libxml2",
					"$(inherited)",
				);
				INFOPLIST_FILE = "$(SRCROOT)/NovelReader/Resources/plist/Info.plist";
				INFOPLIST_KEY_LSApplicationCategoryType = "public.app-category.books";
				IPHONEOS_DEPLOYMENT_TARGET = 16.6;
				LD_RUNPATH_SEARCH_PATHS = (
					"$(inherited)",
					"@executable_path/Frameworks",
				);
				OTHER_LDFLAGS = "$(inherited)";
				PRODUCT_BUNDLE_IDENTIFIER = com.ft.NovelReader;
				PRODUCT_NAME = "$(TARGET_NAME)";
				PROVISIONING_PROFILE_SPECIFIER = "";
				SUPPORTS_MACCATALYST = NO;
				SWIFT_OBJC_BRIDGING_HEADER = "NovelReader/NovelReader-Bridging-Header.h";
				SWIFT_SWIFT3_OBJC_INFERENCE = Off;
				SWIFT_VERSION = 5.0;
				TARGETED_DEVICE_FAMILY = "1,2";
			};
			name = Release;
		};
		DED9754B259639D900B0EE72 /* Debug */ = {
			isa = XCBuildConfiguration;
			buildSettings = {
				BUNDLE_LOADER = "$(TEST_HOST)";
				CLANG_CXX_LANGUAGE_STANDARD = "gnu++14";
				CLANG_ENABLE_OBJC_WEAK = YES;
				CLANG_WARN_UNGUARDED_AVAILABILITY = YES_AGGRESSIVE;
				CODE_SIGN_STYLE = Automatic;
				GCC_C_LANGUAGE_STANDARD = gnu11;
				INFOPLIST_FILE = NovelReaderTests/Info.plist;
				IPHONEOS_DEPLOYMENT_TARGET = 16.6;
				LD_RUNPATH_SEARCH_PATHS = (
					"$(inherited)",
					"@executable_path/Frameworks",
					"@loader_path/Frameworks",
				);
				MTL_ENABLE_DEBUG_INFO = INCLUDE_SOURCE;
				MTL_FAST_MATH = YES;
				PRODUCT_BUNDLE_IDENTIFIER = com.ft.NovelReaderTests;
				PRODUCT_NAME = "$(TARGET_NAME)";
				SWIFT_VERSION = 5.0;
				TARGETED_DEVICE_FAMILY = "1,2";
				TEST_HOST = "$(BUILT_PRODUCTS_DIR)/NovelReader.app/NovelReader";
			};
			name = Debug;
		};
		DED9754C259639D900B0EE72 /* Release */ = {
			isa = XCBuildConfiguration;
			buildSettings = {
				BUNDLE_LOADER = "$(TEST_HOST)";
				CLANG_CXX_LANGUAGE_STANDARD = "gnu++14";
				CLANG_ENABLE_OBJC_WEAK = YES;
				CLANG_WARN_UNGUARDED_AVAILABILITY = YES_AGGRESSIVE;
				CODE_SIGN_STYLE = Automatic;
				GCC_C_LANGUAGE_STANDARD = gnu11;
				INFOPLIST_FILE = NovelReaderTests/Info.plist;
				IPHONEOS_DEPLOYMENT_TARGET = 16.6;
				LD_RUNPATH_SEARCH_PATHS = (
					"$(inherited)",
					"@executable_path/Frameworks",
					"@loader_path/Frameworks",
				);
				MTL_FAST_MATH = YES;
				PRODUCT_BUNDLE_IDENTIFIER = com.ft.NovelReaderTests;
				PRODUCT_NAME = "$(TARGET_NAME)";
				SWIFT_VERSION = 5.0;
				TARGETED_DEVICE_FAMILY = "1,2";
				TEST_HOST = "$(BUILT_PRODUCTS_DIR)/NovelReader.app/NovelReader";
			};
			name = Release;
		};
/* End XCBuildConfiguration section */

/* Begin XCConfigurationList section */
		DE81824F2084F8F6001316E5 /* Build configuration list for PBXNativeTarget "FTNovelReaderMockBundle" */ = {
			isa = XCConfigurationList;
			buildConfigurations = (
				DE8182502084F8F6001316E5 /* Debug */,
				DE8182512084F8F6001316E5 /* Release */,
			);
			defaultConfigurationIsVisible = 0;
			defaultConfigurationName = Release;
		};
		DEA7E13B1F496BAB0002C148 /* Build configuration list for PBXProject "NovelReader" */ = {
			isa = XCConfigurationList;
			buildConfigurations = (
				DEA7E1681F496BAB0002C148 /* Debug */,
				DEA7E1691F496BAB0002C148 /* Release */,
			);
			defaultConfigurationIsVisible = 0;
			defaultConfigurationName = Release;
		};
		DEA7E16A1F496BAB0002C148 /* Build configuration list for PBXNativeTarget "NovelReader" */ = {
			isa = XCConfigurationList;
			buildConfigurations = (
				DEA7E16B1F496BAB0002C148 /* Debug */,
				DEA7E16C1F496BAB0002C148 /* Release */,
			);
			defaultConfigurationIsVisible = 0;
			defaultConfigurationName = Release;
		};
		DED9754A259639D900B0EE72 /* Build configuration list for PBXNativeTarget "NovelReaderTests" */ = {
			isa = XCConfigurationList;
			buildConfigurations = (
				DED9754B259639D900B0EE72 /* Debug */,
				DED9754C259639D900B0EE72 /* Release */,
			);
			defaultConfigurationIsVisible = 0;
			defaultConfigurationName = Release;
		};
/* End XCConfigurationList section */

/* Begin XCRemoteSwiftPackageReference section */
		D46B0A752CCCA72800329C3E /* XCRemoteSwiftPackageReference "MobileCore" */ = {
			isa = XCRemoteSwiftPackageReference;
			repositoryURL = "git@github.com:ppraveentr/MobileCore.git";
			requirement = {
				kind = upToNextMajorVersion;
				minimumVersion = 1.0.0;
			};
		};
/* End XCRemoteSwiftPackageReference section */

/* Begin XCSwiftPackageProductDependency section */
		D46B0A762CCCA72800329C3E /* AppTheming */ = {
			isa = XCSwiftPackageProductDependency;
			package = D46B0A752CCCA72800329C3E /* XCRemoteSwiftPackageReference "MobileCore" */;
			productName = AppTheming;
		};
		D46B0A782CCCA72800329C3E /* CoreComponents */ = {
			isa = XCSwiftPackageProductDependency;
			package = D46B0A752CCCA72800329C3E /* XCRemoteSwiftPackageReference "MobileCore" */;
			productName = CoreComponents;
		};
		D46B0A7A2CCCA72800329C3E /* CoreUtility */ = {
			isa = XCSwiftPackageProductDependency;
			package = D46B0A752CCCA72800329C3E /* XCRemoteSwiftPackageReference "MobileCore" */;
			productName = CoreUtility;
		};
		D46B0A7C2CCCA72800329C3E /* MobileTheming */ = {
			isa = XCSwiftPackageProductDependency;
			package = D46B0A752CCCA72800329C3E /* XCRemoteSwiftPackageReference "MobileCore" */;
			productName = MobileTheming;
		};
		D46B0A7E2CCCA72800329C3E /* NetworkLayer */ = {
			isa = XCSwiftPackageProductDependency;
			package = D46B0A752CCCA72800329C3E /* XCRemoteSwiftPackageReference "MobileCore" */;
			productName = NetworkLayer;
		};
		D49A634F2CBB501F009684C9 /* AppTheming */ = {
			isa = XCSwiftPackageProductDependency;
			productName = AppTheming;
		};
		D49A63512CBB501F009684C9 /* CoreComponents */ = {
			isa = XCSwiftPackageProductDependency;
			productName = CoreComponents;
		};
		D49A63532CBB501F009684C9 /* CoreUtility */ = {
			isa = XCSwiftPackageProductDependency;
			productName = CoreUtility;
		};
		D49A63552CBB501F009684C9 /* NetworkLayer */ = {
			isa = XCSwiftPackageProductDependency;
			productName = NetworkLayer;
		};
		D4E0505F2CCB31E70028D1CE /* MobileTheme */ = {
			isa = XCSwiftPackageProductDependency;
			productName = MobileTheme;
		};
/* End XCSwiftPackageProductDependency section */
	};
	rootObject = DEA7E1381F496BAB0002C148 /* Project object */;
}
