// !$*UTF8*$!
{
	archiveVersion = 1;
	classes = {
	};
	objectVersion = 46;
	objects = {

/* Begin PBXBuildFile section */
		4DF54C61831F19E908183153 /* Pods_NovelReaderDemo.framework in Frameworks */ = {isa = PBXBuildFile; fileRef = 89900C8A827DDB8F2CA3DAC4 /* Pods_NovelReaderDemo.framework */; };
		DE0173BD216148B7007F5546 /* NRBaseCollectionViewController.swift in Sources */ = {isa = PBXBuildFile; fileRef = DE0173BC216148B7007F5546 /* NRBaseCollectionViewController.swift */; };
		DE0173C121614957007F5546 /* NRBaseCollectionViewController.swift in Sources */ = {isa = PBXBuildFile; fileRef = DE0173BC216148B7007F5546 /* NRBaseCollectionViewController.swift */; };
		DE19ADC9217F80C400F58321 /* fetchChapter.json in Resources */ = {isa = PBXBuildFile; fileRef = DE19ADC7217F80C400F58321 /* fetchChapter.json */; };
		DE19ADCA217F80C400F58321 /* fetchNovelChapters.json in Resources */ = {isa = PBXBuildFile; fileRef = DE19ADC8217F80C400F58321 /* fetchNovelChapters.json */; };
		DE19ADCC217F837800F58321 /* NRSelectionCollectionViewCell.swift in Sources */ = {isa = PBXBuildFile; fileRef = DE19ADCB217F837800F58321 /* NRSelectionCollectionViewCell.swift */; };
		DE19ADCD217F837800F58321 /* NRSelectionCollectionViewCell.swift in Sources */ = {isa = PBXBuildFile; fileRef = DE19ADCB217F837800F58321 /* NRSelectionCollectionViewCell.swift */; };
		DE19ADCF217F864500F58321 /* NRSelectionCollectionViewCell.xib in Resources */ = {isa = PBXBuildFile; fileRef = DE19ADCE217F864500F58321 /* NRSelectionCollectionViewCell.xib */; };
		DE19ADD0217F864500F58321 /* NRSelectionCollectionViewCell.xib in Resources */ = {isa = PBXBuildFile; fileRef = DE19ADCE217F864500F58321 /* NRSelectionCollectionViewCell.xib */; };
		DE23237920551287004F1480 /* NRServiceProvider.swift in Sources */ = {isa = PBXBuildFile; fileRef = DEA7E1B01F4996A90002C148 /* NRServiceProvider.swift */; };
		DE23237B20551287004F1480 /* NRBaseTableViewController.swift in Sources */ = {isa = PBXBuildFile; fileRef = DEA7E1AD1F4992030002C148 /* NRBaseTableViewController.swift */; };
		DE23237D20551287004F1480 /* NRTabBarController.swift in Sources */ = {isa = PBXBuildFile; fileRef = DEA7E1A11F497B5D0002C148 /* NRTabBarController.swift */; };
		DE23237E20551287004F1480 /* AppDelegate.swift in Sources */ = {isa = PBXBuildFile; fileRef = DEA7E1431F496BAB0002C148 /* AppDelegate.swift */; };
		DE23238220551287004F1480 /* NRBaseViewController.swift in Sources */ = {isa = PBXBuildFile; fileRef = DEA7E1A01F497B5D0002C148 /* NRBaseViewController.swift */; };
		DE23238620551287004F1480 /* NRAppManager.swift in Sources */ = {isa = PBXBuildFile; fileRef = DEA7E1B61F49A67F0002C148 /* NRAppManager.swift */; };
		DE23238820551287004F1480 /* NRBaseView.swift in Sources */ = {isa = PBXBuildFile; fileRef = DEA7E1A51F497B6C0002C148 /* NRBaseView.swift */; };
		DE23238920551287004F1480 /* NRServiceConstants.swift in Sources */ = {isa = PBXBuildFile; fileRef = DE5A775C204AB8D5008B19ED /* NRServiceConstants.swift */; };
		DE23239320551287004F1480 /* LaunchScreen.storyboard in Resources */ = {isa = PBXBuildFile; fileRef = DEA7E14E1F496BAB0002C148 /* LaunchScreen.storyboard */; };
		DE28567C20946CC2003153C6 /* fetchNovelList.json in Resources */ = {isa = PBXBuildFile; fileRef = DE28567B20946CC2003153C6 /* fetchNovelList.json */; };
		DE383478217253B100DD4B27 /* NRSearchBarHeaderView.swift in Sources */ = {isa = PBXBuildFile; fileRef = DE383477217253B100DD4B27 /* NRSearchBarHeaderView.swift */; };
		DE3834792172543A00DD4B27 /* NRSearchBarHeaderView.swift in Sources */ = {isa = PBXBuildFile; fileRef = DE383477217253B100DD4B27 /* NRSearchBarHeaderView.swift */; };
		DE38347B2172545300DD4B27 /* NRSegmentCollectionHeaderView.swift in Sources */ = {isa = PBXBuildFile; fileRef = DE38347A2172545300DD4B27 /* NRSegmentCollectionHeaderView.swift */; };
		DE38347C2172547300DD4B27 /* NRSegmentCollectionHeaderView.swift in Sources */ = {isa = PBXBuildFile; fileRef = DE38347A2172545300DD4B27 /* NRSegmentCollectionHeaderView.swift */; };
		DE38347D217257CC00DD4B27 /* NRNovelCollectionViewModel.swift in Sources */ = {isa = PBXBuildFile; fileRef = DE4FAC9A21635B18006EF94B /* NRNovelCollectionViewModel.swift */; };
		DE38347F217265A000DD4B27 /* NRSearchFilterViewController.swift in Sources */ = {isa = PBXBuildFile; fileRef = DE38347E217265A000DD4B27 /* NRSearchFilterViewController.swift */; };
		DE3834812172666C00DD4B27 /* NRService_searchFilter.swift in Sources */ = {isa = PBXBuildFile; fileRef = DE3834802172666C00DD4B27 /* NRService_searchFilter.swift */; };
		DE3834822172666C00DD4B27 /* NRService_searchFilter.swift in Sources */ = {isa = PBXBuildFile; fileRef = DE3834802172666C00DD4B27 /* NRService_searchFilter.swift */; };
		DE383484217266C000DD4B27 /* NRSearchFilterModel.swift in Sources */ = {isa = PBXBuildFile; fileRef = DE383483217266C000DD4B27 /* NRSearchFilterModel.swift */; };
		DE383485217266C000DD4B27 /* NRSearchFilterModel.swift in Sources */ = {isa = PBXBuildFile; fileRef = DE383483217266C000DD4B27 /* NRSearchFilterModel.swift */; };
		DE383486217267AA00DD4B27 /* NRSearchFilterViewController.swift in Sources */ = {isa = PBXBuildFile; fileRef = DE38347E217265A000DD4B27 /* NRSearchFilterViewController.swift */; };
		DE4EBE662067B6F5008AC70B /* NRService_fetchNovelList.swift in Sources */ = {isa = PBXBuildFile; fileRef = DE4EBE652067B6F5008AC70B /* NRService_fetchNovelList.swift */; };
		DE4EBE672067B6F5008AC70B /* NRService_fetchNovelList.swift in Sources */ = {isa = PBXBuildFile; fileRef = DE4EBE652067B6F5008AC70B /* NRService_fetchNovelList.swift */; };
		DE4FAC9B21635B18006EF94B /* NRNovelCollectionViewModel.swift in Sources */ = {isa = PBXBuildFile; fileRef = DE4FAC9A21635B18006EF94B /* NRNovelCollectionViewModel.swift */; };
		DE5082322167D21400F3B26F /* NRService_searchNovel.swift in Sources */ = {isa = PBXBuildFile; fileRef = DE5082312167D21400F3B26F /* NRService_searchNovel.swift */; };
		DE5082362167D28100F3B26F /* NRService_searchNovel.swift in Sources */ = {isa = PBXBuildFile; fileRef = DE5082312167D21400F3B26F /* NRService_searchNovel.swift */; };
		DE5A775D204AB8D5008B19ED /* NRServiceConstants.swift in Sources */ = {isa = PBXBuildFile; fileRef = DE5A775C204AB8D5008B19ED /* NRServiceConstants.swift */; };
		DE818246208356BA001316E5 /* NRService_fetchRecentUpdatesList.swift in Sources */ = {isa = PBXBuildFile; fileRef = DE818242208356BA001316E5 /* NRService_fetchRecentUpdatesList.swift */; };
		DE818247208356BA001316E5 /* NRService_fetchRecentUpdatesList.swift in Sources */ = {isa = PBXBuildFile; fileRef = DE818242208356BA001316E5 /* NRService_fetchRecentUpdatesList.swift */; };
		DE8182542084F912001316E5 /* FTNovelReaderMockBundle.bundle in Resources */ = {isa = PBXBuildFile; fileRef = DE81824C2084F8F6001316E5 /* FTNovelReaderMockBundle.bundle */; };
		DE8182592085020A001316E5 /* fetchRecentUpdatesList.json in Resources */ = {isa = PBXBuildFile; fileRef = DE8182562085020A001316E5 /* fetchRecentUpdatesList.json */; };
		DE84280A20558FE8006605C0 /* NRNovel.swift in Sources */ = {isa = PBXBuildFile; fileRef = DE84280520558FE7006605C0 /* NRNovel.swift */; };
		DE84280B20558FE8006605C0 /* NRNovel.swift in Sources */ = {isa = PBXBuildFile; fileRef = DE84280520558FE7006605C0 /* NRNovel.swift */; };
		DE84280C20558FE8006605C0 /* NRNovelChapter.swift in Sources */ = {isa = PBXBuildFile; fileRef = DE84280620558FE7006605C0 /* NRNovelChapter.swift */; };
		DE84280D20558FE8006605C0 /* NRNovelChapter.swift in Sources */ = {isa = PBXBuildFile; fileRef = DE84280620558FE7006605C0 /* NRNovelChapter.swift */; };
		DEA13C94217CBF5500C572E1 /* searchFilter.json in Resources */ = {isa = PBXBuildFile; fileRef = DEA13C93217CBF5500C572E1 /* searchFilter.json */; };
		DEA7E1441F496BAB0002C148 /* AppDelegate.swift in Sources */ = {isa = PBXBuildFile; fileRef = DEA7E1431F496BAB0002C148 /* AppDelegate.swift */; };
		DEA7E1501F496BAB0002C148 /* LaunchScreen.storyboard in Resources */ = {isa = PBXBuildFile; fileRef = DEA7E14E1F496BAB0002C148 /* LaunchScreen.storyboard */; };
		DEA7E15B1F496BAB0002C148 /* NovelReaderTests.swift in Sources */ = {isa = PBXBuildFile; fileRef = DEA7E15A1F496BAB0002C148 /* NovelReaderTests.swift */; };
		DEA7E1661F496BAB0002C148 /* NovelReaderUITests.swift in Sources */ = {isa = PBXBuildFile; fileRef = DEA7E1651F496BAB0002C148 /* NovelReaderUITests.swift */; };
		DEA7E1A31F497B5D0002C148 /* NRBaseViewController.swift in Sources */ = {isa = PBXBuildFile; fileRef = DEA7E1A01F497B5D0002C148 /* NRBaseViewController.swift */; };
		DEA7E1A41F497B5D0002C148 /* NRTabBarController.swift in Sources */ = {isa = PBXBuildFile; fileRef = DEA7E1A11F497B5D0002C148 /* NRTabBarController.swift */; };
		DEA7E1A61F497B6C0002C148 /* NRBaseView.swift in Sources */ = {isa = PBXBuildFile; fileRef = DEA7E1A51F497B6C0002C148 /* NRBaseView.swift */; };
		DEA7E1AE1F4992030002C148 /* NRBaseTableViewController.swift in Sources */ = {isa = PBXBuildFile; fileRef = DEA7E1AD1F4992030002C148 /* NRBaseTableViewController.swift */; };
		DEA7E1B11F4996A90002C148 /* NRServiceProvider.swift in Sources */ = {isa = PBXBuildFile; fileRef = DEA7E1B01F4996A90002C148 /* NRServiceProvider.swift */; };
		DEA7E1B71F49A67F0002C148 /* NRAppManager.swift in Sources */ = {isa = PBXBuildFile; fileRef = DEA7E1B61F49A67F0002C148 /* NRAppManager.swift */; };
		DEAD341F2058263C0064C46A /* Themes.json in Resources */ = {isa = PBXBuildFile; fileRef = DEAD34162058263C0064C46A /* Themes.json */; };
		DEAD34202058263C0064C46A /* Themes.json in Resources */ = {isa = PBXBuildFile; fileRef = DEAD34162058263C0064C46A /* Themes.json */; };
		DEAD3422205826660064C46A /* Bindings in Resources */ = {isa = PBXBuildFile; fileRef = DEAD3421205826660064C46A /* Bindings */; };
		DEAD3423205826660064C46A /* Bindings in Resources */ = {isa = PBXBuildFile; fileRef = DEAD3421205826660064C46A /* Bindings */; };
		DEB91E11217975A000D9FFB9 /* FTMobileCoreUI.framework in Embed Frameworks */ = {isa = PBXBuildFile; fileRef = DEA45CB0205513E7008FA401 /* FTMobileCoreUI.framework */; settings = {ATTRIBUTES = (CodeSignOnCopy, RemoveHeadersOnCopy, ); }; };
		DEB91E12217975A300D9FFB9 /* FTCoreUtility.framework in Embed Frameworks */ = {isa = PBXBuildFile; fileRef = DEA45C9A205513CF008FA401 /* FTCoreUtility.framework */; settings = {ATTRIBUTES = (CodeSignOnCopy, RemoveHeadersOnCopy, ); }; };
		DEB91E13217975AA00D9FFB9 /* FTMobileCore.framework in Embed Frameworks */ = {isa = PBXBuildFile; fileRef = DEA45CA6205513E3008FA401 /* FTMobileCore.framework */; settings = {ATTRIBUTES = (CodeSignOnCopy, RemoveHeadersOnCopy, ); }; };
		DEBC650620970CB50057F649 /* NRBaseViewController+Utility.swift in Sources */ = {isa = PBXBuildFile; fileRef = DEBC650520970CB50057F649 /* NRBaseViewController+Utility.swift */; };
		DEBC650720970CB50057F649 /* NRBaseViewController+Utility.swift in Sources */ = {isa = PBXBuildFile; fileRef = DEBC650520970CB50057F649 /* NRBaseViewController+Utility.swift */; };
		DEBC650E20970E1E0057F649 /* NRGoogleAuth.swift in Sources */ = {isa = PBXBuildFile; fileRef = DEBC650D20970E1E0057F649 /* NRGoogleAuth.swift */; };
		DEBC650F20970E1E0057F649 /* NRGoogleAuth.swift in Sources */ = {isa = PBXBuildFile; fileRef = DEBC650D20970E1E0057F649 /* NRGoogleAuth.swift */; };
		DEBC65142097601A0057F649 /* Main.storyboard in Resources */ = {isa = PBXBuildFile; fileRef = DEBC65132097601A0057F649 /* Main.storyboard */; };
		DEBC65152097601A0057F649 /* Main.storyboard in Resources */ = {isa = PBXBuildFile; fileRef = DEBC65132097601A0057F649 /* Main.storyboard */; };
		DEBC6532209764790057F649 /* NovelReader.storyboard in Resources */ = {isa = PBXBuildFile; fileRef = DEBC6520209764790057F649 /* NovelReader.storyboard */; };
		DEBC6533209764790057F649 /* NovelReader.storyboard in Resources */ = {isa = PBXBuildFile; fileRef = DEBC6520209764790057F649 /* NovelReader.storyboard */; };
		DEBC6534209764790057F649 /* NRReaderViewController.swift in Sources */ = {isa = PBXBuildFile; fileRef = DEBC6521209764790057F649 /* NRReaderViewController.swift */; };
		DEBC6535209764790057F649 /* NRReaderViewController.swift in Sources */ = {isa = PBXBuildFile; fileRef = DEBC6521209764790057F649 /* NRReaderViewController.swift */; };
		DEBC6536209764790057F649 /* NRNovelCollectionViewController.swift in Sources */ = {isa = PBXBuildFile; fileRef = DEBC6522209764790057F649 /* NRNovelCollectionViewController.swift */; };
		DEBC6537209764790057F649 /* NRNovelCollectionViewController.swift in Sources */ = {isa = PBXBuildFile; fileRef = DEBC6522209764790057F649 /* NRNovelCollectionViewController.swift */; };
		DEBC6538209764790057F649 /* NRNovelCollectionViewCell.xib in Resources */ = {isa = PBXBuildFile; fileRef = DEBC6524209764790057F649 /* NRNovelCollectionViewCell.xib */; };
		DEBC6539209764790057F649 /* NRNovelCollectionViewCell.xib in Resources */ = {isa = PBXBuildFile; fileRef = DEBC6524209764790057F649 /* NRNovelCollectionViewCell.xib */; };
		DEBC653A209764790057F649 /* NRRecentNovelCollectionViewCell.xib in Resources */ = {isa = PBXBuildFile; fileRef = DEBC6525209764790057F649 /* NRRecentNovelCollectionViewCell.xib */; };
		DEBC653B209764790057F649 /* NRRecentNovelCollectionViewCell.xib in Resources */ = {isa = PBXBuildFile; fileRef = DEBC6525209764790057F649 /* NRRecentNovelCollectionViewCell.xib */; };
		DEBC6540209764790057F649 /* NRNovelDescriptionView.swift in Sources */ = {isa = PBXBuildFile; fileRef = DEBC6528209764790057F649 /* NRNovelDescriptionView.swift */; };
		DEBC6541209764790057F649 /* NRNovelDescriptionView.swift in Sources */ = {isa = PBXBuildFile; fileRef = DEBC6528209764790057F649 /* NRNovelDescriptionView.swift */; };
		DEBC6542209764790057F649 /* NRNovelDescriptionView.xib in Resources */ = {isa = PBXBuildFile; fileRef = DEBC6529209764790057F649 /* NRNovelDescriptionView.xib */; };
		DEBC6543209764790057F649 /* NRNovelDescriptionView.xib in Resources */ = {isa = PBXBuildFile; fileRef = DEBC6529209764790057F649 /* NRNovelDescriptionView.xib */; };
		DEBC6544209764790057F649 /* NRNovelTableViewCell.swift in Sources */ = {isa = PBXBuildFile; fileRef = DEBC652A209764790057F649 /* NRNovelTableViewCell.swift */; };
		DEBC6545209764790057F649 /* NRNovelTableViewCell.swift in Sources */ = {isa = PBXBuildFile; fileRef = DEBC652A209764790057F649 /* NRNovelTableViewCell.swift */; };
		DEBC6546209764790057F649 /* NRNovelCollectionViewCell.swift in Sources */ = {isa = PBXBuildFile; fileRef = DEBC652B209764790057F649 /* NRNovelCollectionViewCell.swift */; };
		DEBC6547209764790057F649 /* NRNovelCollectionViewCell.swift in Sources */ = {isa = PBXBuildFile; fileRef = DEBC652B209764790057F649 /* NRNovelCollectionViewCell.swift */; };
		DEBC654A209764790057F649 /* NRNovelTableViewCell.xib in Resources */ = {isa = PBXBuildFile; fileRef = DEBC652D209764790057F649 /* NRNovelTableViewCell.xib */; };
		DEBC654B209764790057F649 /* NRNovelTableViewCell.xib in Resources */ = {isa = PBXBuildFile; fileRef = DEBC652D209764790057F649 /* NRNovelTableViewCell.xib */; };
		DEBC654C209764790057F649 /* NRRecentNovelCollectionViewCell.swift in Sources */ = {isa = PBXBuildFile; fileRef = DEBC652E209764790057F649 /* NRRecentNovelCollectionViewCell.swift */; };
		DEBC654D209764790057F649 /* NRRecentNovelCollectionViewCell.swift in Sources */ = {isa = PBXBuildFile; fileRef = DEBC652E209764790057F649 /* NRRecentNovelCollectionViewCell.swift */; };
		DEBC654E209764790057F649 /* NRNovelChapterViewController.swift in Sources */ = {isa = PBXBuildFile; fileRef = DEBC652F209764790057F649 /* NRNovelChapterViewController.swift */; };
		DEBC654F209764790057F649 /* NRNovelChapterViewController.swift in Sources */ = {isa = PBXBuildFile; fileRef = DEBC652F209764790057F649 /* NRNovelChapterViewController.swift */; };
		DEBC6550209764790057F649 /* SearchStoryboard.storyboard in Resources */ = {isa = PBXBuildFile; fileRef = DEBC6531209764790057F649 /* SearchStoryboard.storyboard */; };
		DEBC6551209764790057F649 /* SearchStoryboard.storyboard in Resources */ = {isa = PBXBuildFile; fileRef = DEBC6531209764790057F649 /* SearchStoryboard.storyboard */; };
		DEBC65552097661F0057F649 /* NRSearchCollectionViewController.swift in Sources */ = {isa = PBXBuildFile; fileRef = DEBC65542097661F0057F649 /* NRSearchCollectionViewController.swift */; };
		DEBC65562097661F0057F649 /* NRSearchCollectionViewController.swift in Sources */ = {isa = PBXBuildFile; fileRef = DEBC65542097661F0057F649 /* NRSearchCollectionViewController.swift */; };
		DED799F8217DB2290021116A /* NRBaseScrollViewController.swift in Sources */ = {isa = PBXBuildFile; fileRef = DED799F7217DB2290021116A /* NRBaseScrollViewController.swift */; };
		DED799FC217DB27C0021116A /* NRBaseScrollViewController.swift in Sources */ = {isa = PBXBuildFile; fileRef = DED799F7217DB2290021116A /* NRBaseScrollViewController.swift */; };
		DED79A00217DD6740021116A /* NRSearchFilterViewModel.swift in Sources */ = {isa = PBXBuildFile; fileRef = DED799FF217DD6740021116A /* NRSearchFilterViewModel.swift */; };
		DED79A01217DD6740021116A /* NRSearchFilterViewModel.swift in Sources */ = {isa = PBXBuildFile; fileRef = DED799FF217DD6740021116A /* NRSearchFilterViewModel.swift */; };
		DEDC0A2F2068BCC80013D84F /* NovelServiceRules.plist in Resources */ = {isa = PBXBuildFile; fileRef = DEDC0A2E2068BCC80013D84F /* NovelServiceRules.plist */; };
		DEDC0A302068BCC80013D84F /* NovelServiceRules.plist in Resources */ = {isa = PBXBuildFile; fileRef = DEDC0A2E2068BCC80013D84F /* NovelServiceRules.plist */; };
		DEDE27202069522300E4C992 /* NRRules_fetchNovelList.swift in Sources */ = {isa = PBXBuildFile; fileRef = DEDE271B2069522300E4C992 /* NRRules_fetchNovelList.swift */; };
		DEDE27212069522300E4C992 /* NRRules_fetchNovelList.swift in Sources */ = {isa = PBXBuildFile; fileRef = DEDE271B2069522300E4C992 /* NRRules_fetchNovelList.swift */; };
		DEDE27222069522300E4C992 /* NRRules_defaults.swift in Sources */ = {isa = PBXBuildFile; fileRef = DEDE271C2069522300E4C992 /* NRRules_defaults.swift */; };
		DEDE27232069522300E4C992 /* NRRules_defaults.swift in Sources */ = {isa = PBXBuildFile; fileRef = DEDE271C2069522300E4C992 /* NRRules_defaults.swift */; };
		DEE935132094CDA000B10398 /* Assets.xcassets in Resources */ = {isa = PBXBuildFile; fileRef = DEE935122094CDA000B10398 /* Assets.xcassets */; };
		DEE935142094CDA000B10398 /* Assets.xcassets in Resources */ = {isa = PBXBuildFile; fileRef = DEE935122094CDA000B10398 /* Assets.xcassets */; };
		DEE9351620959E1D00B10398 /* NRService_fetchChapter.swift in Sources */ = {isa = PBXBuildFile; fileRef = DEE9351520959E1C00B10398 /* NRService_fetchChapter.swift */; };
		DEE9351720959E1D00B10398 /* NRService_fetchChapter.swift in Sources */ = {isa = PBXBuildFile; fileRef = DEE9351520959E1C00B10398 /* NRService_fetchChapter.swift */; };
		DEEA25F620A204A20015CCC0 /* FTMobileCore.framework in Frameworks */ = {isa = PBXBuildFile; fileRef = DEEA25F320A204A20015CCC0 /* FTMobileCore.framework */; };
		DEEA25F720A204A20015CCC0 /* FTMobileCoreUI.framework in Frameworks */ = {isa = PBXBuildFile; fileRef = DEEA25F420A204A20015CCC0 /* FTMobileCoreUI.framework */; };
		DEEA25F820A204A20015CCC0 /* FTCoreUtility.framework in Frameworks */ = {isa = PBXBuildFile; fileRef = DEEA25F520A204A20015CCC0 /* FTCoreUtility.framework */; };
		DEEA25F920A204AB0015CCC0 /* FTCoreUtility.framework in Embed Frameworks */ = {isa = PBXBuildFile; fileRef = DEEA25F520A204A20015CCC0 /* FTCoreUtility.framework */; settings = {ATTRIBUTES = (CodeSignOnCopy, RemoveHeadersOnCopy, ); }; };
		DEEA25FA20A204AB0015CCC0 /* FTMobileCore.framework in Embed Frameworks */ = {isa = PBXBuildFile; fileRef = DEEA25F320A204A20015CCC0 /* FTMobileCore.framework */; settings = {ATTRIBUTES = (CodeSignOnCopy, RemoveHeadersOnCopy, ); }; };
		DEEA25FB20A204AB0015CCC0 /* FTMobileCoreUI.framework in Embed Frameworks */ = {isa = PBXBuildFile; fileRef = DEEA25F420A204A20015CCC0 /* FTMobileCoreUI.framework */; settings = {ATTRIBUTES = (CodeSignOnCopy, RemoveHeadersOnCopy, ); }; };
		DEF2411C215E6DE400F7B0C6 /* NRConstants.swift in Sources */ = {isa = PBXBuildFile; fileRef = DEF2411B215E6DE400F7B0C6 /* NRConstants.swift */; };
		DEF2411D215E6DE400F7B0C6 /* NRConstants.swift in Sources */ = {isa = PBXBuildFile; fileRef = DEF2411B215E6DE400F7B0C6 /* NRConstants.swift */; };
		DEF76490208341DD00E6F614 /* NRService_fetchNovelChapters.swift in Sources */ = {isa = PBXBuildFile; fileRef = DEF7648C208341DD00E6F614 /* NRService_fetchNovelChapters.swift */; };
		DEF76491208341DD00E6F614 /* NRService_fetchNovelChapters.swift in Sources */ = {isa = PBXBuildFile; fileRef = DEF7648C208341DD00E6F614 /* NRService_fetchNovelChapters.swift */; };
		DEF8D593206783B5001AFEC2 /* NRNovels.swift in Sources */ = {isa = PBXBuildFile; fileRef = DEF8D58E20678310001AFEC2 /* NRNovels.swift */; };
		DEF8D594206783B6001AFEC2 /* NRNovels.swift in Sources */ = {isa = PBXBuildFile; fileRef = DEF8D58E20678310001AFEC2 /* NRNovels.swift */; };
		DEFB28302171FEBB00B0E06B /* NRSearchModel.swift in Sources */ = {isa = PBXBuildFile; fileRef = DEFB282F2171FEBB00B0E06B /* NRSearchModel.swift */; };
		DEFB28342171FF2B00B0E06B /* NRSearchModel.swift in Sources */ = {isa = PBXBuildFile; fileRef = DEFB282F2171FEBB00B0E06B /* NRSearchModel.swift */; };
		DEFB28362171FF6C00B0E06B /* NRSearchCollectionViewModel.swift in Sources */ = {isa = PBXBuildFile; fileRef = DEFB28352171FF6C00B0E06B /* NRSearchCollectionViewModel.swift */; };
		DEFB28372171FFBD00B0E06B /* NRSearchCollectionViewModel.swift in Sources */ = {isa = PBXBuildFile; fileRef = DEFB28352171FF6C00B0E06B /* NRSearchCollectionViewModel.swift */; };
		F8D94274DD536B93166A55D1 /* Pods_NovelReader.framework in Frameworks */ = {isa = PBXBuildFile; fileRef = A680179A183DD1D3D78732CB /* Pods_NovelReader.framework */; };
/* End PBXBuildFile section */

/* Begin PBXContainerItemProxy section */
		DE81825B20850375001316E5 /* PBXContainerItemProxy */ = {
			isa = PBXContainerItemProxy;
			containerPortal = DEA7E1381F496BAB0002C148 /* Project object */;
			proxyType = 1;
			remoteGlobalIDString = DE81824B2084F8F6001316E5;
			remoteInfo = FTNovelReaderMockBundle;
		};
		DEA45C99205513CF008FA401 /* PBXContainerItemProxy */ = {
			isa = PBXContainerItemProxy;
			containerPortal = DEA45C94205513CF008FA401 /* FTCoreUtility.xcodeproj */;
			proxyType = 2;
			remoteGlobalIDString = DE680B131F2BBD9500A9F68C;
			remoteInfo = FTCoreUtility;
		};
		DEA45C9B205513CF008FA401 /* PBXContainerItemProxy */ = {
			isa = PBXContainerItemProxy;
			containerPortal = DEA45C94205513CF008FA401 /* FTCoreUtility.xcodeproj */;
			proxyType = 2;
			remoteGlobalIDString = DE680B1C1F2BBD9500A9F68C;
			remoteInfo = FTCoreUtilityTests;
		};
		DEA45C9D205513DE008FA401 /* PBXContainerItemProxy */ = {
			isa = PBXContainerItemProxy;
			containerPortal = DEA45C94205513CF008FA401 /* FTCoreUtility.xcodeproj */;
			proxyType = 1;
			remoteGlobalIDString = DE680B121F2BBD9500A9F68C;
			remoteInfo = FTCoreUtility;
		};
		DEA45CA5205513E3008FA401 /* PBXContainerItemProxy */ = {
			isa = PBXContainerItemProxy;
			containerPortal = DEA45C9F205513E3008FA401 /* FTMobileCore.xcodeproj */;
			proxyType = 2;
			remoteGlobalIDString = DE9221A61EF28C9B000C8FC7;
			remoteInfo = FTMobileCore;
		};
		DEA45CA7205513E3008FA401 /* PBXContainerItemProxy */ = {
			isa = PBXContainerItemProxy;
			containerPortal = DEA45C9F205513E3008FA401 /* FTMobileCore.xcodeproj */;
			proxyType = 2;
			remoteGlobalIDString = DE9221AF1EF28C9C000C8FC7;
			remoteInfo = FTMobileCoreTests;
		};
		DEA45CAF205513E7008FA401 /* PBXContainerItemProxy */ = {
			isa = PBXContainerItemProxy;
			containerPortal = DEA45CA9205513E7008FA401 /* FTMobileCoreUI.xcodeproj */;
			proxyType = 2;
			remoteGlobalIDString = DE1485161F10B13600A250A6;
			remoteInfo = FTMobileCoreUI;
		};
		DEA45CB1205513E7008FA401 /* PBXContainerItemProxy */ = {
			isa = PBXContainerItemProxy;
			containerPortal = DEA45CA9205513E7008FA401 /* FTMobileCoreUI.xcodeproj */;
			proxyType = 2;
			remoteGlobalIDString = DEB569771F17DC2600B5F187;
			remoteInfo = FTMobileCoreUITests;
		};
		DEA45CB3205513ED008FA401 /* PBXContainerItemProxy */ = {
			isa = PBXContainerItemProxy;
			containerPortal = DEA45C9F205513E3008FA401 /* FTMobileCore.xcodeproj */;
			proxyType = 1;
			remoteGlobalIDString = DE9221A51EF28C9B000C8FC7;
			remoteInfo = FTMobileCore;
		};
		DEA45CB5205513F0008FA401 /* PBXContainerItemProxy */ = {
			isa = PBXContainerItemProxy;
			containerPortal = DEA45CA9205513E7008FA401 /* FTMobileCoreUI.xcodeproj */;
			proxyType = 1;
			remoteGlobalIDString = DE1485151F10B13600A250A6;
			remoteInfo = FTMobileCoreUI;
		};
		DEA7E1571F496BAB0002C148 /* PBXContainerItemProxy */ = {
			isa = PBXContainerItemProxy;
			containerPortal = DEA7E1381F496BAB0002C148 /* Project object */;
			proxyType = 1;
			remoteGlobalIDString = DEA7E13F1F496BAB0002C148;
			remoteInfo = NovelReader;
		};
		DEA7E1621F496BAB0002C148 /* PBXContainerItemProxy */ = {
			isa = PBXContainerItemProxy;
			containerPortal = DEA7E1381F496BAB0002C148 /* Project object */;
			proxyType = 1;
			remoteGlobalIDString = DEA7E13F1F496BAB0002C148;
			remoteInfo = NovelReader;
		};
/* End PBXContainerItemProxy section */

/* Begin PBXCopyFilesBuildPhase section */
		DE23239B20551287004F1480 /* Embed Frameworks */ = {
			isa = PBXCopyFilesBuildPhase;
			buildActionMask = 2147483647;
			dstPath = "";
			dstSubfolderSpec = 10;
			files = (
				DEB91E13217975AA00D9FFB9 /* FTMobileCore.framework in Embed Frameworks */,
				DEB91E12217975A300D9FFB9 /* FTCoreUtility.framework in Embed Frameworks */,
				DEB91E11217975A000D9FFB9 /* FTMobileCoreUI.framework in Embed Frameworks */,
			);
			name = "Embed Frameworks";
			runOnlyForDeploymentPostprocessing = 0;
		};
		DEA7E19B1F4970400002C148 /* Embed Frameworks */ = {
			isa = PBXCopyFilesBuildPhase;
			buildActionMask = 2147483647;
			dstPath = "";
			dstSubfolderSpec = 10;
			files = (
				DEEA25F920A204AB0015CCC0 /* FTCoreUtility.framework in Embed Frameworks */,
				DEEA25FA20A204AB0015CCC0 /* FTMobileCore.framework in Embed Frameworks */,
				DEEA25FB20A204AB0015CCC0 /* FTMobileCoreUI.framework in Embed Frameworks */,
			);
			name = "Embed Frameworks";
			runOnlyForDeploymentPostprocessing = 0;
		};
/* End PBXCopyFilesBuildPhase section */

/* Begin PBXFileReference section */
		097F0E9BB63395D857FC2973 /* Pods-NovelReaderDemo.debug.xcconfig */ = {isa = PBXFileReference; includeInIndex = 1; lastKnownFileType = text.xcconfig; name = "Pods-NovelReaderDemo.debug.xcconfig"; path = "Pods/Target Support Files/Pods-NovelReaderDemo/Pods-NovelReaderDemo.debug.xcconfig"; sourceTree = "<group>"; };
		0C1CF0563A222DF277798964 /* Pods-NovelReader.debug.xcconfig */ = {isa = PBXFileReference; includeInIndex = 1; lastKnownFileType = text.xcconfig; name = "Pods-NovelReader.debug.xcconfig"; path = "Pods/Target Support Files/Pods-NovelReader/Pods-NovelReader.debug.xcconfig"; sourceTree = "<group>"; };
		89900C8A827DDB8F2CA3DAC4 /* Pods_NovelReaderDemo.framework */ = {isa = PBXFileReference; explicitFileType = wrapper.framework; includeInIndex = 0; path = Pods_NovelReaderDemo.framework; sourceTree = BUILT_PRODUCTS_DIR; };
		A38A0428150D994F048C60EF /* Pods-NovelReaderDemo.release.xcconfig */ = {isa = PBXFileReference; includeInIndex = 1; lastKnownFileType = text.xcconfig; name = "Pods-NovelReaderDemo.release.xcconfig"; path = "Pods/Target Support Files/Pods-NovelReaderDemo/Pods-NovelReaderDemo.release.xcconfig"; sourceTree = "<group>"; };
		A680179A183DD1D3D78732CB /* Pods_NovelReader.framework */ = {isa = PBXFileReference; explicitFileType = wrapper.framework; includeInIndex = 0; path = Pods_NovelReader.framework; sourceTree = BUILT_PRODUCTS_DIR; };
		DE0173BC216148B7007F5546 /* NRBaseCollectionViewController.swift */ = {isa = PBXFileReference; lastKnownFileType = sourcecode.swift; path = NRBaseCollectionViewController.swift; sourceTree = "<group>"; };
		DE19ADC7217F80C400F58321 /* fetchChapter.json */ = {isa = PBXFileReference; fileEncoding = 4; lastKnownFileType = text.json; path = fetchChapter.json; sourceTree = "<group>"; };
		DE19ADC8217F80C400F58321 /* fetchNovelChapters.json */ = {isa = PBXFileReference; fileEncoding = 4; lastKnownFileType = text.json; path = fetchNovelChapters.json; sourceTree = "<group>"; };
		DE19ADCB217F837800F58321 /* NRSelectionCollectionViewCell.swift */ = {isa = PBXFileReference; lastKnownFileType = sourcecode.swift; path = NRSelectionCollectionViewCell.swift; sourceTree = "<group>"; };
		DE19ADCE217F864500F58321 /* NRSelectionCollectionViewCell.xib */ = {isa = PBXFileReference; lastKnownFileType = file.xib; path = NRSelectionCollectionViewCell.xib; sourceTree = "<group>"; };
		DE2323A220551287004F1480 /* NovelReaderDemo.app */ = {isa = PBXFileReference; explicitFileType = wrapper.application; includeInIndex = 0; path = NovelReaderDemo.app; sourceTree = BUILT_PRODUCTS_DIR; };
		DE28567B20946CC2003153C6 /* fetchNovelList.json */ = {isa = PBXFileReference; fileEncoding = 4; lastKnownFileType = text.json; path = fetchNovelList.json; sourceTree = "<group>"; };
		DE383477217253B100DD4B27 /* NRSearchBarHeaderView.swift */ = {isa = PBXFileReference; lastKnownFileType = sourcecode.swift; path = NRSearchBarHeaderView.swift; sourceTree = "<group>"; };
		DE38347A2172545300DD4B27 /* NRSegmentCollectionHeaderView.swift */ = {isa = PBXFileReference; lastKnownFileType = sourcecode.swift; path = NRSegmentCollectionHeaderView.swift; sourceTree = "<group>"; };
		DE38347E217265A000DD4B27 /* NRSearchFilterViewController.swift */ = {isa = PBXFileReference; lastKnownFileType = sourcecode.swift; path = NRSearchFilterViewController.swift; sourceTree = "<group>"; };
		DE3834802172666C00DD4B27 /* NRService_searchFilter.swift */ = {isa = PBXFileReference; lastKnownFileType = sourcecode.swift; path = NRService_searchFilter.swift; sourceTree = "<group>"; };
		DE383483217266C000DD4B27 /* NRSearchFilterModel.swift */ = {isa = PBXFileReference; lastKnownFileType = sourcecode.swift; path = NRSearchFilterModel.swift; sourceTree = "<group>"; };
		DE4EBE652067B6F5008AC70B /* NRService_fetchNovelList.swift */ = {isa = PBXFileReference; fileEncoding = 4; lastKnownFileType = sourcecode.swift; path = NRService_fetchNovelList.swift; sourceTree = "<group>"; };
		DE4FAC9A21635B18006EF94B /* NRNovelCollectionViewModel.swift */ = {isa = PBXFileReference; lastKnownFileType = sourcecode.swift; path = NRNovelCollectionViewModel.swift; sourceTree = "<group>"; };
		DE5082312167D21400F3B26F /* NRService_searchNovel.swift */ = {isa = PBXFileReference; lastKnownFileType = sourcecode.swift; path = NRService_searchNovel.swift; sourceTree = "<group>"; };
		DE5A775C204AB8D5008B19ED /* NRServiceConstants.swift */ = {isa = PBXFileReference; lastKnownFileType = sourcecode.swift; path = NRServiceConstants.swift; sourceTree = "<group>"; };
		DE818242208356BA001316E5 /* NRService_fetchRecentUpdatesList.swift */ = {isa = PBXFileReference; fileEncoding = 4; lastKnownFileType = sourcecode.swift; path = NRService_fetchRecentUpdatesList.swift; sourceTree = "<group>"; };
		DE81824C2084F8F6001316E5 /* FTNovelReaderMockBundle.bundle */ = {isa = PBXFileReference; explicitFileType = wrapper.cfbundle; includeInIndex = 0; path = FTNovelReaderMockBundle.bundle; sourceTree = BUILT_PRODUCTS_DIR; };
		DE81824E2084F8F6001316E5 /* Info.plist */ = {isa = PBXFileReference; lastKnownFileType = text.plist.xml; path = Info.plist; sourceTree = "<group>"; };
		DE8182562085020A001316E5 /* fetchRecentUpdatesList.json */ = {isa = PBXFileReference; fileEncoding = 4; lastKnownFileType = text.json; path = fetchRecentUpdatesList.json; sourceTree = "<group>"; };
		DE84280520558FE7006605C0 /* NRNovel.swift */ = {isa = PBXFileReference; fileEncoding = 4; lastKnownFileType = sourcecode.swift; path = NRNovel.swift; sourceTree = "<group>"; };
		DE84280620558FE7006605C0 /* NRNovelChapter.swift */ = {isa = PBXFileReference; fileEncoding = 4; lastKnownFileType = sourcecode.swift; path = NRNovelChapter.swift; sourceTree = "<group>"; };
		DEA13C93217CBF5500C572E1 /* searchFilter.json */ = {isa = PBXFileReference; lastKnownFileType = text.json; path = searchFilter.json; sourceTree = "<group>"; };
		DEA45C94205513CF008FA401 /* FTCoreUtility.xcodeproj */ = {isa = PBXFileReference; lastKnownFileType = "wrapper.pb-project"; name = FTCoreUtility.xcodeproj; path = ../../MobileCore/FTCoreUtility/FTCoreUtility.xcodeproj; sourceTree = "<group>"; };
		DEA45C9F205513E3008FA401 /* FTMobileCore.xcodeproj */ = {isa = PBXFileReference; lastKnownFileType = "wrapper.pb-project"; name = FTMobileCore.xcodeproj; path = ../../MobileCore/FTMobileCore/FTMobileCore.xcodeproj; sourceTree = "<group>"; };
		DEA45CA9205513E7008FA401 /* FTMobileCoreUI.xcodeproj */ = {isa = PBXFileReference; lastKnownFileType = "wrapper.pb-project"; name = FTMobileCoreUI.xcodeproj; path = ../../MobileCore/FTMobileCoreUI/FTMobileCoreUI.xcodeproj; sourceTree = "<group>"; };
		DEA7E1401F496BAB0002C148 /* NovelReader.app */ = {isa = PBXFileReference; explicitFileType = wrapper.application; includeInIndex = 0; path = NovelReader.app; sourceTree = BUILT_PRODUCTS_DIR; };
		DEA7E1431F496BAB0002C148 /* AppDelegate.swift */ = {isa = PBXFileReference; lastKnownFileType = sourcecode.swift; path = AppDelegate.swift; sourceTree = "<group>"; };
		DEA7E14F1F496BAB0002C148 /* Base */ = {isa = PBXFileReference; lastKnownFileType = file.storyboard; name = Base; path = Base.lproj/LaunchScreen.storyboard; sourceTree = "<group>"; };
		DEA7E1561F496BAB0002C148 /* NovelReaderTests.xctest */ = {isa = PBXFileReference; explicitFileType = wrapper.cfbundle; includeInIndex = 0; path = NovelReaderTests.xctest; sourceTree = BUILT_PRODUCTS_DIR; };
		DEA7E15A1F496BAB0002C148 /* NovelReaderTests.swift */ = {isa = PBXFileReference; lastKnownFileType = sourcecode.swift; path = NovelReaderTests.swift; sourceTree = "<group>"; };
		DEA7E15C1F496BAB0002C148 /* Info.plist */ = {isa = PBXFileReference; lastKnownFileType = text.plist.xml; path = Info.plist; sourceTree = "<group>"; };
		DEA7E1611F496BAB0002C148 /* NovelReaderUITests.xctest */ = {isa = PBXFileReference; explicitFileType = wrapper.cfbundle; includeInIndex = 0; path = NovelReaderUITests.xctest; sourceTree = BUILT_PRODUCTS_DIR; };
		DEA7E1651F496BAB0002C148 /* NovelReaderUITests.swift */ = {isa = PBXFileReference; lastKnownFileType = sourcecode.swift; path = NovelReaderUITests.swift; sourceTree = "<group>"; };
		DEA7E1671F496BAB0002C148 /* Info.plist */ = {isa = PBXFileReference; lastKnownFileType = text.plist.xml; path = Info.plist; sourceTree = "<group>"; };
		DEA7E1801F496C1C0002C148 /* NovelReader-Bridging-Header.h */ = {isa = PBXFileReference; lastKnownFileType = sourcecode.c.h; path = "NovelReader-Bridging-Header.h"; sourceTree = "<group>"; };
		DEA7E1A01F497B5D0002C148 /* NRBaseViewController.swift */ = {isa = PBXFileReference; fileEncoding = 4; lastKnownFileType = sourcecode.swift; path = NRBaseViewController.swift; sourceTree = "<group>"; };
		DEA7E1A11F497B5D0002C148 /* NRTabBarController.swift */ = {isa = PBXFileReference; fileEncoding = 4; lastKnownFileType = sourcecode.swift; path = NRTabBarController.swift; sourceTree = "<group>"; };
		DEA7E1A51F497B6C0002C148 /* NRBaseView.swift */ = {isa = PBXFileReference; fileEncoding = 4; lastKnownFileType = sourcecode.swift; path = NRBaseView.swift; sourceTree = "<group>"; };
		DEA7E1AD1F4992030002C148 /* NRBaseTableViewController.swift */ = {isa = PBXFileReference; fileEncoding = 4; lastKnownFileType = sourcecode.swift; path = NRBaseTableViewController.swift; sourceTree = "<group>"; };
		DEA7E1B01F4996A90002C148 /* NRServiceProvider.swift */ = {isa = PBXFileReference; fileEncoding = 4; lastKnownFileType = sourcecode.swift; path = NRServiceProvider.swift; sourceTree = "<group>"; };
		DEA7E1B61F49A67F0002C148 /* NRAppManager.swift */ = {isa = PBXFileReference; fileEncoding = 4; lastKnownFileType = sourcecode.swift; path = NRAppManager.swift; sourceTree = "<group>"; };
		DEAD34162058263C0064C46A /* Themes.json */ = {isa = PBXFileReference; fileEncoding = 4; lastKnownFileType = text.json; path = Themes.json; sourceTree = "<group>"; };
		DEAD3421205826660064C46A /* Bindings */ = {isa = PBXFileReference; lastKnownFileType = folder; path = Bindings; sourceTree = "<group>"; };
		DEBC650520970CB50057F649 /* NRBaseViewController+Utility.swift */ = {isa = PBXFileReference; lastKnownFileType = sourcecode.swift; path = "NRBaseViewController+Utility.swift"; sourceTree = "<group>"; };
		DEBC650D20970E1E0057F649 /* NRGoogleAuth.swift */ = {isa = PBXFileReference; lastKnownFileType = sourcecode.swift; path = NRGoogleAuth.swift; sourceTree = "<group>"; };
		DEBC65132097601A0057F649 /* Main.storyboard */ = {isa = PBXFileReference; lastKnownFileType = file.storyboard; path = Main.storyboard; sourceTree = "<group>"; };
		DEBC6520209764790057F649 /* NovelReader.storyboard */ = {isa = PBXFileReference; fileEncoding = 4; lastKnownFileType = file.storyboard; path = NovelReader.storyboard; sourceTree = "<group>"; };
		DEBC6521209764790057F649 /* NRReaderViewController.swift */ = {isa = PBXFileReference; fileEncoding = 4; lastKnownFileType = sourcecode.swift; path = NRReaderViewController.swift; sourceTree = "<group>"; };
		DEBC6522209764790057F649 /* NRNovelCollectionViewController.swift */ = {isa = PBXFileReference; fileEncoding = 4; lastKnownFileType = sourcecode.swift; path = NRNovelCollectionViewController.swift; sourceTree = "<group>"; };
		DEBC6524209764790057F649 /* NRNovelCollectionViewCell.xib */ = {isa = PBXFileReference; fileEncoding = 4; lastKnownFileType = file.xib; path = NRNovelCollectionViewCell.xib; sourceTree = "<group>"; };
		DEBC6525209764790057F649 /* NRRecentNovelCollectionViewCell.xib */ = {isa = PBXFileReference; fileEncoding = 4; lastKnownFileType = file.xib; path = NRRecentNovelCollectionViewCell.xib; sourceTree = "<group>"; };
		DEBC6528209764790057F649 /* NRNovelDescriptionView.swift */ = {isa = PBXFileReference; fileEncoding = 4; lastKnownFileType = sourcecode.swift; path = NRNovelDescriptionView.swift; sourceTree = "<group>"; };
		DEBC6529209764790057F649 /* NRNovelDescriptionView.xib */ = {isa = PBXFileReference; fileEncoding = 4; lastKnownFileType = file.xib; path = NRNovelDescriptionView.xib; sourceTree = "<group>"; };
		DEBC652A209764790057F649 /* NRNovelTableViewCell.swift */ = {isa = PBXFileReference; fileEncoding = 4; lastKnownFileType = sourcecode.swift; path = NRNovelTableViewCell.swift; sourceTree = "<group>"; };
		DEBC652B209764790057F649 /* NRNovelCollectionViewCell.swift */ = {isa = PBXFileReference; fileEncoding = 4; lastKnownFileType = sourcecode.swift; path = NRNovelCollectionViewCell.swift; sourceTree = "<group>"; };
		DEBC652D209764790057F649 /* NRNovelTableViewCell.xib */ = {isa = PBXFileReference; fileEncoding = 4; lastKnownFileType = file.xib; path = NRNovelTableViewCell.xib; sourceTree = "<group>"; };
		DEBC652E209764790057F649 /* NRRecentNovelCollectionViewCell.swift */ = {isa = PBXFileReference; fileEncoding = 4; lastKnownFileType = sourcecode.swift; path = NRRecentNovelCollectionViewCell.swift; sourceTree = "<group>"; };
		DEBC652F209764790057F649 /* NRNovelChapterViewController.swift */ = {isa = PBXFileReference; fileEncoding = 4; lastKnownFileType = sourcecode.swift; path = NRNovelChapterViewController.swift; sourceTree = "<group>"; };
		DEBC6531209764790057F649 /* SearchStoryboard.storyboard */ = {isa = PBXFileReference; fileEncoding = 4; lastKnownFileType = file.storyboard; path = SearchStoryboard.storyboard; sourceTree = "<group>"; };
		DEBC65532097649B0057F649 /* Info.plist */ = {isa = PBXFileReference; lastKnownFileType = text.plist.xml; path = Info.plist; sourceTree = "<group>"; };
		DEBC65542097661F0057F649 /* NRSearchCollectionViewController.swift */ = {isa = PBXFileReference; lastKnownFileType = sourcecode.swift; path = NRSearchCollectionViewController.swift; sourceTree = "<group>"; };
		DED799F7217DB2290021116A /* NRBaseScrollViewController.swift */ = {isa = PBXFileReference; lastKnownFileType = sourcecode.swift; path = NRBaseScrollViewController.swift; sourceTree = "<group>"; };
		DED799FF217DD6740021116A /* NRSearchFilterViewModel.swift */ = {isa = PBXFileReference; lastKnownFileType = sourcecode.swift; path = NRSearchFilterViewModel.swift; sourceTree = "<group>"; };
		DEDC0A2E2068BCC80013D84F /* NovelServiceRules.plist */ = {isa = PBXFileReference; lastKnownFileType = text.plist.xml; path = NovelServiceRules.plist; sourceTree = "<group>"; };
		DEDE271B2069522300E4C992 /* NRRules_fetchNovelList.swift */ = {isa = PBXFileReference; fileEncoding = 4; lastKnownFileType = sourcecode.swift; path = NRRules_fetchNovelList.swift; sourceTree = "<group>"; };
		DEDE271C2069522300E4C992 /* NRRules_defaults.swift */ = {isa = PBXFileReference; fileEncoding = 4; lastKnownFileType = sourcecode.swift; path = NRRules_defaults.swift; sourceTree = "<group>"; };
		DEE935122094CDA000B10398 /* Assets.xcassets */ = {isa = PBXFileReference; lastKnownFileType = folder.assetcatalog; path = Assets.xcassets; sourceTree = "<group>"; };
		DEE9351520959E1C00B10398 /* NRService_fetchChapter.swift */ = {isa = PBXFileReference; fileEncoding = 4; lastKnownFileType = sourcecode.swift; path = NRService_fetchChapter.swift; sourceTree = "<group>"; };
		DEEA25F320A204A20015CCC0 /* FTMobileCore.framework */ = {isa = PBXFileReference; lastKnownFileType = wrapper.framework; path = FTMobileCore.framework; sourceTree = "<group>"; };
		DEEA25F420A204A20015CCC0 /* FTMobileCoreUI.framework */ = {isa = PBXFileReference; lastKnownFileType = wrapper.framework; path = FTMobileCoreUI.framework; sourceTree = "<group>"; };
		DEEA25F520A204A20015CCC0 /* FTCoreUtility.framework */ = {isa = PBXFileReference; lastKnownFileType = wrapper.framework; path = FTCoreUtility.framework; sourceTree = "<group>"; };
		DEF2411B215E6DE400F7B0C6 /* NRConstants.swift */ = {isa = PBXFileReference; lastKnownFileType = sourcecode.swift; path = NRConstants.swift; sourceTree = "<group>"; };
		DEF7648C208341DD00E6F614 /* NRService_fetchNovelChapters.swift */ = {isa = PBXFileReference; fileEncoding = 4; lastKnownFileType = sourcecode.swift; path = NRService_fetchNovelChapters.swift; sourceTree = "<group>"; };
		DEF8D58E20678310001AFEC2 /* NRNovels.swift */ = {isa = PBXFileReference; fileEncoding = 4; lastKnownFileType = sourcecode.swift; path = NRNovels.swift; sourceTree = "<group>"; };
		DEFB282F2171FEBB00B0E06B /* NRSearchModel.swift */ = {isa = PBXFileReference; lastKnownFileType = sourcecode.swift; path = NRSearchModel.swift; sourceTree = "<group>"; };
		DEFB28352171FF6C00B0E06B /* NRSearchCollectionViewModel.swift */ = {isa = PBXFileReference; lastKnownFileType = sourcecode.swift; path = NRSearchCollectionViewModel.swift; sourceTree = "<group>"; };
		E79CFA97A43C0FF6EC2DF089 /* Pods-NovelReader.release.xcconfig */ = {isa = PBXFileReference; includeInIndex = 1; lastKnownFileType = text.xcconfig; name = "Pods-NovelReader.release.xcconfig"; path = "Pods/Target Support Files/Pods-NovelReader/Pods-NovelReader.release.xcconfig"; sourceTree = "<group>"; };
/* End PBXFileReference section */

/* Begin PBXFrameworksBuildPhase section */
		DE23238A20551287004F1480 /* Frameworks */ = {
			isa = PBXFrameworksBuildPhase;
			buildActionMask = 2147483647;
			files = (
				4DF54C61831F19E908183153 /* Pods_NovelReaderDemo.framework in Frameworks */,
			);
			runOnlyForDeploymentPostprocessing = 0;
		};
		DE8182492084F8F6001316E5 /* Frameworks */ = {
			isa = PBXFrameworksBuildPhase;
			buildActionMask = 2147483647;
			files = (
			);
			runOnlyForDeploymentPostprocessing = 0;
		};
		DEA7E13D1F496BAB0002C148 /* Frameworks */ = {
			isa = PBXFrameworksBuildPhase;
			buildActionMask = 2147483647;
			files = (
				F8D94274DD536B93166A55D1 /* Pods_NovelReader.framework in Frameworks */,
				DEEA25F620A204A20015CCC0 /* FTMobileCore.framework in Frameworks */,
				DEEA25F820A204A20015CCC0 /* FTCoreUtility.framework in Frameworks */,
				DEEA25F720A204A20015CCC0 /* FTMobileCoreUI.framework in Frameworks */,
			);
			runOnlyForDeploymentPostprocessing = 0;
		};
		DEA7E1531F496BAB0002C148 /* Frameworks */ = {
			isa = PBXFrameworksBuildPhase;
			buildActionMask = 2147483647;
			files = (
			);
			runOnlyForDeploymentPostprocessing = 0;
		};
		DEA7E15E1F496BAB0002C148 /* Frameworks */ = {
			isa = PBXFrameworksBuildPhase;
			buildActionMask = 2147483647;
			files = (
			);
			runOnlyForDeploymentPostprocessing = 0;
		};
/* End PBXFrameworksBuildPhase section */

/* Begin PBXGroup section */
		7D38BD8F927372A6ED7EE86C /* Pods */ = {
			isa = PBXGroup;
			children = (
				0C1CF0563A222DF277798964 /* Pods-NovelReader.debug.xcconfig */,
				E79CFA97A43C0FF6EC2DF089 /* Pods-NovelReader.release.xcconfig */,
				097F0E9BB63395D857FC2973 /* Pods-NovelReaderDemo.debug.xcconfig */,
				A38A0428150D994F048C60EF /* Pods-NovelReaderDemo.release.xcconfig */,
			);
			name = Pods;
			sourceTree = "<group>";
		};
		DE3834732172538F00DD4B27 /* Views */ = {
			isa = PBXGroup;
			children = (
				DE383477217253B100DD4B27 /* NRSearchBarHeaderView.swift */,
				DE38347A2172545300DD4B27 /* NRSegmentCollectionHeaderView.swift */,
				DE19ADCB217F837800F58321 /* NRSelectionCollectionViewCell.swift */,
				DE19ADCE217F864500F58321 /* NRSelectionCollectionViewCell.xib */,
			);
			path = Views;
			sourceTree = "<group>";
		};
		DE4EBE642067B6F5008AC70B /* ServiceModel */ = {
			isa = PBXGroup;
			children = (
				DE818242208356BA001316E5 /* NRService_fetchRecentUpdatesList.swift */,
				DEE9351520959E1C00B10398 /* NRService_fetchChapter.swift */,
				DEF7648C208341DD00E6F614 /* NRService_fetchNovelChapters.swift */,
				DE4EBE652067B6F5008AC70B /* NRService_fetchNovelList.swift */,
				DE5082312167D21400F3B26F /* NRService_searchNovel.swift */,
				DE3834802172666C00DD4B27 /* NRService_searchFilter.swift */,
			);
			path = ServiceModel;
			sourceTree = "<group>";
		};
		DE81824D2084F8F6001316E5 /* FTNovelReaderMockBundle */ = {
			isa = PBXGroup;
			children = (
				DE19ADC7217F80C400F58321 /* fetchChapter.json */,
				DE19ADC8217F80C400F58321 /* fetchNovelChapters.json */,
				DE8182562085020A001316E5 /* fetchRecentUpdatesList.json */,
				DE28567B20946CC2003153C6 /* fetchNovelList.json */,
				DEA13C93217CBF5500C572E1 /* searchFilter.json */,
				DE81824E2084F8F6001316E5 /* Info.plist */,
			);
			path = FTNovelReaderMockBundle;
			sourceTree = "<group>";
		};
		DE84280420558FE7006605C0 /* ModelObjects */ = {
			isa = PBXGroup;
			children = (
				DEF8D58E20678310001AFEC2 /* NRNovels.swift */,
				DE84280520558FE7006605C0 /* NRNovel.swift */,
				DE84280620558FE7006605C0 /* NRNovelChapter.swift */,
				DEFB282F2171FEBB00B0E06B /* NRSearchModel.swift */,
				DE383483217266C000DD4B27 /* NRSearchFilterModel.swift */,
			);
			path = ModelObjects;
			sourceTree = "<group>";
		};
		DEA45C95205513CF008FA401 /* Products */ = {
			isa = PBXGroup;
			children = (
				DEA45C9A205513CF008FA401 /* FTCoreUtility.framework */,
				DEA45C9C205513CF008FA401 /* FTCoreUtilityTests.xctest */,
			);
			name = Products;
			sourceTree = "<group>";
		};
		DEA45CA0205513E3008FA401 /* Products */ = {
			isa = PBXGroup;
			children = (
				DEA45CA6205513E3008FA401 /* FTMobileCore.framework */,
				DEA45CA8205513E3008FA401 /* FTMobileCoreTests.xctest */,
			);
			name = Products;
			sourceTree = "<group>";
		};
		DEA45CAA205513E7008FA401 /* Products */ = {
			isa = PBXGroup;
			children = (
				DEA45CB0205513E7008FA401 /* FTMobileCoreUI.framework */,
				DEA45CB2205513E7008FA401 /* FTMobileCoreUITests.xctest */,
			);
			name = Products;
			sourceTree = "<group>";
		};
		DEA7E1371F496BAB0002C148 = {
			isa = PBXGroup;
			children = (
				DE81824D2084F8F6001316E5 /* FTNovelReaderMockBundle */,
				DEA7E1831F496D950002C148 /* Frameworks */,
				DEA7E1421F496BAB0002C148 /* NovelReader */,
				DEA7E1591F496BAB0002C148 /* NovelReaderTests */,
				DEA7E1641F496BAB0002C148 /* NovelReaderUITests */,
				DEA7E1411F496BAB0002C148 /* Products */,
				7D38BD8F927372A6ED7EE86C /* Pods */,
			);
			sourceTree = "<group>";
		};
		DEA7E1411F496BAB0002C148 /* Products */ = {
			isa = PBXGroup;
			children = (
				DEA7E1401F496BAB0002C148 /* NovelReader.app */,
				DEA7E1561F496BAB0002C148 /* NovelReaderTests.xctest */,
				DEA7E1611F496BAB0002C148 /* NovelReaderUITests.xctest */,
				DE2323A220551287004F1480 /* NovelReaderDemo.app */,
				DE81824C2084F8F6001316E5 /* FTNovelReaderMockBundle.bundle */,
			);
			name = Products;
			sourceTree = "<group>";
		};
		DEA7E1421F496BAB0002C148 /* NovelReader */ = {
			isa = PBXGroup;
			children = (
				DEA7E1801F496C1C0002C148 /* NovelReader-Bridging-Header.h */,
				DEA7E1431F496BAB0002C148 /* AppDelegate.swift */,
				DEBC65132097601A0057F649 /* Main.storyboard */,
				DEA7E14E1F496BAB0002C148 /* LaunchScreen.storyboard */,
				DEA7E19F1F497B5D0002C148 /* BaseComponents */,
				DEBC651E209764790057F649 /* Modules */,
				DEAD340C2058263C0064C46A /* Resources */,
				DEA7E1AF1F4996910002C148 /* Parser */,
			);
			path = NovelReader;
			sourceTree = "<group>";
		};
		DEA7E1591F496BAB0002C148 /* NovelReaderTests */ = {
			isa = PBXGroup;
			children = (
				DEA7E15A1F496BAB0002C148 /* NovelReaderTests.swift */,
				DEA7E15C1F496BAB0002C148 /* Info.plist */,
			);
			path = NovelReaderTests;
			sourceTree = "<group>";
		};
		DEA7E1641F496BAB0002C148 /* NovelReaderUITests */ = {
			isa = PBXGroup;
			children = (
				DEA7E1651F496BAB0002C148 /* NovelReaderUITests.swift */,
				DEA7E1671F496BAB0002C148 /* Info.plist */,
			);
			path = NovelReaderUITests;
			sourceTree = "<group>";
		};
		DEA7E1831F496D950002C148 /* Frameworks */ = {
			isa = PBXGroup;
			children = (
				DEEA25F520A204A20015CCC0 /* FTCoreUtility.framework */,
				DEEA25F320A204A20015CCC0 /* FTMobileCore.framework */,
				DEEA25F420A204A20015CCC0 /* FTMobileCoreUI.framework */,
				DEA45CA9205513E7008FA401 /* FTMobileCoreUI.xcodeproj */,
				DEA45C9F205513E3008FA401 /* FTMobileCore.xcodeproj */,
				DEA45C94205513CF008FA401 /* FTCoreUtility.xcodeproj */,
				A680179A183DD1D3D78732CB /* Pods_NovelReader.framework */,
				89900C8A827DDB8F2CA3DAC4 /* Pods_NovelReaderDemo.framework */,
			);
			path = Frameworks;
			sourceTree = "<group>";
		};
		DEA7E19F1F497B5D0002C148 /* BaseComponents */ = {
			isa = PBXGroup;
			children = (
				DEF2411B215E6DE400F7B0C6 /* NRConstants.swift */,
				DEA7E1B61F49A67F0002C148 /* NRAppManager.swift */,
				DEBC650D20970E1E0057F649 /* NRGoogleAuth.swift */,
				DEA7E1A11F497B5D0002C148 /* NRTabBarController.swift */,
				DEA7E1A01F497B5D0002C148 /* NRBaseViewController.swift */,
				DEBC650520970CB50057F649 /* NRBaseViewController+Utility.swift */,
				DEA7E1AD1F4992030002C148 /* NRBaseTableViewController.swift */,
				DE0173BC216148B7007F5546 /* NRBaseCollectionViewController.swift */,
				DED799F7217DB2290021116A /* NRBaseScrollViewController.swift */,
				DEA7E1A21F497B5D0002C148 /* Views */,
			);
			path = BaseComponents;
			sourceTree = "<group>";
		};
		DEA7E1A21F497B5D0002C148 /* Views */ = {
			isa = PBXGroup;
			children = (
				DEA7E1A51F497B6C0002C148 /* NRBaseView.swift */,
			);
			path = Views;
			sourceTree = "<group>";
		};
		DEA7E1AF1F4996910002C148 /* Parser */ = {
			isa = PBXGroup;
			children = (
				DEA7E1B01F4996A90002C148 /* NRServiceProvider.swift */,
				DE5A775C204AB8D5008B19ED /* NRServiceConstants.swift */,
				DEDE271A2069522300E4C992 /* Rules */,
				DE84280420558FE7006605C0 /* ModelObjects */,
				DE4EBE642067B6F5008AC70B /* ServiceModel */,
			);
			path = Parser;
			sourceTree = "<group>";
		};
		DEAD340C2058263C0064C46A /* Resources */ = {
			isa = PBXGroup;
			children = (
				DEDC0A2E2068BCC80013D84F /* NovelServiceRules.plist */,
				DEBC65522097649B0057F649 /* plist */,
				DEE935122094CDA000B10398 /* Assets.xcassets */,
				DEAD3421205826660064C46A /* Bindings */,
				DEAD34152058263C0064C46A /* Themes */,
			);
			path = Resources;
			sourceTree = "<group>";
		};
		DEAD34152058263C0064C46A /* Themes */ = {
			isa = PBXGroup;
			children = (
				DEAD34162058263C0064C46A /* Themes.json */,
			);
			path = Themes;
			sourceTree = "<group>";
		};
		DEBC651E209764790057F649 /* Modules */ = {
			isa = PBXGroup;
			children = (
				DE3834732172538F00DD4B27 /* Views */,
				DEBC651F209764790057F649 /* Reader */,
				DEBC6530209764790057F649 /* Search */,
			);
			path = Modules;
			sourceTree = "<group>";
		};
		DEBC651F209764790057F649 /* Reader */ = {
			isa = PBXGroup;
			children = (
				DEBC6520209764790057F649 /* NovelReader.storyboard */,
				DEBC6522209764790057F649 /* NRNovelCollectionViewController.swift */,
				DE4FAC9A21635B18006EF94B /* NRNovelCollectionViewModel.swift */,
				DEBC652F209764790057F649 /* NRNovelChapterViewController.swift */,
				DEBC6521209764790057F649 /* NRReaderViewController.swift */,
				DEBC6523209764790057F649 /* Views */,
			);
			path = Reader;
			sourceTree = "<group>";
		};
		DEBC6523209764790057F649 /* Views */ = {
			isa = PBXGroup;
			children = (
				DEBC6528209764790057F649 /* NRNovelDescriptionView.swift */,
				DEBC6529209764790057F649 /* NRNovelDescriptionView.xib */,
				DEBC652A209764790057F649 /* NRNovelTableViewCell.swift */,
				DEBC652D209764790057F649 /* NRNovelTableViewCell.xib */,
				DEBC652B209764790057F649 /* NRNovelCollectionViewCell.swift */,
				DEBC6524209764790057F649 /* NRNovelCollectionViewCell.xib */,
				DEBC652E209764790057F649 /* NRRecentNovelCollectionViewCell.swift */,
				DEBC6525209764790057F649 /* NRRecentNovelCollectionViewCell.xib */,
			);
			path = Views;
			sourceTree = "<group>";
		};
		DEBC6530209764790057F649 /* Search */ = {
			isa = PBXGroup;
			children = (
				DEBC6531209764790057F649 /* SearchStoryboard.storyboard */,
				DEBC65542097661F0057F649 /* NRSearchCollectionViewController.swift */,
				DEFB28352171FF6C00B0E06B /* NRSearchCollectionViewModel.swift */,
				DE38347E217265A000DD4B27 /* NRSearchFilterViewController.swift */,
				DED799FF217DD6740021116A /* NRSearchFilterViewModel.swift */,
			);
			path = Search;
			sourceTree = "<group>";
		};
		DEBC65522097649B0057F649 /* plist */ = {
			isa = PBXGroup;
			children = (
				DEBC65532097649B0057F649 /* Info.plist */,
			);
			path = plist;
			sourceTree = "<group>";
		};
		DEDE271A2069522300E4C992 /* Rules */ = {
			isa = PBXGroup;
			children = (
				DEDE271B2069522300E4C992 /* NRRules_fetchNovelList.swift */,
				DEDE271C2069522300E4C992 /* NRRules_defaults.swift */,
			);
			path = Rules;
			sourceTree = "<group>";
		};
/* End PBXGroup section */

/* Begin PBXNativeTarget section */
		DE23237720551287004F1480 /* NovelReaderDemo */ = {
			isa = PBXNativeTarget;
			buildConfigurationList = DE23239F20551287004F1480 /* Build configuration list for PBXNativeTarget "NovelReaderDemo" */;
			buildPhases = (
				810E16F089087BE60285965A /* [CP] Check Pods Manifest.lock */,
				DE23237820551287004F1480 /* Sources */,
				DE23238A20551287004F1480 /* Frameworks */,
				DE23238E20551287004F1480 /* Resources */,
				DE23239B20551287004F1480 /* Embed Frameworks */,
				E83B24A414A425C09676EC88 /* [CP] Embed Pods Frameworks */,
				1E0241702F80F4887ED17F93 /* [CP] Copy Pods Resources */,
			);
			buildRules = (
			);
			dependencies = (
				DE81825C20850375001316E5 /* PBXTargetDependency */,
				DEA45CB6205513F0008FA401 /* PBXTargetDependency */,
				DEA45CB4205513ED008FA401 /* PBXTargetDependency */,
				DEA45C9E205513DE008FA401 /* PBXTargetDependency */,
			);
			name = NovelReaderDemo;
			productName = NovelReader;
			productReference = DE2323A220551287004F1480 /* NovelReaderDemo.app */;
			productType = "com.apple.product-type.application";
		};
		DE81824B2084F8F6001316E5 /* FTNovelReaderMockBundle */ = {
			isa = PBXNativeTarget;
			buildConfigurationList = DE81824F2084F8F6001316E5 /* Build configuration list for PBXNativeTarget "FTNovelReaderMockBundle" */;
			buildPhases = (
				DE8182482084F8F6001316E5 /* Sources */,
				DE8182492084F8F6001316E5 /* Frameworks */,
				DE81824A2084F8F6001316E5 /* Resources */,
			);
			buildRules = (
			);
			dependencies = (
			);
			name = FTNovelReaderMockBundle;
			productName = FTNovelReaderMockBundle;
			productReference = DE81824C2084F8F6001316E5 /* FTNovelReaderMockBundle.bundle */;
			productType = "com.apple.product-type.bundle";
		};
		DEA7E13F1F496BAB0002C148 /* NovelReader */ = {
			isa = PBXNativeTarget;
			buildConfigurationList = DEA7E16A1F496BAB0002C148 /* Build configuration list for PBXNativeTarget "NovelReader" */;
			buildPhases = (
				0A101EE8EA3C68CDD6F39DB8 /* [CP] Check Pods Manifest.lock */,
				DEA7E13C1F496BAB0002C148 /* Sources */,
				DEA7E13D1F496BAB0002C148 /* Frameworks */,
				DEA7E13E1F496BAB0002C148 /* Resources */,
				DEA7E19B1F4970400002C148 /* Embed Frameworks */,
				5226665313E4689E4DAE9BC8 /* [CP] Embed Pods Frameworks */,
				3B40B5E9049E6B5CB415DFEB /* [CP] Copy Pods Resources */,
			);
			buildRules = (
			);
			dependencies = (
			);
			name = NovelReader;
			productName = NovelReader;
			productReference = DEA7E1401F496BAB0002C148 /* NovelReader.app */;
			productType = "com.apple.product-type.application";
		};
		DEA7E1551F496BAB0002C148 /* NovelReaderTests */ = {
			isa = PBXNativeTarget;
			buildConfigurationList = DEA7E16D1F496BAB0002C148 /* Build configuration list for PBXNativeTarget "NovelReaderTests" */;
			buildPhases = (
				DEA7E1521F496BAB0002C148 /* Sources */,
				DEA7E1531F496BAB0002C148 /* Frameworks */,
				DEA7E1541F496BAB0002C148 /* Resources */,
			);
			buildRules = (
			);
			dependencies = (
				DEA7E1581F496BAB0002C148 /* PBXTargetDependency */,
			);
			name = NovelReaderTests;
			productName = NovelReaderTests;
			productReference = DEA7E1561F496BAB0002C148 /* NovelReaderTests.xctest */;
			productType = "com.apple.product-type.bundle.unit-test";
		};
		DEA7E1601F496BAB0002C148 /* NovelReaderUITests */ = {
			isa = PBXNativeTarget;
			buildConfigurationList = DEA7E1701F496BAB0002C148 /* Build configuration list for PBXNativeTarget "NovelReaderUITests" */;
			buildPhases = (
				DEA7E15D1F496BAB0002C148 /* Sources */,
				DEA7E15E1F496BAB0002C148 /* Frameworks */,
				DEA7E15F1F496BAB0002C148 /* Resources */,
			);
			buildRules = (
			);
			dependencies = (
				DEA7E1631F496BAB0002C148 /* PBXTargetDependency */,
			);
			name = NovelReaderUITests;
			productName = NovelReaderUITests;
			productReference = DEA7E1611F496BAB0002C148 /* NovelReaderUITests.xctest */;
			productType = "com.apple.product-type.bundle.ui-testing";
		};
/* End PBXNativeTarget section */

/* Begin PBXProject section */
		DEA7E1381F496BAB0002C148 /* Project object */ = {
			isa = PBXProject;
			attributes = {
				LastSwiftUpdateCheck = 0830;
				LastUpgradeCheck = 0930;
				ORGANIZATIONNAME = "Praveen Prabhakar";
				TargetAttributes = {
					DE81824B2084F8F6001316E5 = {
						CreatedOnToolsVersion = 9.3;
						ProvisioningStyle = Automatic;
					};
					DEA7E13F1F496BAB0002C148 = {
						CreatedOnToolsVersion = 8.3.2;
						LastSwiftMigration = 0900;
						ProvisioningStyle = Automatic;
					};
					DEA7E1551F496BAB0002C148 = {
						CreatedOnToolsVersion = 8.3.2;
						DevelopmentTeam = W6W48SVQX7;
						LastSwiftMigration = 0900;
						ProvisioningStyle = Automatic;
						TestTargetID = DEA7E13F1F496BAB0002C148;
					};
					DEA7E1601F496BAB0002C148 = {
						CreatedOnToolsVersion = 8.3.2;
						DevelopmentTeam = W6W48SVQX7;
						LastSwiftMigration = 0900;
						ProvisioningStyle = Automatic;
						TestTargetID = DEA7E13F1F496BAB0002C148;
					};
				};
			};
			buildConfigurationList = DEA7E13B1F496BAB0002C148 /* Build configuration list for PBXProject "NovelReader" */;
			compatibilityVersion = "Xcode 3.2";
			developmentRegion = English;
			hasScannedForEncodings = 0;
			knownRegions = (
				en,
				Base,
			);
			mainGroup = DEA7E1371F496BAB0002C148;
			productRefGroup = DEA7E1411F496BAB0002C148 /* Products */;
			projectDirPath = "";
			projectReferences = (
				{
					ProductGroup = DEA45C95205513CF008FA401 /* Products */;
					ProjectRef = DEA45C94205513CF008FA401 /* FTCoreUtility.xcodeproj */;
				},
				{
					ProductGroup = DEA45CA0205513E3008FA401 /* Products */;
					ProjectRef = DEA45C9F205513E3008FA401 /* FTMobileCore.xcodeproj */;
				},
				{
					ProductGroup = DEA45CAA205513E7008FA401 /* Products */;
					ProjectRef = DEA45CA9205513E7008FA401 /* FTMobileCoreUI.xcodeproj */;
				},
			);
			projectRoot = "";
			targets = (
				DEA7E13F1F496BAB0002C148 /* NovelReader */,
				DE23237720551287004F1480 /* NovelReaderDemo */,
				DEA7E1551F496BAB0002C148 /* NovelReaderTests */,
				DEA7E1601F496BAB0002C148 /* NovelReaderUITests */,
				DE81824B2084F8F6001316E5 /* FTNovelReaderMockBundle */,
			);
		};
/* End PBXProject section */

/* Begin PBXReferenceProxy section */
		DEA45C9A205513CF008FA401 /* FTCoreUtility.framework */ = {
			isa = PBXReferenceProxy;
			fileType = wrapper.framework;
			path = FTCoreUtility.framework;
			remoteRef = DEA45C99205513CF008FA401 /* PBXContainerItemProxy */;
			sourceTree = BUILT_PRODUCTS_DIR;
		};
		DEA45C9C205513CF008FA401 /* FTCoreUtilityTests.xctest */ = {
			isa = PBXReferenceProxy;
			fileType = wrapper.cfbundle;
			path = FTCoreUtilityTests.xctest;
			remoteRef = DEA45C9B205513CF008FA401 /* PBXContainerItemProxy */;
			sourceTree = BUILT_PRODUCTS_DIR;
		};
		DEA45CA6205513E3008FA401 /* FTMobileCore.framework */ = {
			isa = PBXReferenceProxy;
			fileType = wrapper.framework;
			path = FTMobileCore.framework;
			remoteRef = DEA45CA5205513E3008FA401 /* PBXContainerItemProxy */;
			sourceTree = BUILT_PRODUCTS_DIR;
		};
		DEA45CA8205513E3008FA401 /* FTMobileCoreTests.xctest */ = {
			isa = PBXReferenceProxy;
			fileType = wrapper.cfbundle;
			path = FTMobileCoreTests.xctest;
			remoteRef = DEA45CA7205513E3008FA401 /* PBXContainerItemProxy */;
			sourceTree = BUILT_PRODUCTS_DIR;
		};
		DEA45CB0205513E7008FA401 /* FTMobileCoreUI.framework */ = {
			isa = PBXReferenceProxy;
			fileType = wrapper.framework;
			path = FTMobileCoreUI.framework;
			remoteRef = DEA45CAF205513E7008FA401 /* PBXContainerItemProxy */;
			sourceTree = BUILT_PRODUCTS_DIR;
		};
		DEA45CB2205513E7008FA401 /* FTMobileCoreUITests.xctest */ = {
			isa = PBXReferenceProxy;
			fileType = wrapper.cfbundle;
			path = FTMobileCoreUITests.xctest;
			remoteRef = DEA45CB1205513E7008FA401 /* PBXContainerItemProxy */;
			sourceTree = BUILT_PRODUCTS_DIR;
		};
/* End PBXReferenceProxy section */

/* Begin PBXResourcesBuildPhase section */
		DE23238E20551287004F1480 /* Resources */ = {
			isa = PBXResourcesBuildPhase;
			buildActionMask = 2147483647;
			files = (
				DE8182542084F912001316E5 /* FTNovelReaderMockBundle.bundle in Resources */,
				DE23239320551287004F1480 /* LaunchScreen.storyboard in Resources */,
				DEBC6543209764790057F649 /* NRNovelDescriptionView.xib in Resources */,
				DEAD3423205826660064C46A /* Bindings in Resources */,
				DEBC654B209764790057F649 /* NRNovelTableViewCell.xib in Resources */,
				DEDC0A302068BCC80013D84F /* NovelServiceRules.plist in Resources */,
				DEBC653B209764790057F649 /* NRRecentNovelCollectionViewCell.xib in Resources */,
				DEBC6551209764790057F649 /* SearchStoryboard.storyboard in Resources */,
				DEBC6533209764790057F649 /* NovelReader.storyboard in Resources */,
				DE19ADD0217F864500F58321 /* NRSelectionCollectionViewCell.xib in Resources */,
				DEAD34202058263C0064C46A /* Themes.json in Resources */,
				DEE935142094CDA000B10398 /* Assets.xcassets in Resources */,
				DEBC6539209764790057F649 /* NRNovelCollectionViewCell.xib in Resources */,
				DEBC65152097601A0057F649 /* Main.storyboard in Resources */,
			);
			runOnlyForDeploymentPostprocessing = 0;
		};
		DE81824A2084F8F6001316E5 /* Resources */ = {
			isa = PBXResourcesBuildPhase;
			buildActionMask = 2147483647;
			files = (
				DEA13C94217CBF5500C572E1 /* searchFilter.json in Resources */,
				DE19ADCA217F80C400F58321 /* fetchNovelChapters.json in Resources */,
				DE28567C20946CC2003153C6 /* fetchNovelList.json in Resources */,
				DE19ADC9217F80C400F58321 /* fetchChapter.json in Resources */,
				DE8182592085020A001316E5 /* fetchRecentUpdatesList.json in Resources */,
			);
			runOnlyForDeploymentPostprocessing = 0;
		};
		DEA7E13E1F496BAB0002C148 /* Resources */ = {
			isa = PBXResourcesBuildPhase;
			buildActionMask = 2147483647;
			files = (
				DEA7E1501F496BAB0002C148 /* LaunchScreen.storyboard in Resources */,
				DEBC6538209764790057F649 /* NRNovelCollectionViewCell.xib in Resources */,
				DE19ADCF217F864500F58321 /* NRSelectionCollectionViewCell.xib in Resources */,
				DEE935132094CDA000B10398 /* Assets.xcassets in Resources */,
				DEBC654A209764790057F649 /* NRNovelTableViewCell.xib in Resources */,
				DEAD3422205826660064C46A /* Bindings in Resources */,
				DEBC6550209764790057F649 /* SearchStoryboard.storyboard in Resources */,
				DEDC0A2F2068BCC80013D84F /* NovelServiceRules.plist in Resources */,
				DEBC653A209764790057F649 /* NRRecentNovelCollectionViewCell.xib in Resources */,
				DEBC6542209764790057F649 /* NRNovelDescriptionView.xib in Resources */,
				DEBC65142097601A0057F649 /* Main.storyboard in Resources */,
				DEBC6532209764790057F649 /* NovelReader.storyboard in Resources */,
				DEAD341F2058263C0064C46A /* Themes.json in Resources */,
			);
			runOnlyForDeploymentPostprocessing = 0;
		};
		DEA7E1541F496BAB0002C148 /* Resources */ = {
			isa = PBXResourcesBuildPhase;
			buildActionMask = 2147483647;
			files = (
			);
			runOnlyForDeploymentPostprocessing = 0;
		};
		DEA7E15F1F496BAB0002C148 /* Resources */ = {
			isa = PBXResourcesBuildPhase;
			buildActionMask = 2147483647;
			files = (
			);
			runOnlyForDeploymentPostprocessing = 0;
		};
/* End PBXResourcesBuildPhase section */

/* Begin PBXShellScriptBuildPhase section */
		0A101EE8EA3C68CDD6F39DB8 /* [CP] Check Pods Manifest.lock */ = {
			isa = PBXShellScriptBuildPhase;
			buildActionMask = 2147483647;
			files = (
			);
			inputPaths = (
				"${PODS_PODFILE_DIR_PATH}/Podfile.lock",
				"${PODS_ROOT}/Manifest.lock",
			);
			name = "[CP] Check Pods Manifest.lock";
			outputPaths = (
				"$(DERIVED_FILE_DIR)/Pods-NovelReader-checkManifestLockResult.txt",
			);
			runOnlyForDeploymentPostprocessing = 0;
			shellPath = /bin/sh;
			shellScript = "diff \"${PODS_PODFILE_DIR_PATH}/Podfile.lock\" \"${PODS_ROOT}/Manifest.lock\" > /dev/null\nif [ $? != 0 ] ; then\n    # print error to STDERR\n    echo \"error: The sandbox is not in sync with the Podfile.lock. Run 'pod install' or update your CocoaPods installation.\" >&2\n    exit 1\nfi\n# This output is used by Xcode 'outputs' to avoid re-running this script phase.\necho \"SUCCESS\" > \"${SCRIPT_OUTPUT_FILE_0}\"\n";
			showEnvVarsInLog = 0;
		};
		1E0241702F80F4887ED17F93 /* [CP] Copy Pods Resources */ = {
			isa = PBXShellScriptBuildPhase;
			buildActionMask = 2147483647;
			files = (
			);
			inputPaths = (
				"${SRCROOT}/Pods/Target Support Files/Pods-NovelReaderDemo/Pods-NovelReaderDemo-resources.sh",
				"${PODS_ROOT}/GoogleSignIn/Resources/GoogleSignIn.bundle",
			);
			name = "[CP] Copy Pods Resources";
			outputPaths = (
				"${TARGET_BUILD_DIR}/${UNLOCALIZED_RESOURCES_FOLDER_PATH}/GoogleSignIn.bundle",
			);
			runOnlyForDeploymentPostprocessing = 0;
			shellPath = /bin/sh;
			shellScript = "\"${SRCROOT}/Pods/Target Support Files/Pods-NovelReaderDemo/Pods-NovelReaderDemo-resources.sh\"\n";
			showEnvVarsInLog = 0;
		};
		3B40B5E9049E6B5CB415DFEB /* [CP] Copy Pods Resources */ = {
			isa = PBXShellScriptBuildPhase;
			buildActionMask = 2147483647;
			files = (
			);
			inputPaths = (
				"${SRCROOT}/Pods/Target Support Files/Pods-NovelReader/Pods-NovelReader-resources.sh",
				"${PODS_ROOT}/GoogleSignIn/Resources/GoogleSignIn.bundle",
			);
			name = "[CP] Copy Pods Resources";
			outputPaths = (
				"${TARGET_BUILD_DIR}/${UNLOCALIZED_RESOURCES_FOLDER_PATH}/GoogleSignIn.bundle",
			);
			runOnlyForDeploymentPostprocessing = 0;
			shellPath = /bin/sh;
			shellScript = "\"${SRCROOT}/Pods/Target Support Files/Pods-NovelReader/Pods-NovelReader-resources.sh\"\n";
			showEnvVarsInLog = 0;
		};
		5226665313E4689E4DAE9BC8 /* [CP] Embed Pods Frameworks */ = {
			isa = PBXShellScriptBuildPhase;
			buildActionMask = 2147483647;
			files = (
			);
			inputPaths = (
				"${SRCROOT}/Pods/Target Support Files/Pods-NovelReader/Pods-NovelReader-frameworks.sh",
				"${BUILT_PRODUCTS_DIR}/GTMOAuth2/GTMOAuth2.framework",
				"${BUILT_PRODUCTS_DIR}/GTMSessionFetcher/GTMSessionFetcher.framework",
				"${BUILT_PRODUCTS_DIR}/GoogleToolboxForMac/GoogleToolboxForMac.framework",
			);
			name = "[CP] Embed Pods Frameworks";
			outputPaths = (
				"${TARGET_BUILD_DIR}/${FRAMEWORKS_FOLDER_PATH}/GTMOAuth2.framework",
				"${TARGET_BUILD_DIR}/${FRAMEWORKS_FOLDER_PATH}/GTMSessionFetcher.framework",
				"${TARGET_BUILD_DIR}/${FRAMEWORKS_FOLDER_PATH}/GoogleToolboxForMac.framework",
			);
			runOnlyForDeploymentPostprocessing = 0;
			shellPath = /bin/sh;
			shellScript = "\"${SRCROOT}/Pods/Target Support Files/Pods-NovelReader/Pods-NovelReader-frameworks.sh\"\n";
			showEnvVarsInLog = 0;
		};
		810E16F089087BE60285965A /* [CP] Check Pods Manifest.lock */ = {
			isa = PBXShellScriptBuildPhase;
			buildActionMask = 2147483647;
			files = (
			);
			inputPaths = (
				"${PODS_PODFILE_DIR_PATH}/Podfile.lock",
				"${PODS_ROOT}/Manifest.lock",
			);
			name = "[CP] Check Pods Manifest.lock";
			outputPaths = (
				"$(DERIVED_FILE_DIR)/Pods-NovelReaderDemo-checkManifestLockResult.txt",
			);
			runOnlyForDeploymentPostprocessing = 0;
			shellPath = /bin/sh;
			shellScript = "diff \"${PODS_PODFILE_DIR_PATH}/Podfile.lock\" \"${PODS_ROOT}/Manifest.lock\" > /dev/null\nif [ $? != 0 ] ; then\n    # print error to STDERR\n    echo \"error: The sandbox is not in sync with the Podfile.lock. Run 'pod install' or update your CocoaPods installation.\" >&2\n    exit 1\nfi\n# This output is used by Xcode 'outputs' to avoid re-running this script phase.\necho \"SUCCESS\" > \"${SCRIPT_OUTPUT_FILE_0}\"\n";
			showEnvVarsInLog = 0;
		};
		E83B24A414A425C09676EC88 /* [CP] Embed Pods Frameworks */ = {
			isa = PBXShellScriptBuildPhase;
			buildActionMask = 2147483647;
			files = (
			);
			inputPaths = (
				"${SRCROOT}/Pods/Target Support Files/Pods-NovelReaderDemo/Pods-NovelReaderDemo-frameworks.sh",
				"${BUILT_PRODUCTS_DIR}/GTMOAuth2/GTMOAuth2.framework",
				"${BUILT_PRODUCTS_DIR}/GTMSessionFetcher/GTMSessionFetcher.framework",
				"${BUILT_PRODUCTS_DIR}/GoogleToolboxForMac/GoogleToolboxForMac.framework",
			);
			name = "[CP] Embed Pods Frameworks";
			outputPaths = (
				"${TARGET_BUILD_DIR}/${FRAMEWORKS_FOLDER_PATH}/GTMOAuth2.framework",
				"${TARGET_BUILD_DIR}/${FRAMEWORKS_FOLDER_PATH}/GTMSessionFetcher.framework",
				"${TARGET_BUILD_DIR}/${FRAMEWORKS_FOLDER_PATH}/GoogleToolboxForMac.framework",
			);
			runOnlyForDeploymentPostprocessing = 0;
			shellPath = /bin/sh;
			shellScript = "\"${SRCROOT}/Pods/Target Support Files/Pods-NovelReaderDemo/Pods-NovelReaderDemo-frameworks.sh\"\n";
			showEnvVarsInLog = 0;
		};
/* End PBXShellScriptBuildPhase section */

/* Begin PBXSourcesBuildPhase section */
		DE23237820551287004F1480 /* Sources */ = {
			isa = PBXSourcesBuildPhase;
			buildActionMask = 2147483647;
			files = (
				DEBC650F20970E1E0057F649 /* NRGoogleAuth.swift in Sources */,
				DEDE27212069522300E4C992 /* NRRules_fetchNovelList.swift in Sources */,
				DE23237920551287004F1480 /* NRServiceProvider.swift in Sources */,
				DEBC650720970CB50057F649 /* NRBaseViewController+Utility.swift in Sources */,
				DEBC6545209764790057F649 /* NRNovelTableViewCell.swift in Sources */,
				DE383485217266C000DD4B27 /* NRSearchFilterModel.swift in Sources */,
				DE23237B20551287004F1480 /* NRBaseTableViewController.swift in Sources */,
				DEE9351720959E1D00B10398 /* NRService_fetchChapter.swift in Sources */,
				DE23237D20551287004F1480 /* NRTabBarController.swift in Sources */,
				DED799FC217DB27C0021116A /* NRBaseScrollViewController.swift in Sources */,
				DE23237E20551287004F1480 /* AppDelegate.swift in Sources */,
				DE818247208356BA001316E5 /* NRService_fetchRecentUpdatesList.swift in Sources */,
				DEBC654F209764790057F649 /* NRNovelChapterViewController.swift in Sources */,
				DE383486217267AA00DD4B27 /* NRSearchFilterViewController.swift in Sources */,
				DE4EBE672067B6F5008AC70B /* NRService_fetchNovelList.swift in Sources */,
				DE38347C2172547300DD4B27 /* NRSegmentCollectionHeaderView.swift in Sources */,
				DE23238220551287004F1480 /* NRBaseViewController.swift in Sources */,
				DE23238620551287004F1480 /* NRAppManager.swift in Sources */,
				DE84280B20558FE8006605C0 /* NRNovel.swift in Sources */,
				DEBC6535209764790057F649 /* NRReaderViewController.swift in Sources */,
				DEBC65562097661F0057F649 /* NRSearchCollectionViewController.swift in Sources */,
				DEBC6537209764790057F649 /* NRNovelCollectionViewController.swift in Sources */,
				DEF8D594206783B6001AFEC2 /* NRNovels.swift in Sources */,
				DE3834792172543A00DD4B27 /* NRSearchBarHeaderView.swift in Sources */,
				DED79A01217DD6740021116A /* NRSearchFilterViewModel.swift in Sources */,
				DE84280D20558FE8006605C0 /* NRNovelChapter.swift in Sources */,
				DEF2411D215E6DE400F7B0C6 /* NRConstants.swift in Sources */,
				DE3834822172666C00DD4B27 /* NRService_searchFilter.swift in Sources */,
				DE0173C121614957007F5546 /* NRBaseCollectionViewController.swift in Sources */,
				DEBC6547209764790057F649 /* NRNovelCollectionViewCell.swift in Sources */,
				DE38347D217257CC00DD4B27 /* NRNovelCollectionViewModel.swift in Sources */,
				DE19ADCD217F837800F58321 /* NRSelectionCollectionViewCell.swift in Sources */,
				DEBC654D209764790057F649 /* NRRecentNovelCollectionViewCell.swift in Sources */,
				DE5082362167D28100F3B26F /* NRService_searchNovel.swift in Sources */,
				DE23238820551287004F1480 /* NRBaseView.swift in Sources */,
				DEFB28342171FF2B00B0E06B /* NRSearchModel.swift in Sources */,
				DE23238920551287004F1480 /* NRServiceConstants.swift in Sources */,
				DEF76491208341DD00E6F614 /* NRService_fetchNovelChapters.swift in Sources */,
				DEBC6541209764790057F649 /* NRNovelDescriptionView.swift in Sources */,
				DEFB28372171FFBD00B0E06B /* NRSearchCollectionViewModel.swift in Sources */,
				DEDE27232069522300E4C992 /* NRRules_defaults.swift in Sources */,
			);
			runOnlyForDeploymentPostprocessing = 0;
		};
		DE8182482084F8F6001316E5 /* Sources */ = {
			isa = PBXSourcesBuildPhase;
			buildActionMask = 2147483647;
			files = (
			);
			runOnlyForDeploymentPostprocessing = 0;
		};
		DEA7E13C1F496BAB0002C148 /* Sources */ = {
			isa = PBXSourcesBuildPhase;
			buildActionMask = 2147483647;
			files = (
				DE4FAC9B21635B18006EF94B /* NRNovelCollectionViewModel.swift in Sources */,
				DEBC650E20970E1E0057F649 /* NRGoogleAuth.swift in Sources */,
				DEDE27202069522300E4C992 /* NRRules_fetchNovelList.swift in Sources */,
				DEA7E1B11F4996A90002C148 /* NRServiceProvider.swift in Sources */,
				DEBC650620970CB50057F649 /* NRBaseViewController+Utility.swift in Sources */,
				DEBC6544209764790057F649 /* NRNovelTableViewCell.swift in Sources */,
				DEA7E1AE1F4992030002C148 /* NRBaseTableViewController.swift in Sources */,
				DEE9351620959E1D00B10398 /* NRService_fetchChapter.swift in Sources */,
				DEA7E1A41F497B5D0002C148 /* NRTabBarController.swift in Sources */,
				DED799F8217DB2290021116A /* NRBaseScrollViewController.swift in Sources */,
				DEA7E1441F496BAB0002C148 /* AppDelegate.swift in Sources */,
				DE818246208356BA001316E5 /* NRService_fetchRecentUpdatesList.swift in Sources */,
				DEBC654E209764790057F649 /* NRNovelChapterViewController.swift in Sources */,
				DE4EBE662067B6F5008AC70B /* NRService_fetchNovelList.swift in Sources */,
				DEA7E1A31F497B5D0002C148 /* NRBaseViewController.swift in Sources */,
				DEA7E1B71F49A67F0002C148 /* NRAppManager.swift in Sources */,
				DE84280A20558FE8006605C0 /* NRNovel.swift in Sources */,
				DEBC6534209764790057F649 /* NRReaderViewController.swift in Sources */,
				DEBC65552097661F0057F649 /* NRSearchCollectionViewController.swift in Sources */,
				DEBC6536209764790057F649 /* NRNovelCollectionViewController.swift in Sources */,
				DEF8D593206783B5001AFEC2 /* NRNovels.swift in Sources */,
				DE84280C20558FE8006605C0 /* NRNovelChapter.swift in Sources */,
				DE383484217266C000DD4B27 /* NRSearchFilterModel.swift in Sources */,
				DEFB28302171FEBB00B0E06B /* NRSearchModel.swift in Sources */,
				DED79A00217DD6740021116A /* NRSearchFilterViewModel.swift in Sources */,
				DE38347B2172545300DD4B27 /* NRSegmentCollectionHeaderView.swift in Sources */,
				DEF2411C215E6DE400F7B0C6 /* NRConstants.swift in Sources */,
				DEFB28362171FF6C00B0E06B /* NRSearchCollectionViewModel.swift in Sources */,
				DE0173BD216148B7007F5546 /* NRBaseCollectionViewController.swift in Sources */,
				DEBC6546209764790057F649 /* NRNovelCollectionViewCell.swift in Sources */,
				DEBC654C209764790057F649 /* NRRecentNovelCollectionViewCell.swift in Sources */,
				DE19ADCC217F837800F58321 /* NRSelectionCollectionViewCell.swift in Sources */,
				DE5082322167D21400F3B26F /* NRService_searchNovel.swift in Sources */,
				DEA7E1A61F497B6C0002C148 /* NRBaseView.swift in Sources */,
				DE5A775D204AB8D5008B19ED /* NRServiceConstants.swift in Sources */,
				DEF76490208341DD00E6F614 /* NRService_fetchNovelChapters.swift in Sources */,
				DE3834812172666C00DD4B27 /* NRService_searchFilter.swift in Sources */,
				DE38347F217265A000DD4B27 /* NRSearchFilterViewController.swift in Sources */,
				DE383478217253B100DD4B27 /* NRSearchBarHeaderView.swift in Sources */,
				DEBC6540209764790057F649 /* NRNovelDescriptionView.swift in Sources */,
				DEDE27222069522300E4C992 /* NRRules_defaults.swift in Sources */,
			);
			runOnlyForDeploymentPostprocessing = 0;
		};
		DEA7E1521F496BAB0002C148 /* Sources */ = {
			isa = PBXSourcesBuildPhase;
			buildActionMask = 2147483647;
			files = (
				DEA7E15B1F496BAB0002C148 /* NovelReaderTests.swift in Sources */,
			);
			runOnlyForDeploymentPostprocessing = 0;
		};
		DEA7E15D1F496BAB0002C148 /* Sources */ = {
			isa = PBXSourcesBuildPhase;
			buildActionMask = 2147483647;
			files = (
				DEA7E1661F496BAB0002C148 /* NovelReaderUITests.swift in Sources */,
			);
			runOnlyForDeploymentPostprocessing = 0;
		};
/* End PBXSourcesBuildPhase section */

/* Begin PBXTargetDependency section */
		DE81825C20850375001316E5 /* PBXTargetDependency */ = {
			isa = PBXTargetDependency;
			target = DE81824B2084F8F6001316E5 /* FTNovelReaderMockBundle */;
			targetProxy = DE81825B20850375001316E5 /* PBXContainerItemProxy */;
		};
		DEA45C9E205513DE008FA401 /* PBXTargetDependency */ = {
			isa = PBXTargetDependency;
			name = FTCoreUtility;
			targetProxy = DEA45C9D205513DE008FA401 /* PBXContainerItemProxy */;
		};
		DEA45CB4205513ED008FA401 /* PBXTargetDependency */ = {
			isa = PBXTargetDependency;
			name = FTMobileCore;
			targetProxy = DEA45CB3205513ED008FA401 /* PBXContainerItemProxy */;
		};
		DEA45CB6205513F0008FA401 /* PBXTargetDependency */ = {
			isa = PBXTargetDependency;
			name = FTMobileCoreUI;
			targetProxy = DEA45CB5205513F0008FA401 /* PBXContainerItemProxy */;
		};
		DEA7E1581F496BAB0002C148 /* PBXTargetDependency */ = {
			isa = PBXTargetDependency;
			target = DEA7E13F1F496BAB0002C148 /* NovelReader */;
			targetProxy = DEA7E1571F496BAB0002C148 /* PBXContainerItemProxy */;
		};
		DEA7E1631F496BAB0002C148 /* PBXTargetDependency */ = {
			isa = PBXTargetDependency;
			target = DEA7E13F1F496BAB0002C148 /* NovelReader */;
			targetProxy = DEA7E1621F496BAB0002C148 /* PBXContainerItemProxy */;
		};
/* End PBXTargetDependency section */

/* Begin PBXVariantGroup section */
		DEA7E14E1F496BAB0002C148 /* LaunchScreen.storyboard */ = {
			isa = PBXVariantGroup;
			children = (
				DEA7E14F1F496BAB0002C148 /* Base */,
			);
			name = LaunchScreen.storyboard;
			sourceTree = "<group>";
		};
/* End PBXVariantGroup section */

/* Begin XCBuildConfiguration section */
		DE2323A020551287004F1480 /* Debug */ = {
			isa = XCBuildConfiguration;
			baseConfigurationReference = 097F0E9BB63395D857FC2973 /* Pods-NovelReaderDemo.debug.xcconfig */;
			buildSettings = {
				ASSETCATALOG_COMPILER_APPICON_NAME = AppIcon;
				CLANG_ENABLE_MODULES = YES;
				CODE_SIGN_IDENTITY = "";
				CURRENT_PROJECT_VERSION = 1.0;
				DEVELOPMENT_TEAM = "";
				FRAMEWORK_SEARCH_PATHS = "$(inherited)";
				HEADER_SEARCH_PATHS = "$(SDKROOT)/usr/include/libxml2";
				INFOPLIST_FILE = "$(SRCROOT)/NovelReader/Resources/plist/Info.plist";
				LD_RUNPATH_SEARCH_PATHS = "$(inherited) @executable_path/Frameworks";
				OTHER_LDFLAGS = "$(inherited)";
				PRODUCT_BUNDLE_IDENTIFIER = com.ft.NovelReader;
				PRODUCT_NAME = "$(TARGET_NAME)";
				SWIFT_OBJC_BRIDGING_HEADER = "NovelReader/NovelReader-Bridging-Header.h";
				SWIFT_OPTIMIZATION_LEVEL = "-Onone";
				SWIFT_SWIFT3_OBJC_INFERENCE = Default;
				SWIFT_VERSION = 4.2;
				TARGETED_DEVICE_FAMILY = "1,2";
				VERSIONING_SYSTEM = "apple-generic";
			};
			name = Debug;
		};
		DE2323A120551287004F1480 /* Release */ = {
			isa = XCBuildConfiguration;
			baseConfigurationReference = A38A0428150D994F048C60EF /* Pods-NovelReaderDemo.release.xcconfig */;
			buildSettings = {
				ASSETCATALOG_COMPILER_APPICON_NAME = AppIcon;
				CLANG_ENABLE_MODULES = YES;
				CODE_SIGN_IDENTITY = "";
				CURRENT_PROJECT_VERSION = 1.0;
				DEVELOPMENT_TEAM = "";
				FRAMEWORK_SEARCH_PATHS = "$(inherited)";
				HEADER_SEARCH_PATHS = "$(SDKROOT)/usr/include/libxml2";
				INFOPLIST_FILE = "$(SRCROOT)/NovelReader/Resources/plist/Info.plist";
				LD_RUNPATH_SEARCH_PATHS = "$(inherited) @executable_path/Frameworks";
				OTHER_LDFLAGS = "$(inherited)";
				PRODUCT_BUNDLE_IDENTIFIER = com.ft.NovelReader;
				PRODUCT_NAME = "$(TARGET_NAME)";
				SWIFT_OBJC_BRIDGING_HEADER = "NovelReader/NovelReader-Bridging-Header.h";
				SWIFT_SWIFT3_OBJC_INFERENCE = Default;
				SWIFT_VERSION = 4.2;
				TARGETED_DEVICE_FAMILY = "1,2";
				VERSIONING_SYSTEM = "apple-generic";
			};
			name = Release;
		};
		DE8182502084F8F6001316E5 /* Debug */ = {
			isa = XCBuildConfiguration;
			buildSettings = {
				CLANG_CXX_LANGUAGE_STANDARD = "gnu++14";
				CLANG_ENABLE_OBJC_WEAK = YES;
				CLANG_WARN_UNGUARDED_AVAILABILITY = YES_AGGRESSIVE;
				CODE_SIGN_IDENTITY = "";
				CODE_SIGN_STYLE = Automatic;
				COMBINE_HIDPI_IMAGES = YES;
				DEVELOPMENT_TEAM = "";
				GCC_C_LANGUAGE_STANDARD = gnu11;
				INFOPLIST_FILE = FTNovelReaderMockBundle/Info.plist;
				INSTALL_PATH = "$(LOCAL_LIBRARY_DIR)/Bundles";
				ONLY_ACTIVE_ARCH = NO;
				PRODUCT_BUNDLE_IDENTIFIER = com.ft.FTNovelReaderMockBundle;
				PRODUCT_NAME = "$(TARGET_NAME)";
				PROVISIONING_PROFILE_SPECIFIER = "";
				SDKROOT = iphoneos;
				SKIP_INSTALL = YES;
				VALID_ARCHS = "arm64 armv7 armv7s";
				WRAPPER_EXTENSION = bundle;
			};
			name = Debug;
		};
		DE8182512084F8F6001316E5 /* Release */ = {
			isa = XCBuildConfiguration;
			buildSettings = {
				CLANG_CXX_LANGUAGE_STANDARD = "gnu++14";
				CLANG_ENABLE_OBJC_WEAK = YES;
				CLANG_WARN_UNGUARDED_AVAILABILITY = YES_AGGRESSIVE;
				CODE_SIGN_IDENTITY = "";
				CODE_SIGN_STYLE = Automatic;
				COMBINE_HIDPI_IMAGES = YES;
				DEVELOPMENT_TEAM = "";
				GCC_C_LANGUAGE_STANDARD = gnu11;
				INFOPLIST_FILE = FTNovelReaderMockBundle/Info.plist;
				INSTALL_PATH = "$(LOCAL_LIBRARY_DIR)/Bundles";
				ONLY_ACTIVE_ARCH = NO;
				PRODUCT_BUNDLE_IDENTIFIER = com.ft.FTNovelReaderMockBundle;
				PRODUCT_NAME = "$(TARGET_NAME)";
				PROVISIONING_PROFILE_SPECIFIER = "";
				SDKROOT = iphoneos;
				SKIP_INSTALL = YES;
				VALID_ARCHS = "arm64 armv7 armv7s";
				WRAPPER_EXTENSION = bundle;
			};
			name = Release;
		};
		DEA7E1681F496BAB0002C148 /* Debug */ = {
			isa = XCBuildConfiguration;
			buildSettings = {
				ALWAYS_SEARCH_USER_PATHS = NO;
				CLANG_ANALYZER_NONNULL = YES;
				CLANG_ANALYZER_NUMBER_OBJECT_CONVERSION = YES_AGGRESSIVE;
				CLANG_CXX_LANGUAGE_STANDARD = "gnu++0x";
				CLANG_CXX_LIBRARY = "libc++";
				CLANG_ENABLE_MODULES = YES;
				CLANG_ENABLE_OBJC_ARC = YES;
				CLANG_WARN_BLOCK_CAPTURE_AUTORELEASING = YES;
				CLANG_WARN_BOOL_CONVERSION = YES;
				CLANG_WARN_COMMA = YES;
				CLANG_WARN_CONSTANT_CONVERSION = YES;
				CLANG_WARN_DEPRECATED_OBJC_IMPLEMENTATIONS = YES;
				CLANG_WARN_DIRECT_OBJC_ISA_USAGE = YES_ERROR;
				CLANG_WARN_DOCUMENTATION_COMMENTS = YES;
				CLANG_WARN_EMPTY_BODY = YES;
				CLANG_WARN_ENUM_CONVERSION = YES;
				CLANG_WARN_INFINITE_RECURSION = YES;
				CLANG_WARN_INT_CONVERSION = YES;
				CLANG_WARN_NON_LITERAL_NULL_CONVERSION = YES;
				CLANG_WARN_OBJC_IMPLICIT_RETAIN_SELF = YES;
				CLANG_WARN_OBJC_LITERAL_CONVERSION = YES;
				CLANG_WARN_OBJC_ROOT_CLASS = YES_ERROR;
				CLANG_WARN_RANGE_LOOP_ANALYSIS = YES;
				CLANG_WARN_STRICT_PROTOTYPES = YES;
				CLANG_WARN_SUSPICIOUS_MOVE = YES;
				CLANG_WARN_UNREACHABLE_CODE = YES;
				CLANG_WARN__DUPLICATE_METHOD_MATCH = YES;
				"CODE_SIGN_IDENTITY[sdk=iphoneos*]" = "iPhone Developer";
				COPY_PHASE_STRIP = NO;
				DEBUG_INFORMATION_FORMAT = dwarf;
				ENABLE_STRICT_OBJC_MSGSEND = YES;
				ENABLE_TESTABILITY = YES;
				FRAMEWORK_SEARCH_PATHS = "$(PROJECT_DIR)/Frameworks";
				GCC_C_LANGUAGE_STANDARD = gnu99;
				GCC_DYNAMIC_NO_PIC = NO;
				GCC_NO_COMMON_BLOCKS = YES;
				GCC_OPTIMIZATION_LEVEL = 0;
				GCC_PREPROCESSOR_DEFINITIONS = (
					"DEBUG=1",
					"$(inherited)",
				);
				GCC_TREAT_WARNINGS_AS_ERRORS = NO;
				GCC_WARN_64_TO_32_BIT_CONVERSION = YES;
				GCC_WARN_ABOUT_RETURN_TYPE = YES_ERROR;
				GCC_WARN_SHADOW = YES;
				GCC_WARN_UNDECLARED_SELECTOR = YES;
				GCC_WARN_UNINITIALIZED_AUTOS = YES_AGGRESSIVE;
				GCC_WARN_UNUSED_FUNCTION = YES;
				GCC_WARN_UNUSED_VARIABLE = YES;
				IPHONEOS_DEPLOYMENT_TARGET = 9.0;
				MTL_ENABLE_DEBUG_INFO = YES;
				ONLY_ACTIVE_ARCH = YES;
				OTHER_LDFLAGS = "$(inherited)";
				SDKROOT = iphoneos;
				SWIFT_ACTIVE_COMPILATION_CONDITIONS = DEBUG;
				SWIFT_OPTIMIZATION_LEVEL = "-Onone";
				SWIFT_VERSION = 4.0;
				TARGETED_DEVICE_FAMILY = "1,2";
			};
			name = Debug;
		};
		DEA7E1691F496BAB0002C148 /* Release */ = {
			isa = XCBuildConfiguration;
			buildSettings = {
				ALWAYS_SEARCH_USER_PATHS = NO;
				CLANG_ANALYZER_NONNULL = YES;
				CLANG_ANALYZER_NUMBER_OBJECT_CONVERSION = YES_AGGRESSIVE;
				CLANG_CXX_LANGUAGE_STANDARD = "gnu++0x";
				CLANG_CXX_LIBRARY = "libc++";
				CLANG_ENABLE_MODULES = YES;
				CLANG_ENABLE_OBJC_ARC = YES;
				CLANG_WARN_BLOCK_CAPTURE_AUTORELEASING = YES;
				CLANG_WARN_BOOL_CONVERSION = YES;
				CLANG_WARN_COMMA = YES;
				CLANG_WARN_CONSTANT_CONVERSION = YES;
				CLANG_WARN_DEPRECATED_OBJC_IMPLEMENTATIONS = YES;
				CLANG_WARN_DIRECT_OBJC_ISA_USAGE = YES_ERROR;
				CLANG_WARN_DOCUMENTATION_COMMENTS = YES;
				CLANG_WARN_EMPTY_BODY = YES;
				CLANG_WARN_ENUM_CONVERSION = YES;
				CLANG_WARN_INFINITE_RECURSION = YES;
				CLANG_WARN_INT_CONVERSION = YES;
				CLANG_WARN_NON_LITERAL_NULL_CONVERSION = YES;
				CLANG_WARN_OBJC_IMPLICIT_RETAIN_SELF = YES;
				CLANG_WARN_OBJC_LITERAL_CONVERSION = YES;
				CLANG_WARN_OBJC_ROOT_CLASS = YES_ERROR;
				CLANG_WARN_RANGE_LOOP_ANALYSIS = YES;
				CLANG_WARN_STRICT_PROTOTYPES = YES;
				CLANG_WARN_SUSPICIOUS_MOVE = YES;
				CLANG_WARN_UNREACHABLE_CODE = YES;
				CLANG_WARN__DUPLICATE_METHOD_MATCH = YES;
				"CODE_SIGN_IDENTITY[sdk=iphoneos*]" = "iPhone Developer";
				COPY_PHASE_STRIP = NO;
				DEBUG_INFORMATION_FORMAT = "dwarf-with-dsym";
				ENABLE_NS_ASSERTIONS = NO;
				ENABLE_STRICT_OBJC_MSGSEND = YES;
				FRAMEWORK_SEARCH_PATHS = "$(PROJECT_DIR)/Frameworks";
				GCC_C_LANGUAGE_STANDARD = gnu99;
				GCC_NO_COMMON_BLOCKS = YES;
				GCC_TREAT_WARNINGS_AS_ERRORS = NO;
				GCC_WARN_64_TO_32_BIT_CONVERSION = YES;
				GCC_WARN_ABOUT_RETURN_TYPE = YES_ERROR;
				GCC_WARN_SHADOW = YES;
				GCC_WARN_UNDECLARED_SELECTOR = YES;
				GCC_WARN_UNINITIALIZED_AUTOS = YES_AGGRESSIVE;
				GCC_WARN_UNUSED_FUNCTION = YES;
				GCC_WARN_UNUSED_VARIABLE = YES;
				IPHONEOS_DEPLOYMENT_TARGET = 9.0;
				MTL_ENABLE_DEBUG_INFO = NO;
				OTHER_LDFLAGS = "$(inherited)";
				SDKROOT = iphoneos;
				SWIFT_OPTIMIZATION_LEVEL = "-Owholemodule";
				SWIFT_VERSION = 4.0;
				TARGETED_DEVICE_FAMILY = "1,2";
				VALIDATE_PRODUCT = YES;
			};
			name = Release;
		};
		DEA7E16B1F496BAB0002C148 /* Debug */ = {
			isa = XCBuildConfiguration;
			baseConfigurationReference = 0C1CF0563A222DF277798964 /* Pods-NovelReader.debug.xcconfig */;
			buildSettings = {
				ASSETCATALOG_COMPILER_APPICON_NAME = AppIcon;
				CLANG_ENABLE_MODULES = YES;
				CODE_SIGN_IDENTITY = "";
				DEVELOPMENT_TEAM = "";
				FRAMEWORK_SEARCH_PATHS = "$(inherited)";
				HEADER_SEARCH_PATHS = "$(SDKROOT)/usr/include/libxml2";
				INFOPLIST_FILE = "$(SRCROOT)/NovelReader/Resources/plist/Info.plist";
				IPHONEOS_DEPLOYMENT_TARGET = 9.0;
				LD_RUNPATH_SEARCH_PATHS = "$(inherited) @executable_path/Frameworks";
				OTHER_LDFLAGS = "$(inherited)";
				PRODUCT_BUNDLE_IDENTIFIER = com.ft.NovelReader;
				PRODUCT_NAME = "$(TARGET_NAME)";
				SWIFT_OBJC_BRIDGING_HEADER = "NovelReader/NovelReader-Bridging-Header.h";
				SWIFT_OPTIMIZATION_LEVEL = "-Onone";
				SWIFT_SWIFT3_OBJC_INFERENCE = Off;
				SWIFT_VERSION = 4.2;
				VALID_ARCHS = "arm64 armv7 armv7s";
			};
			name = Debug;
		};
		DEA7E16C1F496BAB0002C148 /* Release */ = {
			isa = XCBuildConfiguration;
			baseConfigurationReference = E79CFA97A43C0FF6EC2DF089 /* Pods-NovelReader.release.xcconfig */;
			buildSettings = {
				ASSETCATALOG_COMPILER_APPICON_NAME = AppIcon;
				CLANG_ENABLE_MODULES = YES;
				CODE_SIGN_IDENTITY = "";
				"CODE_SIGN_IDENTITY[sdk=iphoneos*]" = "";
				DEVELOPMENT_TEAM = "";
				FRAMEWORK_SEARCH_PATHS = "$(inherited)";
				HEADER_SEARCH_PATHS = "$(SDKROOT)/usr/include/libxml2";
				INFOPLIST_FILE = "$(SRCROOT)/NovelReader/Resources/plist/Info.plist";
				IPHONEOS_DEPLOYMENT_TARGET = 9.0;
				LD_RUNPATH_SEARCH_PATHS = "$(inherited) @executable_path/Frameworks";
				OTHER_LDFLAGS = "$(inherited)";
				PRODUCT_BUNDLE_IDENTIFIER = com.ft.NovelReader;
				PRODUCT_NAME = "$(TARGET_NAME)";
				SWIFT_OBJC_BRIDGING_HEADER = "NovelReader/NovelReader-Bridging-Header.h";
				SWIFT_SWIFT3_OBJC_INFERENCE = Off;
				SWIFT_VERSION = 4.2;
				VALID_ARCHS = "arm64 armv7 armv7s";
			};
			name = Release;
		};
		DEA7E16E1F496BAB0002C148 /* Debug */ = {
			isa = XCBuildConfiguration;
			buildSettings = {
				ALWAYS_EMBED_SWIFT_STANDARD_LIBRARIES = YES;
				BUNDLE_LOADER = "$(TEST_HOST)";
				DEVELOPMENT_TEAM = W6W48SVQX7;
				INFOPLIST_FILE = NovelReaderTests/Info.plist;
				LD_RUNPATH_SEARCH_PATHS = "$(inherited) @executable_path/Frameworks @loader_path/Frameworks";
				PRODUCT_BUNDLE_IDENTIFIER = com.ft.NovelReaderTests;
				PRODUCT_NAME = "$(TARGET_NAME)";
				SWIFT_SWIFT3_OBJC_INFERENCE = On;
				SWIFT_VERSION = 4.0;
				TEST_HOST = "$(BUILT_PRODUCTS_DIR)/NovelReader.app/NovelReader";
			};
			name = Debug;
		};
		DEA7E16F1F496BAB0002C148 /* Release */ = {
			isa = XCBuildConfiguration;
			buildSettings = {
				ALWAYS_EMBED_SWIFT_STANDARD_LIBRARIES = YES;
				BUNDLE_LOADER = "$(TEST_HOST)";
				DEVELOPMENT_TEAM = W6W48SVQX7;
				INFOPLIST_FILE = NovelReaderTests/Info.plist;
				LD_RUNPATH_SEARCH_PATHS = "$(inherited) @executable_path/Frameworks @loader_path/Frameworks";
				PRODUCT_BUNDLE_IDENTIFIER = com.ft.NovelReaderTests;
				PRODUCT_NAME = "$(TARGET_NAME)";
				SWIFT_SWIFT3_OBJC_INFERENCE = On;
				SWIFT_VERSION = 4.0;
				TEST_HOST = "$(BUILT_PRODUCTS_DIR)/NovelReader.app/NovelReader";
			};
			name = Release;
		};
		DEA7E1711F496BAB0002C148 /* Debug */ = {
			isa = XCBuildConfiguration;
			buildSettings = {
				ALWAYS_EMBED_SWIFT_STANDARD_LIBRARIES = YES;
				DEVELOPMENT_TEAM = W6W48SVQX7;
				INFOPLIST_FILE = NovelReaderUITests/Info.plist;
				LD_RUNPATH_SEARCH_PATHS = "$(inherited) @executable_path/Frameworks @loader_path/Frameworks";
				PRODUCT_BUNDLE_IDENTIFIER = com.ft.NovelReaderUITests;
				PRODUCT_NAME = "$(TARGET_NAME)";
				SWIFT_SWIFT3_OBJC_INFERENCE = On;
				SWIFT_VERSION = 4.0;
				TEST_TARGET_NAME = NovelReader;
			};
			name = Debug;
		};
		DEA7E1721F496BAB0002C148 /* Release */ = {
			isa = XCBuildConfiguration;
			buildSettings = {
				ALWAYS_EMBED_SWIFT_STANDARD_LIBRARIES = YES;
				DEVELOPMENT_TEAM = W6W48SVQX7;
				INFOPLIST_FILE = NovelReaderUITests/Info.plist;
				LD_RUNPATH_SEARCH_PATHS = "$(inherited) @executable_path/Frameworks @loader_path/Frameworks";
				PRODUCT_BUNDLE_IDENTIFIER = com.ft.NovelReaderUITests;
				PRODUCT_NAME = "$(TARGET_NAME)";
				SWIFT_SWIFT3_OBJC_INFERENCE = On;
				SWIFT_VERSION = 4.0;
				TEST_TARGET_NAME = NovelReader;
			};
			name = Release;
		};
/* End XCBuildConfiguration section */

/* Begin XCConfigurationList section */
		DE23239F20551287004F1480 /* Build configuration list for PBXNativeTarget "NovelReaderDemo" */ = {
			isa = XCConfigurationList;
			buildConfigurations = (
				DE2323A020551287004F1480 /* Debug */,
				DE2323A120551287004F1480 /* Release */,
			);
			defaultConfigurationIsVisible = 0;
			defaultConfigurationName = Release;
		};
		DE81824F2084F8F6001316E5 /* Build configuration list for PBXNativeTarget "FTNovelReaderMockBundle" */ = {
			isa = XCConfigurationList;
			buildConfigurations = (
				DE8182502084F8F6001316E5 /* Debug */,
				DE8182512084F8F6001316E5 /* Release */,
			);
			defaultConfigurationIsVisible = 0;
			defaultConfigurationName = Release;
		};
		DEA7E13B1F496BAB0002C148 /* Build configuration list for PBXProject "NovelReader" */ = {
			isa = XCConfigurationList;
			buildConfigurations = (
				DEA7E1681F496BAB0002C148 /* Debug */,
				DEA7E1691F496BAB0002C148 /* Release */,
			);
			defaultConfigurationIsVisible = 0;
			defaultConfigurationName = Release;
		};
		DEA7E16A1F496BAB0002C148 /* Build configuration list for PBXNativeTarget "NovelReader" */ = {
			isa = XCConfigurationList;
			buildConfigurations = (
				DEA7E16B1F496BAB0002C148 /* Debug */,
				DEA7E16C1F496BAB0002C148 /* Release */,
			);
			defaultConfigurationIsVisible = 0;
			defaultConfigurationName = Release;
		};
		DEA7E16D1F496BAB0002C148 /* Build configuration list for PBXNativeTarget "NovelReaderTests" */ = {
			isa = XCConfigurationList;
			buildConfigurations = (
				DEA7E16E1F496BAB0002C148 /* Debug */,
				DEA7E16F1F496BAB0002C148 /* Release */,
			);
			defaultConfigurationIsVisible = 0;
			defaultConfigurationName = Release;
		};
		DEA7E1701F496BAB0002C148 /* Build configuration list for PBXNativeTarget "NovelReaderUITests" */ = {
			isa = XCConfigurationList;
			buildConfigurations = (
				DEA7E1711F496BAB0002C148 /* Debug */,
				DEA7E1721F496BAB0002C148 /* Release */,
			);
			defaultConfigurationIsVisible = 0;
			defaultConfigurationName = Release;
		};
/* End XCConfigurationList section */
	};
	rootObject = DEA7E1381F496BAB0002C148 /* Project object */;
}
